PODS:
  - GRDB.swift (2.10.0)
  - MMDrawerController (0.6.0):
    - MMDrawerController/Core (= 0.6.0)
    - MMDrawerController/MMDrawerBarButtonItem (= 0.6.0)
    - MMDrawerController/MMDrawerVisualStates (= 0.6.0)
    - MMDrawerController/Subclass (= 0.6.0)
  - MMDrawerController/Core (0.6.0)
  - MMDrawerController/MMDrawerBarButtonItem (0.6.0):
    - MMDrawerController/Core
  - MMDrawerController/MMDrawerVisualStates (0.6.0):
    - MMDrawerController/Core
  - MMDrawerController/Subclass (0.6.0):
    - MMDrawerController/Core
  - ObjcExceptionBridging (1.0.1):
    - ObjcExceptionBridging/ObjcExceptionBridging (= 1.0.1)
  - ObjcExceptionBridging/ObjcExceptionBridging (1.0.1)
  - SSZipArchive (2.0.8)
  - XCGLogger (6.0.4):
    - XCGLogger/Core (= 6.0.4)
  - XCGLogger/Core (6.0.4):
    - ObjcExceptionBridging
  - Yams (1.0.1)

DEPENDENCIES:
  - GRDB.swift (= 2.10.0)
  - MMDrawerController (~> 0.6.0)
  - SSZipArchive (~> 2.0.3)
  - XCGLogger (~> 6.0.4)
  - Yams (~> 1.0.0)

SPEC REPOS:
  trunk:
    - GRDB.swift
    - MMDrawerController
    - ObjcExceptionBridging
    - SSZipArchive
    - XCGLogger
    - Yams

SPEC CHECKSUMS:
  GRDB.swift: 9859cab1b990eac62ee550d3d2208ec1b44f76af
  MMDrawerController: e3a54a5570388463ad3b36975251575b50c4e1a0
  ObjcExceptionBridging: c30e00eb3700467e695faeea30e26e18bd445001
  SSZipArchive: e6ab66e1936fac7e3b5073e9f5eb364d91dfbfc7
  XCGLogger: 4fc1bc0bdd5828cb8dc8da7a843536cda1bea8f3
  Yams: 572f625a8b719b73e0b57fd313c680f3e2161fe9

PODFILE CHECKSUM: f16afd028272b56b20fbc244943f68ada66c1f02

COCOAPODS: 1.10.1
