PODS:
  - GRDB.swift (3.2.0)
  - MMDrawerController (0.5.7):
    - MMDrawerController/Core (= 0.5.7)
    - MMDrawerController/MMDrawerBarButtonItem (= 0.5.7)
    - MMDrawerController/MMDrawerVisualStates (= 0.5.7)
    - MMDrawerController/Subclass (= 0.5.7)
  - MMDrawerController/Core (0.5.7)
  - MMDrawerController/MMDrawerBarButtonItem (0.5.7):
    - MMDrawerController/Core
  - MMDrawerController/MMDrawerVisualStates (0.5.7):
    - MMDrawerController/Core
  - MMDrawerController/Subclass (0.5.7):
    - MMDrawerController/Core
  - ObjcExceptionBridging (1.0.1):
    - ObjcExceptionBridging/ObjcExceptionBridging (= 1.0.1)
  - ObjcExceptionBridging/ObjcExceptionBridging (1.0.1)
  - SSZipArchive (2.0.7)
  - XCGLogger (6.0.4):
    - XCGLogger/Core (= 6.0.4)
  - XCGLogger/Core (6.0.4):
    - ObjcExceptionBridging
  - Yams (0.3.6)

DEPENDENCIES:
  - GRDB.swift (= 3.2.0)
  - MMDrawerController (~> 0.5.7)
  - SSZipArchive (~> 2.0.3)
  - XCGLogger (~> 6.0.4)
  - Yams (~> 0.3.5)

SPEC REPOS:
  https://github.com/cocoapods/specs.git:
    - GRDB.swift
    - MMDrawerController
    - ObjcExceptionBridging
    - SSZipArchive
    - XCGLogger
    - Yams

SPEC CHECKSUMS:
  GRDB.swift: c5bb04b25a9931fec937920e913787e45f96124f
  MMDrawerController: 7a4cf8e25596bf2434e03ce50d22a8608ddee6a1
  ObjcExceptionBridging: c30e00eb3700467e695faeea30e26e18bd445001
  SSZipArchive: 8c197761d66bd33e7f8b5b51ee57dff303971150
  XCGLogger: 4fc1bc0bdd5828cb8dc8da7a843536cda1bea8f3
  Yams: 33b90105277731bc2035a309a718b51fb655005c

PODFILE CHECKSUM: 8215f2a8009920e30bad4c126b886fd439d80a0b

COCOAPODS: 1.5.3
