// !$*UTF8*$!
{
	archiveVersion = 1;
	classes = {
	};
	objectVersion = 46;
	objects = {

/* Begin PBXBuildFile section */
		636164C41F43418000B7DE28 /* Area.swift in Sources */ = {isa = PBXBuildFile; fileRef = 636164C31F43418000B7DE28 /* Area.swift */; };
		63AF214A1F47276900DD2973 /* ZipArchive.framework in Frameworks */ = {isa = PBXBuildFile; fileRef = 63AF21491F47276900DD2973 /* ZipArchive.framework */; };
		63AF214B1F4727C600DD2973 /* ZipArchive.framework in Embed Frameworks */ = {isa = PBXBuildFile; fileRef = 63AF21491F47276900DD2973 /* ZipArchive.framework */; settings = {ATTRIBUTES = (CodeSignOnCopy, RemoveHeadersOnCopy, ); }; };
		63D1810B1F3C5B29004A2036 /* AppDelegate.swift in Sources */ = {isa = PBXBuildFile; fileRef = 63D1810A1F3C5B29004A2036 /* AppDelegate.swift */; };
		63D1810D1F3C5B29004A2036 /* ViewController.swift in Sources */ = {isa = PBXBuildFile; fileRef = 63D1810C1F3C5B29004A2036 /* ViewController.swift */; };
		63D181101F3C5B29004A2036 /* Main.storyboard in Resources */ = {isa = PBXBuildFile; fileRef = 63D1810E1F3C5B29004A2036 /* Main.storyboard */; };
		63D181121F3C5B29004A2036 /* Assets.xcassets in Resources */ = {isa = PBXBuildFile; fileRef = 63D181111F3C5B29004A2036 /* Assets.xcassets */; };
		63D181151F3C5B29004A2036 /* LaunchScreen.storyboard in Resources */ = {isa = PBXBuildFile; fileRef = 63D181131F3C5B29004A2036 /* LaunchScreen.storyboard */; };
		63D181201F3C5B29004A2036 /* HistoriaAppTests.swift in Sources */ = {isa = PBXBuildFile; fileRef = 63D1811F1F3C5B29004A2036 /* HistoriaAppTests.swift */; };
		63D1812B1F3C6CF5004A2036 /* FileService.swift in Sources */ = {isa = PBXBuildFile; fileRef = 63D1812A1F3C6CF5004A2036 /* FileService.swift */; };
		63D1812E1F3C74B4004A2036 /* libz.tbd in Frameworks */ = {isa = PBXBuildFile; fileRef = 63D1812D1F3C74B4004A2036 /* libz.tbd */; };
		63F8C70E1F41E26300691559 /* Page.swift in Sources */ = {isa = PBXBuildFile; fileRef = 63F8C70D1F41E26300691559 /* Page.swift */; };
		63F8C7161F41E56300691559 /* Mediaitem.swift in Sources */ = {isa = PBXBuildFile; fileRef = 63F8C7151F41E56300691559 /* Mediaitem.swift */; };
		63F8C71B1F41E90400691559 /* Place.swift in Sources */ = {isa = PBXBuildFile; fileRef = 63F8C71A1F41E90400691559 /* Place.swift */; };
		63F8C71E1F41EB9600691559 /* Tour.swift in Sources */ = {isa = PBXBuildFile; fileRef = 63F8C71D1F41EB9600691559 /* Tour.swift */; };
		63F8C7221F41F23C00691559 /* ServerResponseReader.swift in Sources */ = {isa = PBXBuildFile; fileRef = 63F8C7211F41F23C00691559 /* ServerResponseReader.swift */; };
		63F8C7261F41F7CB00691559 /* Mapstop.swift in Sources */ = {isa = PBXBuildFile; fileRef = 63F8C7251F41F7CB00691559 /* Mapstop.swift */; };
		63FC6EB91F3E07A6000CB70D /* Yams.framework in Frameworks */ = {isa = PBXBuildFile; fileRef = 63FC6EAF1F3E0394000CB70D /* Yams.framework */; };
		63FC6EBA1F3E07A6000CB70D /* Yams.framework in Embed Frameworks */ = {isa = PBXBuildFile; fileRef = 63FC6EAF1F3E0394000CB70D /* Yams.framework */; settings = {ATTRIBUTES = (CodeSignOnCopy, RemoveHeadersOnCopy, ); }; };
/* End PBXBuildFile section */

/* Begin PBXContainerItemProxy section */
		63D1811C1F3C5B29004A2036 /* PBXContainerItemProxy */ = {
			isa = PBXContainerItemProxy;
			containerPortal = 63D180FF1F3C5B29004A2036 /* Project object */;
			proxyType = 1;
			remoteGlobalIDString = 63D181061F3C5B29004A2036;
			remoteInfo = HistoriaApp;
		};
/* End PBXContainerItemProxy section */

/* Begin PBXCopyFilesBuildPhase section */
		63FC6EBB1F3E07A6000CB70D /* Embed Frameworks */ = {
			isa = PBXCopyFilesBuildPhase;
			buildActionMask = 2147483647;
			dstPath = "";
			dstSubfolderSpec = 10;
			files = (
				63AF214B1F4727C600DD2973 /* ZipArchive.framework in Embed Frameworks */,
				63FC6EBA1F3E07A6000CB70D /* Yams.framework in Embed Frameworks */,
			);
			name = "Embed Frameworks";
			runOnlyForDeploymentPostprocessing = 0;
		};
/* End PBXCopyFilesBuildPhase section */

/* Begin PBXFileReference section */
		636164C31F43418000B7DE28 /* Area.swift */ = {isa = PBXFileReference; fileEncoding = 4; lastKnownFileType = sourcecode.swift; path = Area.swift; sourceTree = "<group>"; };
		63AF21491F47276900DD2973 /* ZipArchive.framework */ = {isa = PBXFileReference; lastKnownFileType = wrapper.framework; name = ZipArchive.framework; path = Carthage/Build/iOS/ZipArchive.framework; sourceTree = "<group>"; };
		63D181071F3C5B29004A2036 /* HistoriaApp.app */ = {isa = PBXFileReference; explicitFileType = wrapper.application; includeInIndex = 0; path = HistoriaApp.app; sourceTree = BUILT_PRODUCTS_DIR; };
		63D1810A1F3C5B29004A2036 /* AppDelegate.swift */ = {isa = PBXFileReference; lastKnownFileType = sourcecode.swift; path = AppDelegate.swift; sourceTree = "<group>"; };
		63D1810C1F3C5B29004A2036 /* ViewController.swift */ = {isa = PBXFileReference; lastKnownFileType = sourcecode.swift; path = ViewController.swift; sourceTree = "<group>"; };
		63D1810F1F3C5B29004A2036 /* Base */ = {isa = PBXFileReference; lastKnownFileType = file.storyboard; name = Base; path = Base.lproj/Main.storyboard; sourceTree = "<group>"; };
		63D181111F3C5B29004A2036 /* Assets.xcassets */ = {isa = PBXFileReference; lastKnownFileType = folder.assetcatalog; path = Assets.xcassets; sourceTree = "<group>"; };
		63D181141F3C5B29004A2036 /* Base */ = {isa = PBXFileReference; lastKnownFileType = file.storyboard; name = Base; path = Base.lproj/LaunchScreen.storyboard; sourceTree = "<group>"; };
		63D181161F3C5B29004A2036 /* Info.plist */ = {isa = PBXFileReference; lastKnownFileType = text.plist.xml; path = Info.plist; sourceTree = "<group>"; };
		63D1811B1F3C5B29004A2036 /* HistoriaAppTests.xctest */ = {isa = PBXFileReference; explicitFileType = wrapper.cfbundle; includeInIndex = 0; path = HistoriaAppTests.xctest; sourceTree = BUILT_PRODUCTS_DIR; };
		63D1811F1F3C5B29004A2036 /* HistoriaAppTests.swift */ = {isa = PBXFileReference; lastKnownFileType = sourcecode.swift; path = HistoriaAppTests.swift; sourceTree = "<group>"; };
		63D181211F3C5B29004A2036 /* Info.plist */ = {isa = PBXFileReference; lastKnownFileType = text.plist.xml; path = Info.plist; sourceTree = "<group>"; };
		63D1812A1F3C6CF5004A2036 /* FileService.swift */ = {isa = PBXFileReference; fileEncoding = 4; lastKnownFileType = sourcecode.swift; path = FileService.swift; sourceTree = "<group>"; };
		63D1812D1F3C74B4004A2036 /* libz.tbd */ = {isa = PBXFileReference; lastKnownFileType = "sourcecode.text-based-dylib-definition"; name = libz.tbd; path = usr/lib/libz.tbd; sourceTree = SDKROOT; };
		63D181FF1F3C909A004A2036 /* ObjectiveC-Bridge-Header.h */ = {isa = PBXFileReference; lastKnownFileType = sourcecode.c.h; path = "ObjectiveC-Bridge-Header.h"; sourceTree = "<group>"; };
		63F8C70D1F41E26300691559 /* Page.swift */ = {isa = PBXFileReference; fileEncoding = 4; lastKnownFileType = sourcecode.swift; path = Page.swift; sourceTree = "<group>"; };
		63F8C7151F41E56300691559 /* Mediaitem.swift */ = {isa = PBXFileReference; fileEncoding = 4; lastKnownFileType = sourcecode.swift; path = Mediaitem.swift; sourceTree = "<group>"; };
		63F8C71A1F41E90400691559 /* Place.swift */ = {isa = PBXFileReference; fileEncoding = 4; lastKnownFileType = sourcecode.swift; path = Place.swift; sourceTree = "<group>"; };
		63F8C71D1F41EB9600691559 /* Tour.swift */ = {isa = PBXFileReference; fileEncoding = 4; lastKnownFileType = sourcecode.swift; path = Tour.swift; sourceTree = "<group>"; };
		63F8C7211F41F23C00691559 /* ServerResponseReader.swift */ = {isa = PBXFileReference; fileEncoding = 4; lastKnownFileType = sourcecode.swift; path = ServerResponseReader.swift; sourceTree = "<group>"; };
		63F8C7251F41F7CB00691559 /* Mapstop.swift */ = {isa = PBXFileReference; fileEncoding = 4; lastKnownFileType = sourcecode.swift; path = Mapstop.swift; sourceTree = "<group>"; };
		63FC6EAF1F3E0394000CB70D /* Yams.framework */ = {isa = PBXFileReference; lastKnownFileType = wrapper.framework; name = Yams.framework; path = Carthage/Build/iOS/Yams.framework; sourceTree = "<group>"; };
		63FC6EB21F3E05CA000CB70D /* Yams */ = {isa = PBXFileReference; lastKnownFileType = "compiled.mach-o.dylib"; name = Yams; path = Carthage/Build/iOS/Yams.framework/Yams; sourceTree = "<group>"; };
/* End PBXFileReference section */

/* Begin PBXFrameworksBuildPhase section */
		63D181041F3C5B29004A2036 /* Frameworks */ = {
			isa = PBXFrameworksBuildPhase;
			buildActionMask = 2147483647;
			files = (
				63FC6EB91F3E07A6000CB70D /* Yams.framework in Frameworks */,
				63D1812E1F3C74B4004A2036 /* libz.tbd in Frameworks */,
				63AF214A1F47276900DD2973 /* ZipArchive.framework in Frameworks */,
			);
			runOnlyForDeploymentPostprocessing = 0;
		};
		63D181181F3C5B29004A2036 /* Frameworks */ = {
			isa = PBXFrameworksBuildPhase;
			buildActionMask = 2147483647;
			files = (
			);
			runOnlyForDeploymentPostprocessing = 0;
		};
/* End PBXFrameworksBuildPhase section */

/* Begin PBXGroup section */
		63D180FE1F3C5B29004A2036 = {
			isa = PBXGroup;
			children = (
				63D181091F3C5B29004A2036 /* HistoriaApp */,
				63D1811E1F3C5B29004A2036 /* HistoriaAppTests */,
				63D181081F3C5B29004A2036 /* Products */,
				63D1812C1F3C74B4004A2036 /* Frameworks */,
			);
			sourceTree = "<group>";
		};
		63D181081F3C5B29004A2036 /* Products */ = {
			isa = PBXGroup;
			children = (
				63D181071F3C5B29004A2036 /* HistoriaApp.app */,
				63D1811B1F3C5B29004A2036 /* HistoriaAppTests.xctest */,
			);
			name = Products;
			sourceTree = "<group>";
		};
		63D181091F3C5B29004A2036 /* HistoriaApp */ = {
			isa = PBXGroup;
			children = (
				63D1810A1F3C5B29004A2036 /* AppDelegate.swift */,
				63D1810C1F3C5B29004A2036 /* ViewController.swift */,
				63D1810E1F3C5B29004A2036 /* Main.storyboard */,
				63D181111F3C5B29004A2036 /* Assets.xcassets */,
				63D181131F3C5B29004A2036 /* LaunchScreen.storyboard */,
				63D181161F3C5B29004A2036 /* Info.plist */,
				63D181FF1F3C909A004A2036 /* ObjectiveC-Bridge-Header.h */,
				63F8C71C1F41EB6300691559 /* service */,
				63F8C7191F41E8C600691559 /* data */,
			);
			path = HistoriaApp;
			sourceTree = "<group>";
		};
		63D1811E1F3C5B29004A2036 /* HistoriaAppTests */ = {
			isa = PBXGroup;
			children = (
				63D1811F1F3C5B29004A2036 /* HistoriaAppTests.swift */,
				63D181211F3C5B29004A2036 /* Info.plist */,
			);
			path = HistoriaAppTests;
			sourceTree = "<group>";
		};
		63D1812C1F3C74B4004A2036 /* Frameworks */ = {
			isa = PBXGroup;
			children = (
				63AF21491F47276900DD2973 /* ZipArchive.framework */,
				63FC6EB21F3E05CA000CB70D /* Yams */,
				63FC6EAF1F3E0394000CB70D /* Yams.framework */,
				63D1812D1F3C74B4004A2036 /* libz.tbd */,
			);
			name = Frameworks;
			sourceTree = "<group>";
		};
		63F8C7191F41E8C600691559 /* data */ = {
			isa = PBXGroup;
			children = (
				63F8C70D1F41E26300691559 /* Page.swift */,
				63F8C7151F41E56300691559 /* Mediaitem.swift */,
				63F8C71A1F41E90400691559 /* Place.swift */,
				63F8C71D1F41EB9600691559 /* Tour.swift */,
				63F8C7251F41F7CB00691559 /* Mapstop.swift */,
				636164C31F43418000B7DE28 /* Area.swift */,
			);
			name = data;
			sourceTree = "<group>";
		};
		63F8C71C1F41EB6300691559 /* service */ = {
			isa = PBXGroup;
			children = (
				63D1812A1F3C6CF5004A2036 /* FileService.swift */,
				63F8C7211F41F23C00691559 /* ServerResponseReader.swift */,
			);
			name = service;
			sourceTree = "<group>";
		};
/* End PBXGroup section */

/* Begin PBXNativeTarget section */
		63D181061F3C5B29004A2036 /* HistoriaApp */ = {
			isa = PBXNativeTarget;
			buildConfigurationList = 63D181241F3C5B29004A2036 /* Build configuration list for PBXNativeTarget "HistoriaApp" */;
			buildPhases = (
				63D181031F3C5B29004A2036 /* Sources */,
				63D181041F3C5B29004A2036 /* Frameworks */,
				63D181051F3C5B29004A2036 /* Resources */,
				63FC6EAD1F3DF6A2000CB70D /* ShellScript */,
				63FC6EBB1F3E07A6000CB70D /* Embed Frameworks */,
			);
			buildRules = (
			);
			dependencies = (
			);
			name = HistoriaApp;
			productName = HistoriaApp;
			productReference = 63D181071F3C5B29004A2036 /* HistoriaApp.app */;
			productType = "com.apple.product-type.application";
		};
		63D1811A1F3C5B29004A2036 /* HistoriaAppTests */ = {
			isa = PBXNativeTarget;
			buildConfigurationList = 63D181271F3C5B29004A2036 /* Build configuration list for PBXNativeTarget "HistoriaAppTests" */;
			buildPhases = (
				63D181171F3C5B29004A2036 /* Sources */,
				63D181181F3C5B29004A2036 /* Frameworks */,
				63D181191F3C5B29004A2036 /* Resources */,
			);
			buildRules = (
			);
			dependencies = (
				63D1811D1F3C5B29004A2036 /* PBXTargetDependency */,
			);
			name = HistoriaAppTests;
			productName = HistoriaAppTests;
			productReference = 63D1811B1F3C5B29004A2036 /* HistoriaAppTests.xctest */;
			productType = "com.apple.product-type.bundle.unit-test";
		};
/* End PBXNativeTarget section */

/* Begin PBXProject section */
		63D180FF1F3C5B29004A2036 /* Project object */ = {
			isa = PBXProject;
			attributes = {
				LastSwiftUpdateCheck = 0820;
				LastUpgradeCheck = 0820;
				ORGANIZATIONNAME = David;
				TargetAttributes = {
					63D181061F3C5B29004A2036 = {
						CreatedOnToolsVersion = 8.2;
						DevelopmentTeam = 9B7QDZ2A48;
						ProvisioningStyle = Automatic;
					};
					63D1811A1F3C5B29004A2036 = {
						CreatedOnToolsVersion = 8.2;
						DevelopmentTeam = 9B7QDZ2A48;
						ProvisioningStyle = Automatic;
						TestTargetID = 63D181061F3C5B29004A2036;
					};
				};
			};
			buildConfigurationList = 63D181021F3C5B29004A2036 /* Build configuration list for PBXProject "HistoriaApp" */;
			compatibilityVersion = "Xcode 3.2";
			developmentRegion = English;
			hasScannedForEncodings = 0;
			knownRegions = (
				en,
				Base,
			);
			mainGroup = 63D180FE1F3C5B29004A2036;
			productRefGroup = 63D181081F3C5B29004A2036 /* Products */;
			projectDirPath = "";
			projectRoot = "";
			targets = (
				63D181061F3C5B29004A2036 /* HistoriaApp */,
				63D1811A1F3C5B29004A2036 /* HistoriaAppTests */,
			);
		};
/* End PBXProject section */

/* Begin PBXResourcesBuildPhase section */
		63D181051F3C5B29004A2036 /* Resources */ = {
			isa = PBXResourcesBuildPhase;
			buildActionMask = 2147483647;
			files = (
				63D181151F3C5B29004A2036 /* LaunchScreen.storyboard in Resources */,
				63D181121F3C5B29004A2036 /* Assets.xcassets in Resources */,
				63D181101F3C5B29004A2036 /* Main.storyboard in Resources */,
			);
			runOnlyForDeploymentPostprocessing = 0;
		};
		63D181191F3C5B29004A2036 /* Resources */ = {
			isa = PBXResourcesBuildPhase;
			buildActionMask = 2147483647;
			files = (
			);
			runOnlyForDeploymentPostprocessing = 0;
		};
/* End PBXResourcesBuildPhase section */

/* Begin PBXShellScriptBuildPhase section */
		63FC6EAD1F3DF6A2000CB70D /* ShellScript */ = {
			isa = PBXShellScriptBuildPhase;
			buildActionMask = 2147483647;
			files = (
			);
			inputPaths = (
				"$(SRCROOT)/Carthage/Build/iOS/Yams.framework",
				"$(SRCROOT)/Carthage/Build/iOS/ZipArchive.framework",
			);
			outputPaths = (
				"",
			);
			runOnlyForDeploymentPostprocessing = 0;
			shellPath = /bin/sh;
			shellScript = "/usr/local/bin/carthage copy-frameworks";
		};
/* End PBXShellScriptBuildPhase section */

/* Begin PBXSourcesBuildPhase section */
		63D181031F3C5B29004A2036 /* Sources */ = {
			isa = PBXSourcesBuildPhase;
			buildActionMask = 2147483647;
			files = (
				63F8C7161F41E56300691559 /* Mediaitem.swift in Sources */,
				63F8C70E1F41E26300691559 /* Page.swift in Sources */,
				63F8C71E1F41EB9600691559 /* Tour.swift in Sources */,
				63D1810D1F3C5B29004A2036 /* ViewController.swift in Sources */,
				63F8C7261F41F7CB00691559 /* Mapstop.swift in Sources */,
				63D1810B1F3C5B29004A2036 /* AppDelegate.swift in Sources */,
				63F8C71B1F41E90400691559 /* Place.swift in Sources */,
				636164C41F43418000B7DE28 /* Area.swift in Sources */,
				63F8C7221F41F23C00691559 /* ServerResponseReader.swift in Sources */,
				63D1812B1F3C6CF5004A2036 /* FileService.swift in Sources */,
			);
			runOnlyForDeploymentPostprocessing = 0;
		};
		63D181171F3C5B29004A2036 /* Sources */ = {
			isa = PBXSourcesBuildPhase;
			buildActionMask = 2147483647;
			files = (
				63D181201F3C5B29004A2036 /* HistoriaAppTests.swift in Sources */,
			);
			runOnlyForDeploymentPostprocessing = 0;
		};
/* End PBXSourcesBuildPhase section */

/* Begin PBXTargetDependency section */
		63D1811D1F3C5B29004A2036 /* PBXTargetDependency */ = {
			isa = PBXTargetDependency;
			target = 63D181061F3C5B29004A2036 /* HistoriaApp */;
			targetProxy = 63D1811C1F3C5B29004A2036 /* PBXContainerItemProxy */;
		};
/* End PBXTargetDependency section */

/* Begin PBXVariantGroup section */
		63D1810E1F3C5B29004A2036 /* Main.storyboard */ = {
			isa = PBXVariantGroup;
			children = (
				63D1810F1F3C5B29004A2036 /* Base */,
			);
			name = Main.storyboard;
			sourceTree = "<group>";
		};
		63D181131F3C5B29004A2036 /* LaunchScreen.storyboard */ = {
			isa = PBXVariantGroup;
			children = (
				63D181141F3C5B29004A2036 /* Base */,
			);
			name = LaunchScreen.storyboard;
			sourceTree = "<group>";
		};
/* End PBXVariantGroup section */

/* Begin XCBuildConfiguration section */
		63D181221F3C5B29004A2036 /* Debug */ = {
			isa = XCBuildConfiguration;
			buildSettings = {
				ALWAYS_SEARCH_USER_PATHS = NO;
				CLANG_ANALYZER_NONNULL = YES;
				CLANG_CXX_LANGUAGE_STANDARD = "gnu++0x";
				CLANG_CXX_LIBRARY = "libc++";
				CLANG_ENABLE_MODULES = YES;
				CLANG_ENABLE_OBJC_ARC = YES;
				CLANG_WARN_BOOL_CONVERSION = YES;
				CLANG_WARN_CONSTANT_CONVERSION = YES;
				CLANG_WARN_DIRECT_OBJC_ISA_USAGE = YES_ERROR;
				CLANG_WARN_DOCUMENTATION_COMMENTS = YES;
				CLANG_WARN_EMPTY_BODY = YES;
				CLANG_WARN_ENUM_CONVERSION = YES;
				CLANG_WARN_INFINITE_RECURSION = YES;
				CLANG_WARN_INT_CONVERSION = YES;
				CLANG_WARN_OBJC_ROOT_CLASS = YES_ERROR;
				CLANG_WARN_SUSPICIOUS_MOVE = YES;
				CLANG_WARN_UNREACHABLE_CODE = YES;
				CLANG_WARN__DUPLICATE_METHOD_MATCH = YES;
				"CODE_SIGN_IDENTITY[sdk=iphoneos*]" = "iPhone Developer";
				COPY_PHASE_STRIP = NO;
				DEBUG_INFORMATION_FORMAT = dwarf;
				ENABLE_STRICT_OBJC_MSGSEND = YES;
				ENABLE_TESTABILITY = YES;
				GCC_C_LANGUAGE_STANDARD = gnu99;
				GCC_DYNAMIC_NO_PIC = NO;
				GCC_NO_COMMON_BLOCKS = YES;
				GCC_OPTIMIZATION_LEVEL = 0;
				GCC_PREPROCESSOR_DEFINITIONS = (
					"DEBUG=1",
					"$(inherited)",
				);
				GCC_WARN_64_TO_32_BIT_CONVERSION = YES;
				GCC_WARN_ABOUT_RETURN_TYPE = YES_ERROR;
				GCC_WARN_UNDECLARED_SELECTOR = YES;
				GCC_WARN_UNINITIALIZED_AUTOS = YES_AGGRESSIVE;
				GCC_WARN_UNUSED_FUNCTION = YES;
				GCC_WARN_UNUSED_VARIABLE = YES;
				IPHONEOS_DEPLOYMENT_TARGET = 10.2;
				MTL_ENABLE_DEBUG_INFO = YES;
				ONLY_ACTIVE_ARCH = YES;
				SDKROOT = iphoneos;
				SWIFT_ACTIVE_COMPILATION_CONDITIONS = DEBUG;
				SWIFT_OPTIMIZATION_LEVEL = "-Onone";
				TARGETED_DEVICE_FAMILY = "1,2";
			};
			name = Debug;
		};
		63D181231F3C5B29004A2036 /* Release */ = {
			isa = XCBuildConfiguration;
			buildSettings = {
				ALWAYS_SEARCH_USER_PATHS = NO;
				CLANG_ANALYZER_NONNULL = YES;
				CLANG_CXX_LANGUAGE_STANDARD = "gnu++0x";
				CLANG_CXX_LIBRARY = "libc++";
				CLANG_ENABLE_MODULES = YES;
				CLANG_ENABLE_OBJC_ARC = YES;
				CLANG_WARN_BOOL_CONVERSION = YES;
				CLANG_WARN_CONSTANT_CONVERSION = YES;
				CLANG_WARN_DIRECT_OBJC_ISA_USAGE = YES_ERROR;
				CLANG_WARN_DOCUMENTATION_COMMENTS = YES;
				CLANG_WARN_EMPTY_BODY = YES;
				CLANG_WARN_ENUM_CONVERSION = YES;
				CLANG_WARN_INFINITE_RECURSION = YES;
				CLANG_WARN_INT_CONVERSION = YES;
				CLANG_WARN_OBJC_ROOT_CLASS = YES_ERROR;
				CLANG_WARN_SUSPICIOUS_MOVE = YES;
				CLANG_WARN_UNREACHABLE_CODE = YES;
				CLANG_WARN__DUPLICATE_METHOD_MATCH = YES;
				"CODE_SIGN_IDENTITY[sdk=iphoneos*]" = "iPhone Developer";
				COPY_PHASE_STRIP = NO;
				DEBUG_INFORMATION_FORMAT = "dwarf-with-dsym";
				ENABLE_NS_ASSERTIONS = NO;
				ENABLE_STRICT_OBJC_MSGSEND = YES;
				GCC_C_LANGUAGE_STANDARD = gnu99;
				GCC_NO_COMMON_BLOCKS = YES;
				GCC_WARN_64_TO_32_BIT_CONVERSION = YES;
				GCC_WARN_ABOUT_RETURN_TYPE = YES_ERROR;
				GCC_WARN_UNDECLARED_SELECTOR = YES;
				GCC_WARN_UNINITIALIZED_AUTOS = YES_AGGRESSIVE;
				GCC_WARN_UNUSED_FUNCTION = YES;
				GCC_WARN_UNUSED_VARIABLE = YES;
				IPHONEOS_DEPLOYMENT_TARGET = 10.2;
				MTL_ENABLE_DEBUG_INFO = NO;
				SDKROOT = iphoneos;
				SWIFT_OPTIMIZATION_LEVEL = "-Owholemodule";
				TARGETED_DEVICE_FAMILY = "1,2";
				VALIDATE_PRODUCT = YES;
			};
			name = Release;
		};
		63D181251F3C5B29004A2036 /* Debug */ = {
			isa = XCBuildConfiguration;
			buildSettings = {
				ASSETCATALOG_COMPILER_APPICON_NAME = AppIcon;
				DEVELOPMENT_TEAM = 9B7QDZ2A48;
				FRAMEWORK_SEARCH_PATHS = (
					"$(inherited)",
					"$(PROJECT_DIR)/Carthage/Build/iOS",
				);
				INFOPLIST_FILE = HistoriaApp/Info.plist;
				LD_RUNPATH_SEARCH_PATHS = "$(inherited) @executable_path/Frameworks";
				LIBRARY_SEARCH_PATHS = (
					"$(inherited)",
					"$(PROJECT_DIR)/Carthage/Build/iOS/Yams.framework",
				);
				PRODUCT_BUNDLE_IDENTIFIER = "de.historia-app.HistoriaApp";
				PRODUCT_NAME = "$(TARGET_NAME)";
				SWIFT_OBJC_BRIDGING_HEADER = "HistoriaApp/ObjectiveC-Bridge-Header.h";
				SWIFT_VERSION = 3.0;
			};
			name = Debug;
		};
		63D181261F3C5B29004A2036 /* Release */ = {
			isa = XCBuildConfiguration;
			buildSettings = {
				ASSETCATALOG_COMPILER_APPICON_NAME = AppIcon;
				DEVELOPMENT_TEAM = 9B7QDZ2A48;
				FRAMEWORK_SEARCH_PATHS = (
					"$(inherited)",
					"$(PROJECT_DIR)/Carthage/Build/iOS",
				);
				INFOPLIST_FILE = HistoriaApp/Info.plist;
				LD_RUNPATH_SEARCH_PATHS = "$(inherited) @executable_path/Frameworks";
				LIBRARY_SEARCH_PATHS = (
					"$(inherited)",
					"$(PROJECT_DIR)/Carthage/Build/iOS/Yams.framework",
				);
				PRODUCT_BUNDLE_IDENTIFIER = "de.historia-app.HistoriaApp";
				PRODUCT_NAME = "$(TARGET_NAME)";
				SWIFT_OBJC_BRIDGING_HEADER = "HistoriaApp/ObjectiveC-Bridge-Header.h";
				SWIFT_VERSION = 3.0;
			};
			name = Release;
		};
		63D181281F3C5B29004A2036 /* Debug */ = {
			isa = XCBuildConfiguration;
			buildSettings = {
				ALWAYS_EMBED_SWIFT_STANDARD_LIBRARIES = YES;
				BUNDLE_LOADER = "$(TEST_HOST)";
				DEVELOPMENT_TEAM = 9B7QDZ2A48;
				INFOPLIST_FILE = HistoriaAppTests/Info.plist;
				LD_RUNPATH_SEARCH_PATHS = "$(inherited) @executable_path/Frameworks @loader_path/Frameworks";
				PRODUCT_BUNDLE_IDENTIFIER = "de.historia-app.HistoriaAppTests";
				PRODUCT_NAME = "$(TARGET_NAME)";
				SWIFT_VERSION = 3.0;
				TEST_HOST = "$(BUILT_PRODUCTS_DIR)/HistoriaApp.app/HistoriaApp";
			};
			name = Debug;
		};
		63D181291F3C5B29004A2036 /* Release */ = {
			isa = XCBuildConfiguration;
			buildSettings = {
				ALWAYS_EMBED_SWIFT_STANDARD_LIBRARIES = YES;
				BUNDLE_LOADER = "$(TEST_HOST)";
				DEVELOPMENT_TEAM = 9B7QDZ2A48;
				INFOPLIST_FILE = HistoriaAppTests/Info.plist;
				LD_RUNPATH_SEARCH_PATHS = "$(inherited) @executable_path/Frameworks @loader_path/Frameworks";
				PRODUCT_BUNDLE_IDENTIFIER = "de.historia-app.HistoriaAppTests";
				PRODUCT_NAME = "$(TARGET_NAME)";
				SWIFT_VERSION = 3.0;
				TEST_HOST = "$(BUILT_PRODUCTS_DIR)/HistoriaApp.app/HistoriaApp";
			};
			name = Release;
		};
/* End XCBuildConfiguration section */

/* Begin XCConfigurationList section */
		63D181021F3C5B29004A2036 /* Build configuration list for PBXProject "HistoriaApp" */ = {
			isa = XCConfigurationList;
			buildConfigurations = (
				63D181221F3C5B29004A2036 /* Debug */,
				63D181231F3C5B29004A2036 /* Release */,
			);
			defaultConfigurationIsVisible = 0;
			defaultConfigurationName = Release;
		};
		63D181241F3C5B29004A2036 /* Build configuration list for PBXNativeTarget "HistoriaApp" */ = {
			isa = XCConfigurationList;
			buildConfigurations = (
				63D181251F3C5B29004A2036 /* Debug */,
				63D181261F3C5B29004A2036 /* Release */,
			);
			defaultConfigurationIsVisible = 0;
			defaultConfigurationName = Release;
		};
		63D181271F3C5B29004A2036 /* Build configuration list for PBXNativeTarget "HistoriaAppTests" */ = {
			isa = XCConfigurationList;
			buildConfigurations = (
				63D181281F3C5B29004A2036 /* Debug */,
				63D181291F3C5B29004A2036 /* Release */,
			);
			defaultConfigurationIsVisible = 0;
			defaultConfigurationName = Release;
		};
/* End XCConfigurationList section */
	};
	rootObject = 63D180FF1F3C5B29004A2036 /* Project object */;
}
