// !$*UTF8*$!
{
	archiveVersion = 1;
	classes = {
	};
	objectVersion = 46;
	objects = {

/* Begin PBXBuildFile section */
		2339BA3C7FEEE8E52E3E861E /* Pods_HistoriaApp.framework in Frameworks */ = {isa = PBXBuildFile; fileRef = E6045C3165F919166DCC28EE /* Pods_HistoriaApp.framework */; };
		6302A7B7212181710025A637 /* ReadingModeToursNavigationController.swift in Sources */ = {isa = PBXBuildFile; fileRef = 6302A7B6212181710025A637 /* ReadingModeToursNavigationController.swift */; };
		6302A7B92121874B0025A637 /* ReadingModeMapstopListController.swift in Sources */ = {isa = PBXBuildFile; fileRef = 6302A7B82121874B0025A637 /* ReadingModeMapstopListController.swift */; };
		6302A7BF2121E10D0025A637 /* MapstopPageViewController.swift in Sources */ = {isa = PBXBuildFile; fileRef = 6302A7BE2121E10D0025A637 /* MapstopPageViewController.swift */; };
		630440DC2147C33700A6DAF4 /* MapstopOnMapCalloutDetailView.xib in Resources */ = {isa = PBXBuildFile; fileRef = 630440DB2147C33700A6DAF4 /* MapstopOnMapCalloutDetailView.xib */; };
		630440DE2147FEB900A6DAF4 /* PlaceOnMapAnnotationView.swift in Sources */ = {isa = PBXBuildFile; fileRef = 630440DD2147FEB900A6DAF4 /* PlaceOnMapAnnotationView.swift */; };
		631909832114A75600F0AF4F /* MapState.swift in Sources */ = {isa = PBXBuildFile; fileRef = 631909822114A75600F0AF4F /* MapState.swift */; };
		632A060F1F8BD8CC0092093E /* AssetHtmlWebViewController.swift in Sources */ = {isa = PBXBuildFile; fileRef = 632A060E1F8BD8CC0092093E /* AssetHtmlWebViewController.swift */; };
		63344B981F7D2F3E007D1445 /* AreaSelectionViewController.swift in Sources */ = {isa = PBXBuildFile; fileRef = 63344B971F7D2F3E007D1445 /* AreaSelectionViewController.swift */; };
		63344B9A1F7D32DC007D1445 /* AreaSelectionTableViewCell.swift in Sources */ = {isa = PBXBuildFile; fileRef = 63344B991F7D32DC007D1445 /* AreaSelectionTableViewCell.swift */; };
		63344B9C1F7D55AC007D1445 /* UrlSchemes.swift in Sources */ = {isa = PBXBuildFile; fileRef = 63344B9B1F7D55AC007D1445 /* UrlSchemes.swift */; };
		63344B9E1F7D5739007D1445 /* HtmlContentCompletion.swift in Sources */ = {isa = PBXBuildFile; fileRef = 63344B9D1F7D5739007D1445 /* HtmlContentCompletion.swift */; };
		633526652191ACF40087AC89 /* Scene.swift in Sources */ = {isa = PBXBuildFile; fileRef = 633526642191ACF40087AC89 /* Scene.swift */; };
		634805F21F715DA6002200D6 /* TourSelectionViewController.swift in Sources */ = {isa = PBXBuildFile; fileRef = 634805F11F715DA6002200D6 /* TourSelectionViewController.swift */; };
		634805F41F71615D002200D6 /* TourSelectionTableViewCell.swift in Sources */ = {isa = PBXBuildFile; fileRef = 634805F31F71615D002200D6 /* TourSelectionTableViewCell.swift */; };
		634805F61F7186EA002200D6 /* ModelSelectionDelegate.swift in Sources */ = {isa = PBXBuildFile; fileRef = 634805F51F7186EA002200D6 /* ModelSelectionDelegate.swift */; };
		634D5C1120FE53FA00BF1C47 /* PlaceOnMapAnnotation.swift in Sources */ = {isa = PBXBuildFile; fileRef = 634D5C1020FE53FA00BF1C47 /* PlaceOnMapAnnotation.swift */; };
		635307D42123266B00D51AA1 /* ReadingModeMapstopPageViewController.swift in Sources */ = {isa = PBXBuildFile; fileRef = 635307D32123266B00D51AA1 /* ReadingModeMapstopPageViewController.swift */; };
		636164C41F43418000B7DE28 /* Area.swift in Sources */ = {isa = PBXBuildFile; fileRef = 636164C31F43418000B7DE28 /* Area.swift */; };
		6361DA5C1F698DB4003B2DC7 /* TourDownloadViewController.swift in Sources */ = {isa = PBXBuildFile; fileRef = 6361DA5B1F698DB4003B2DC7 /* TourDownloadViewController.swift */; };
		6361DA5E1F699191003B2DC7 /* TourRecord.swift in Sources */ = {isa = PBXBuildFile; fileRef = 6361DA5D1F699191003B2DC7 /* TourRecord.swift */; };
		6361DA601F6996FE003B2DC7 /* TourDownloadTableViewCell.swift in Sources */ = {isa = PBXBuildFile; fileRef = 6361DA5F1F6996FE003B2DC7 /* TourDownloadTableViewCell.swift */; };
		636AD42B1F753BD600513CFA /* PersistableGeopoint.swift in Sources */ = {isa = PBXBuildFile; fileRef = 636AD42A1F753BD600513CFA /* PersistableGeopoint.swift */; };
		636AD42D1F753BEA00513CFA /* LexiconEntry.swift in Sources */ = {isa = PBXBuildFile; fileRef = 636AD42C1F753BEA00513CFA /* LexiconEntry.swift */; };
		63744A892127071500E9A5EE /* Lexicon.swift in Sources */ = {isa = PBXBuildFile; fileRef = 63744A882127071500E9A5EE /* Lexicon.swift */; };
		637592F22126DDD8006266B0 /* ReadingModeBackButtonProtocols.swift in Sources */ = {isa = PBXBuildFile; fileRef = 637592F12126DDD8006266B0 /* ReadingModeBackButtonProtocols.swift */; };
		6377AC5F1F5085F8003D729B /* MainDao.swift in Sources */ = {isa = PBXBuildFile; fileRef = 6377AC5E1F5085F8003D729B /* MainDao.swift */; };
		638A5F53210732D200B9B742 /* MapstopOnMapCalloutDetailView.swift in Sources */ = {isa = PBXBuildFile; fileRef = 638A5F52210732D200B9B742 /* MapstopOnMapCalloutDetailView.swift */; };
		63991320211DF7F500AD2C74 /* AreaProvider.swift in Sources */ = {isa = PBXBuildFile; fileRef = 6399131F211DF7F500AD2C74 /* AreaProvider.swift */; };
		63A23E0221B02EBE001C97C3 /* SceneCoordinate.swift in Sources */ = {isa = PBXBuildFile; fileRef = 63A23E0121B02EBE001C97C3 /* SceneCoordinate.swift */; };
		63ABDDCC1F682D7A008AE47A /* NavDrawerTableViewCell.swift in Sources */ = {isa = PBXBuildFile; fileRef = 63ABDDCB1F682D7A008AE47A /* NavDrawerTableViewCell.swift */; };
		63ABDDCE1F683BD6008AE47A /* ReadingModeTabBarController.swift in Sources */ = {isa = PBXBuildFile; fileRef = 63ABDDCD1F683BD6008AE47A /* ReadingModeTabBarController.swift */; };
		63C77B6B211332450054C614 /* TourPreviewController.swift in Sources */ = {isa = PBXBuildFile; fileRef = 63C77B6A211332450054C614 /* TourPreviewController.swift */; };
		63C8F0EC1F56E8D100F90F7C /* MapstopOnMap.swift in Sources */ = {isa = PBXBuildFile; fileRef = 63C8F0EB1F56E8D100F90F7C /* MapstopOnMap.swift */; };
		63C8F0EE1F56E8EA00F90F7C /* PlaceOnMap.swift in Sources */ = {isa = PBXBuildFile; fileRef = 63C8F0ED1F56E8EA00F90F7C /* PlaceOnMap.swift */; };
		63C8F0F01F56E8FD00F90F7C /* TourCollectionOnMap.swift in Sources */ = {isa = PBXBuildFile; fileRef = 63C8F0EF1F56E8FD00F90F7C /* TourCollectionOnMap.swift */; };
		63CFE62A1F5D87B100D6F5E0 /* MapstopPageContentViewController.swift in Sources */ = {isa = PBXBuildFile; fileRef = 63CFE6291F5D87B100D6F5E0 /* MapstopPageContentViewController.swift */; };
		63D1810B1F3C5B29004A2036 /* AppDelegate.swift in Sources */ = {isa = PBXBuildFile; fileRef = 63D1810A1F3C5B29004A2036 /* AppDelegate.swift */; };
		63D1810D1F3C5B29004A2036 /* MapViewController.swift in Sources */ = {isa = PBXBuildFile; fileRef = 63D1810C1F3C5B29004A2036 /* MapViewController.swift */; };
		63D181101F3C5B29004A2036 /* Main.storyboard in Resources */ = {isa = PBXBuildFile; fileRef = 63D1810E1F3C5B29004A2036 /* Main.storyboard */; };
		63D181121F3C5B29004A2036 /* Assets.xcassets in Resources */ = {isa = PBXBuildFile; fileRef = 63D181111F3C5B29004A2036 /* Assets.xcassets */; };
		63D181151F3C5B29004A2036 /* LaunchScreen.storyboard in Resources */ = {isa = PBXBuildFile; fileRef = 63D181131F3C5B29004A2036 /* LaunchScreen.storyboard */; };
		63D181201F3C5B29004A2036 /* HistoriaAppTests.swift in Sources */ = {isa = PBXBuildFile; fileRef = 63D1811F1F3C5B29004A2036 /* HistoriaAppTests.swift */; };
		63D1812B1F3C6CF5004A2036 /* FileService.swift in Sources */ = {isa = PBXBuildFile; fileRef = 63D1812A1F3C6CF5004A2036 /* FileService.swift */; };
		63D2792D21AD5D4A00F0CAF4 /* IndoorTourViewController.swift in Sources */ = {isa = PBXBuildFile; fileRef = 63D2792C21AD5D4A00F0CAF4 /* IndoorTourViewController.swift */; };
		63D54A921F73FA6300EC7084 /* TourShortInfoView.xib in Resources */ = {isa = PBXBuildFile; fileRef = 63D54A911F73FA6300EC7084 /* TourShortInfoView.xib */; };
		63D54A941F74045400EC7084 /* TourShortInfoView.swift in Sources */ = {isa = PBXBuildFile; fileRef = 63D54A931F74045400EC7084 /* TourShortInfoView.swift */; };
		63D80CBA2111F24D00729B8C /* ReadingModeLexiconViewController.swift in Sources */ = {isa = PBXBuildFile; fileRef = 63D80CB92111F24D00729B8C /* ReadingModeLexiconViewController.swift */; };
		63DAB1441F4B2D50005C69B4 /* DatabaseHelper.swift in Sources */ = {isa = PBXBuildFile; fileRef = 63DAB1431F4B2D50005C69B4 /* DatabaseHelper.swift */; };
		63DAD2441F8E245D0024F749 /* LexiconArticleViewController.swift in Sources */ = {isa = PBXBuildFile; fileRef = 63DAD2431F8E245D0024F749 /* LexiconArticleViewController.swift */; };
		63E2EB8D1F66DDC300D66F41 /* NavDrawerController.swift in Sources */ = {isa = PBXBuildFile; fileRef = 63E2EB8C1F66DDC300D66F41 /* NavDrawerController.swift */; };
		63F8C70E1F41E26300691559 /* Page.swift in Sources */ = {isa = PBXBuildFile; fileRef = 63F8C70D1F41E26300691559 /* Page.swift */; };
		63F8C7161F41E56300691559 /* Mediaitem.swift in Sources */ = {isa = PBXBuildFile; fileRef = 63F8C7151F41E56300691559 /* Mediaitem.swift */; };
		63F8C71B1F41E90400691559 /* Place.swift in Sources */ = {isa = PBXBuildFile; fileRef = 63F8C71A1F41E90400691559 /* Place.swift */; };
		63F8C71E1F41EB9600691559 /* Tour.swift in Sources */ = {isa = PBXBuildFile; fileRef = 63F8C71D1F41EB9600691559 /* Tour.swift */; };
		63F8C7221F41F23C00691559 /* ServerResponseReader.swift in Sources */ = {isa = PBXBuildFile; fileRef = 63F8C7211F41F23C00691559 /* ServerResponseReader.swift */; };
		63F8C7261F41F7CB00691559 /* Mapstop.swift in Sources */ = {isa = PBXBuildFile; fileRef = 63F8C7251F41F7CB00691559 /* Mapstop.swift */; };
		63FFA2621F604E9F0090A32A /* MapPopupController.swift in Sources */ = {isa = PBXBuildFile; fileRef = 63FFA2611F604E9F0090A32A /* MapPopupController.swift */; };
/* End PBXBuildFile section */

/* Begin PBXContainerItemProxy section */
		63D1811C1F3C5B29004A2036 /* PBXContainerItemProxy */ = {
			isa = PBXContainerItemProxy;
			containerPortal = 63D180FF1F3C5B29004A2036 /* Project object */;
			proxyType = 1;
			remoteGlobalIDString = 63D181061F3C5B29004A2036;
			remoteInfo = HistoriaApp;
		};
/* End PBXContainerItemProxy section */

/* Begin PBXFileReference section */
		6302A7B6212181710025A637 /* ReadingModeToursNavigationController.swift */ = {isa = PBXFileReference; lastKnownFileType = sourcecode.swift; path = ReadingModeToursNavigationController.swift; sourceTree = "<group>"; };
		6302A7B82121874B0025A637 /* ReadingModeMapstopListController.swift */ = {isa = PBXFileReference; lastKnownFileType = sourcecode.swift; path = ReadingModeMapstopListController.swift; sourceTree = "<group>"; };
		6302A7BE2121E10D0025A637 /* MapstopPageViewController.swift */ = {isa = PBXFileReference; lastKnownFileType = sourcecode.swift; path = MapstopPageViewController.swift; sourceTree = "<group>"; };
		630440DB2147C33700A6DAF4 /* MapstopOnMapCalloutDetailView.xib */ = {isa = PBXFileReference; lastKnownFileType = file.xib; path = MapstopOnMapCalloutDetailView.xib; sourceTree = "<group>"; };
		630440DD2147FEB900A6DAF4 /* PlaceOnMapAnnotationView.swift */ = {isa = PBXFileReference; lastKnownFileType = sourcecode.swift; path = PlaceOnMapAnnotationView.swift; sourceTree = "<group>"; };
		631909822114A75600F0AF4F /* MapState.swift */ = {isa = PBXFileReference; lastKnownFileType = sourcecode.swift; path = MapState.swift; sourceTree = "<group>"; };
		632A060E1F8BD8CC0092093E /* AssetHtmlWebViewController.swift */ = {isa = PBXFileReference; fileEncoding = 4; lastKnownFileType = sourcecode.swift; path = AssetHtmlWebViewController.swift; sourceTree = "<group>"; };
		63344B971F7D2F3E007D1445 /* AreaSelectionViewController.swift */ = {isa = PBXFileReference; fileEncoding = 4; lastKnownFileType = sourcecode.swift; path = AreaSelectionViewController.swift; sourceTree = "<group>"; };
		63344B991F7D32DC007D1445 /* AreaSelectionTableViewCell.swift */ = {isa = PBXFileReference; fileEncoding = 4; lastKnownFileType = sourcecode.swift; path = AreaSelectionTableViewCell.swift; sourceTree = "<group>"; };
		63344B9B1F7D55AC007D1445 /* UrlSchemes.swift */ = {isa = PBXFileReference; fileEncoding = 4; lastKnownFileType = sourcecode.swift; path = UrlSchemes.swift; sourceTree = "<group>"; };
		63344B9D1F7D5739007D1445 /* HtmlContentCompletion.swift */ = {isa = PBXFileReference; fileEncoding = 4; lastKnownFileType = sourcecode.swift; path = HtmlContentCompletion.swift; sourceTree = "<group>"; };
		633526642191ACF40087AC89 /* Scene.swift */ = {isa = PBXFileReference; lastKnownFileType = sourcecode.swift; path = Scene.swift; sourceTree = "<group>"; };
		634805F11F715DA6002200D6 /* TourSelectionViewController.swift */ = {isa = PBXFileReference; fileEncoding = 4; lastKnownFileType = sourcecode.swift; path = TourSelectionViewController.swift; sourceTree = "<group>"; };
		634805F31F71615D002200D6 /* TourSelectionTableViewCell.swift */ = {isa = PBXFileReference; fileEncoding = 4; lastKnownFileType = sourcecode.swift; path = TourSelectionTableViewCell.swift; sourceTree = "<group>"; };
		634805F51F7186EA002200D6 /* ModelSelectionDelegate.swift */ = {isa = PBXFileReference; fileEncoding = 4; lastKnownFileType = sourcecode.swift; path = ModelSelectionDelegate.swift; sourceTree = "<group>"; };
		634D5C1020FE53FA00BF1C47 /* PlaceOnMapAnnotation.swift */ = {isa = PBXFileReference; lastKnownFileType = sourcecode.swift; path = PlaceOnMapAnnotation.swift; sourceTree = "<group>"; };
		635307D32123266B00D51AA1 /* ReadingModeMapstopPageViewController.swift */ = {isa = PBXFileReference; lastKnownFileType = sourcecode.swift; path = ReadingModeMapstopPageViewController.swift; sourceTree = "<group>"; };
		635A138E1F47369100A86A62 /* libsqlite3.tbd */ = {isa = PBXFileReference; lastKnownFileType = "sourcecode.text-based-dylib-definition"; name = libsqlite3.tbd; path = usr/lib/libsqlite3.tbd; sourceTree = SDKROOT; };
		636164C31F43418000B7DE28 /* Area.swift */ = {isa = PBXFileReference; fileEncoding = 4; lastKnownFileType = sourcecode.swift; path = Area.swift; sourceTree = "<group>"; };
		6361DA5B1F698DB4003B2DC7 /* TourDownloadViewController.swift */ = {isa = PBXFileReference; fileEncoding = 4; lastKnownFileType = sourcecode.swift; path = TourDownloadViewController.swift; sourceTree = "<group>"; };
		6361DA5D1F699191003B2DC7 /* TourRecord.swift */ = {isa = PBXFileReference; fileEncoding = 4; lastKnownFileType = sourcecode.swift; path = TourRecord.swift; sourceTree = "<group>"; };
		6361DA5F1F6996FE003B2DC7 /* TourDownloadTableViewCell.swift */ = {isa = PBXFileReference; fileEncoding = 4; lastKnownFileType = sourcecode.swift; path = TourDownloadTableViewCell.swift; sourceTree = "<group>"; };
		636AD42A1F753BD600513CFA /* PersistableGeopoint.swift */ = {isa = PBXFileReference; fileEncoding = 4; lastKnownFileType = sourcecode.swift; path = PersistableGeopoint.swift; sourceTree = "<group>"; };
		636AD42C1F753BEA00513CFA /* LexiconEntry.swift */ = {isa = PBXFileReference; fileEncoding = 4; lastKnownFileType = sourcecode.swift; path = LexiconEntry.swift; sourceTree = "<group>"; };
		63744A882127071500E9A5EE /* Lexicon.swift */ = {isa = PBXFileReference; lastKnownFileType = sourcecode.swift; path = Lexicon.swift; sourceTree = "<group>"; };
		637592F12126DDD8006266B0 /* ReadingModeBackButtonProtocols.swift */ = {isa = PBXFileReference; lastKnownFileType = sourcecode.swift; path = ReadingModeBackButtonProtocols.swift; sourceTree = "<group>"; };
		6377AC5E1F5085F8003D729B /* MainDao.swift */ = {isa = PBXFileReference; fileEncoding = 4; lastKnownFileType = sourcecode.swift; path = MainDao.swift; sourceTree = "<group>"; };
		638A5F52210732D200B9B742 /* MapstopOnMapCalloutDetailView.swift */ = {isa = PBXFileReference; lastKnownFileType = sourcecode.swift; path = MapstopOnMapCalloutDetailView.swift; sourceTree = "<group>"; };
		6399131F211DF7F500AD2C74 /* AreaProvider.swift */ = {isa = PBXFileReference; lastKnownFileType = sourcecode.swift; path = AreaProvider.swift; sourceTree = "<group>"; };
		63A23E0121B02EBE001C97C3 /* SceneCoordinate.swift */ = {isa = PBXFileReference; lastKnownFileType = sourcecode.swift; path = SceneCoordinate.swift; sourceTree = "<group>"; };
		63ABDDCB1F682D7A008AE47A /* NavDrawerTableViewCell.swift */ = {isa = PBXFileReference; fileEncoding = 4; lastKnownFileType = sourcecode.swift; name = NavDrawerTableViewCell.swift; path = ../NavDrawerTableViewCell.swift; sourceTree = "<group>"; };
		63ABDDCD1F683BD6008AE47A /* ReadingModeTabBarController.swift */ = {isa = PBXFileReference; fileEncoding = 4; lastKnownFileType = sourcecode.swift; path = ReadingModeTabBarController.swift; sourceTree = "<group>"; };
		63AF21491F47276900DD2973 /* ZipArchive.framework */ = {isa = PBXFileReference; lastKnownFileType = wrapper.framework; name = ZipArchive.framework; path = Carthage/Build/iOS/ZipArchive.framework; sourceTree = "<group>"; };
		63C77B6A211332450054C614 /* TourPreviewController.swift */ = {isa = PBXFileReference; lastKnownFileType = sourcecode.swift; path = TourPreviewController.swift; sourceTree = "<group>"; };
		63C8F0EB1F56E8D100F90F7C /* MapstopOnMap.swift */ = {isa = PBXFileReference; fileEncoding = 4; lastKnownFileType = sourcecode.swift; path = MapstopOnMap.swift; sourceTree = "<group>"; };
		63C8F0ED1F56E8EA00F90F7C /* PlaceOnMap.swift */ = {isa = PBXFileReference; fileEncoding = 4; lastKnownFileType = sourcecode.swift; path = PlaceOnMap.swift; sourceTree = "<group>"; };
		63C8F0EF1F56E8FD00F90F7C /* TourCollectionOnMap.swift */ = {isa = PBXFileReference; fileEncoding = 4; lastKnownFileType = sourcecode.swift; path = TourCollectionOnMap.swift; sourceTree = "<group>"; };
		63CFE6291F5D87B100D6F5E0 /* MapstopPageContentViewController.swift */ = {isa = PBXFileReference; fileEncoding = 4; lastKnownFileType = sourcecode.swift; path = MapstopPageContentViewController.swift; sourceTree = "<group>"; };
		63D181071F3C5B29004A2036 /* HistoriaApp.app */ = {isa = PBXFileReference; explicitFileType = wrapper.application; includeInIndex = 0; path = HistoriaApp.app; sourceTree = BUILT_PRODUCTS_DIR; };
		63D1810A1F3C5B29004A2036 /* AppDelegate.swift */ = {isa = PBXFileReference; lastKnownFileType = sourcecode.swift; path = AppDelegate.swift; sourceTree = "<group>"; };
		63D1810C1F3C5B29004A2036 /* MapViewController.swift */ = {isa = PBXFileReference; lastKnownFileType = sourcecode.swift; path = MapViewController.swift; sourceTree = "<group>"; };
		63D1810F1F3C5B29004A2036 /* Base */ = {isa = PBXFileReference; lastKnownFileType = file.storyboard; name = Base; path = Base.lproj/Main.storyboard; sourceTree = "<group>"; };
		63D181111F3C5B29004A2036 /* Assets.xcassets */ = {isa = PBXFileReference; lastKnownFileType = folder.assetcatalog; path = Assets.xcassets; sourceTree = "<group>"; };
		63D181141F3C5B29004A2036 /* Base */ = {isa = PBXFileReference; lastKnownFileType = file.storyboard; name = Base; path = Base.lproj/LaunchScreen.storyboard; sourceTree = "<group>"; };
		63D181161F3C5B29004A2036 /* Info.plist */ = {isa = PBXFileReference; lastKnownFileType = text.plist.xml; path = Info.plist; sourceTree = "<group>"; };
		63D1811B1F3C5B29004A2036 /* HistoriaAppTests.xctest */ = {isa = PBXFileReference; explicitFileType = wrapper.cfbundle; includeInIndex = 0; path = HistoriaAppTests.xctest; sourceTree = BUILT_PRODUCTS_DIR; };
		63D1811F1F3C5B29004A2036 /* HistoriaAppTests.swift */ = {isa = PBXFileReference; lastKnownFileType = sourcecode.swift; path = HistoriaAppTests.swift; sourceTree = "<group>"; };
		63D181211F3C5B29004A2036 /* Info.plist */ = {isa = PBXFileReference; lastKnownFileType = text.plist.xml; path = Info.plist; sourceTree = "<group>"; };
		63D1812A1F3C6CF5004A2036 /* FileService.swift */ = {isa = PBXFileReference; fileEncoding = 4; lastKnownFileType = sourcecode.swift; path = FileService.swift; sourceTree = "<group>"; };
		63D1812D1F3C74B4004A2036 /* libz.tbd */ = {isa = PBXFileReference; lastKnownFileType = "sourcecode.text-based-dylib-definition"; name = libz.tbd; path = usr/lib/libz.tbd; sourceTree = SDKROOT; };
		63D2792C21AD5D4A00F0CAF4 /* IndoorTourViewController.swift */ = {isa = PBXFileReference; lastKnownFileType = sourcecode.swift; path = IndoorTourViewController.swift; sourceTree = "<group>"; };
		63D54A911F73FA6300EC7084 /* TourShortInfoView.xib */ = {isa = PBXFileReference; fileEncoding = 4; lastKnownFileType = file.xib; path = TourShortInfoView.xib; sourceTree = "<group>"; };
		63D54A931F74045400EC7084 /* TourShortInfoView.swift */ = {isa = PBXFileReference; fileEncoding = 4; lastKnownFileType = sourcecode.swift; path = TourShortInfoView.swift; sourceTree = "<group>"; };
		63D7D7B71F7AC7D100E39B3E /* WhirlyGlobeMaplyComponent.framework */ = {isa = PBXFileReference; lastKnownFileType = wrapper.framework; name = WhirlyGlobeMaplyComponent.framework; path = Pods/WhirlyGlobe/WhirlyGlobeMaplyComponent.framework; sourceTree = "<group>"; };
		63D7D7B91F7AC7E500E39B3E /* CoreLocation.framework */ = {isa = PBXFileReference; lastKnownFileType = wrapper.framework; name = CoreLocation.framework; path = System/Library/Frameworks/CoreLocation.framework; sourceTree = SDKROOT; };
		63D7D7BB1F7AC7ED00E39B3E /* libc++.tbd */ = {isa = PBXFileReference; lastKnownFileType = "sourcecode.text-based-dylib-definition"; name = "libc++.tbd"; path = "usr/lib/libc++.tbd"; sourceTree = SDKROOT; };
		63D7D7BE1F7AC80600E39B3E /* libxml2.tbd */ = {isa = PBXFileReference; lastKnownFileType = "sourcecode.text-based-dylib-definition"; name = libxml2.tbd; path = usr/lib/libxml2.tbd; sourceTree = SDKROOT; };
		63D80CB92111F24D00729B8C /* ReadingModeLexiconViewController.swift */ = {isa = PBXFileReference; lastKnownFileType = sourcecode.swift; path = ReadingModeLexiconViewController.swift; sourceTree = "<group>"; };
		63DAB1431F4B2D50005C69B4 /* DatabaseHelper.swift */ = {isa = PBXFileReference; fileEncoding = 4; lastKnownFileType = sourcecode.swift; path = DatabaseHelper.swift; sourceTree = "<group>"; };
		63DAD2431F8E245D0024F749 /* LexiconArticleViewController.swift */ = {isa = PBXFileReference; fileEncoding = 4; lastKnownFileType = sourcecode.swift; path = LexiconArticleViewController.swift; sourceTree = "<group>"; };
		63E2EB8C1F66DDC300D66F41 /* NavDrawerController.swift */ = {isa = PBXFileReference; fileEncoding = 4; lastKnownFileType = sourcecode.swift; path = NavDrawerController.swift; sourceTree = "<group>"; };
		63F8C70D1F41E26300691559 /* Page.swift */ = {isa = PBXFileReference; fileEncoding = 4; lastKnownFileType = sourcecode.swift; path = Page.swift; sourceTree = "<group>"; };
		63F8C7151F41E56300691559 /* Mediaitem.swift */ = {isa = PBXFileReference; fileEncoding = 4; lastKnownFileType = sourcecode.swift; path = Mediaitem.swift; sourceTree = "<group>"; };
		63F8C71A1F41E90400691559 /* Place.swift */ = {isa = PBXFileReference; fileEncoding = 4; lastKnownFileType = sourcecode.swift; path = Place.swift; sourceTree = "<group>"; };
		63F8C71D1F41EB9600691559 /* Tour.swift */ = {isa = PBXFileReference; fileEncoding = 4; lastKnownFileType = sourcecode.swift; path = Tour.swift; sourceTree = "<group>"; };
		63F8C7211F41F23C00691559 /* ServerResponseReader.swift */ = {isa = PBXFileReference; fileEncoding = 4; lastKnownFileType = sourcecode.swift; path = ServerResponseReader.swift; sourceTree = "<group>"; };
		63F8C7251F41F7CB00691559 /* Mapstop.swift */ = {isa = PBXFileReference; fileEncoding = 4; lastKnownFileType = sourcecode.swift; path = Mapstop.swift; sourceTree = "<group>"; };
		63FC6EAF1F3E0394000CB70D /* Yams.framework */ = {isa = PBXFileReference; lastKnownFileType = wrapper.framework; name = Yams.framework; path = Carthage/Build/iOS/Yams.framework; sourceTree = "<group>"; };
		63FC6EB21F3E05CA000CB70D /* Yams */ = {isa = PBXFileReference; lastKnownFileType = "compiled.mach-o.dylib"; name = Yams; path = Carthage/Build/iOS/Yams.framework/Yams; sourceTree = "<group>"; };
		63FFA2611F604E9F0090A32A /* MapPopupController.swift */ = {isa = PBXFileReference; fileEncoding = 4; lastKnownFileType = sourcecode.swift; path = MapPopupController.swift; sourceTree = "<group>"; };
		709A2B10CEDF963B2BDA67F6 /* Pods-HistoriaApp.release.xcconfig */ = {isa = PBXFileReference; includeInIndex = 1; lastKnownFileType = text.xcconfig; name = "Pods-HistoriaApp.release.xcconfig"; path = "Pods/Target Support Files/Pods-HistoriaApp/Pods-HistoriaApp.release.xcconfig"; sourceTree = "<group>"; };
		A8F85AB6FA43CF0ECA0E0C92 /* Pods-HistoriaApp.debug.xcconfig */ = {isa = PBXFileReference; includeInIndex = 1; lastKnownFileType = text.xcconfig; name = "Pods-HistoriaApp.debug.xcconfig"; path = "Pods/Target Support Files/Pods-HistoriaApp/Pods-HistoriaApp.debug.xcconfig"; sourceTree = "<group>"; };
		E6045C3165F919166DCC28EE /* Pods_HistoriaApp.framework */ = {isa = PBXFileReference; explicitFileType = wrapper.framework; includeInIndex = 0; path = Pods_HistoriaApp.framework; sourceTree = BUILT_PRODUCTS_DIR; };
/* End PBXFileReference section */

/* Begin PBXFrameworksBuildPhase section */
		63D181041F3C5B29004A2036 /* Frameworks */ = {
			isa = PBXFrameworksBuildPhase;
			buildActionMask = 2147483647;
			files = (
				2339BA3C7FEEE8E52E3E861E /* Pods_HistoriaApp.framework in Frameworks */,
			);
			runOnlyForDeploymentPostprocessing = 0;
		};
		63D181181F3C5B29004A2036 /* Frameworks */ = {
			isa = PBXFrameworksBuildPhase;
			buildActionMask = 2147483647;
			files = (
			);
			runOnlyForDeploymentPostprocessing = 0;
		};
/* End PBXFrameworksBuildPhase section */

/* Begin PBXGroup section */
		0439AD249E5FE9605C39FBB2 /* Pods */ = {
			isa = PBXGroup;
			children = (
				A8F85AB6FA43CF0ECA0E0C92 /* Pods-HistoriaApp.debug.xcconfig */,
				709A2B10CEDF963B2BDA67F6 /* Pods-HistoriaApp.release.xcconfig */,
			);
			name = Pods;
			sourceTree = "<group>";
		};
		63C8F0EA1F56E79B00F90F7C /* mappables */ = {
			isa = PBXGroup;
			children = (
				63C8F0EB1F56E8D100F90F7C /* MapstopOnMap.swift */,
				63C8F0ED1F56E8EA00F90F7C /* PlaceOnMap.swift */,
				63C8F0EF1F56E8FD00F90F7C /* TourCollectionOnMap.swift */,
				634D5C1020FE53FA00BF1C47 /* PlaceOnMapAnnotation.swift */,
				630440DD2147FEB900A6DAF4 /* PlaceOnMapAnnotationView.swift */,
				638A5F52210732D200B9B742 /* MapstopOnMapCalloutDetailView.swift */,
				630440DB2147C33700A6DAF4 /* MapstopOnMapCalloutDetailView.xib */,
			);
			name = mappables;
			sourceTree = "<group>";
		};
		63D180FE1F3C5B29004A2036 = {
			isa = PBXGroup;
			children = (
				63D181091F3C5B29004A2036 /* HistoriaApp */,
				63D1811E1F3C5B29004A2036 /* HistoriaAppTests */,
				63D181081F3C5B29004A2036 /* Products */,
				63D1812C1F3C74B4004A2036 /* Frameworks */,
				0439AD249E5FE9605C39FBB2 /* Pods */,
			);
			sourceTree = "<group>";
		};
		63D181081F3C5B29004A2036 /* Products */ = {
			isa = PBXGroup;
			children = (
				63D181071F3C5B29004A2036 /* HistoriaApp.app */,
				63D1811B1F3C5B29004A2036 /* HistoriaAppTests.xctest */,
			);
			name = Products;
			sourceTree = "<group>";
		};
		63D181091F3C5B29004A2036 /* HistoriaApp */ = {
			isa = PBXGroup;
			children = (
				6399131F211DF7F500AD2C74 /* AreaProvider.swift */,
				63D1810A1F3C5B29004A2036 /* AppDelegate.swift */,
				63E2EB8C1F66DDC300D66F41 /* NavDrawerController.swift */,
				63ABDDCB1F682D7A008AE47A /* NavDrawerTableViewCell.swift */,
				63FFA2611F604E9F0090A32A /* MapPopupController.swift */,
				6302A7BE2121E10D0025A637 /* MapstopPageViewController.swift */,
				63CFE6291F5D87B100D6F5E0 /* MapstopPageContentViewController.swift */,
				631909822114A75600F0AF4F /* MapState.swift */,
				63D1810C1F3C5B29004A2036 /* MapViewController.swift */,
				634805F51F7186EA002200D6 /* ModelSelectionDelegate.swift */,
				637592F12126DDD8006266B0 /* ReadingModeBackButtonProtocols.swift */,
				63ABDDCD1F683BD6008AE47A /* ReadingModeTabBarController.swift */,
				6302A7B6212181710025A637 /* ReadingModeToursNavigationController.swift */,
				6302A7B82121874B0025A637 /* ReadingModeMapstopListController.swift */,
				635307D32123266B00D51AA1 /* ReadingModeMapstopPageViewController.swift */,
				63D80CB92111F24D00729B8C /* ReadingModeLexiconViewController.swift */,
				63D2792C21AD5D4A00F0CAF4 /* IndoorTourViewController.swift */,
				6361DA5B1F698DB4003B2DC7 /* TourDownloadViewController.swift */,
				6361DA5F1F6996FE003B2DC7 /* TourDownloadTableViewCell.swift */,
				634805F11F715DA6002200D6 /* TourSelectionViewController.swift */,
				634805F31F71615D002200D6 /* TourSelectionTableViewCell.swift */,
				63C77B6A211332450054C614 /* TourPreviewController.swift */,
				63344B971F7D2F3E007D1445 /* AreaSelectionViewController.swift */,
				63344B991F7D32DC007D1445 /* AreaSelectionTableViewCell.swift */,
				632A060E1F8BD8CC0092093E /* AssetHtmlWebViewController.swift */,
				63DAD2431F8E245D0024F749 /* LexiconArticleViewController.swift */,
				63D181111F3C5B29004A2036 /* Assets.xcassets */,
				63D181131F3C5B29004A2036 /* LaunchScreen.storyboard */,
				63D1810E1F3C5B29004A2036 /* Main.storyboard */,
				63D54A911F73FA6300EC7084 /* TourShortInfoView.xib */,
				63D54A931F74045400EC7084 /* TourShortInfoView.swift */,
				63D181161F3C5B29004A2036 /* Info.plist */,
				63C8F0EA1F56E79B00F90F7C /* mappables */,
				63F8C71C1F41EB6300691559 /* service */,
				63F8C7191F41E8C600691559 /* data */,
			);
			path = HistoriaApp;
			sourceTree = "<group>";
		};
		63D1811E1F3C5B29004A2036 /* HistoriaAppTests */ = {
			isa = PBXGroup;
			children = (
				63D1811F1F3C5B29004A2036 /* HistoriaAppTests.swift */,
				63D181211F3C5B29004A2036 /* Info.plist */,
			);
			path = HistoriaAppTests;
			sourceTree = "<group>";
		};
		63D1812C1F3C74B4004A2036 /* Frameworks */ = {
			isa = PBXGroup;
			children = (
				63D7D7BE1F7AC80600E39B3E /* libxml2.tbd */,
				63D7D7BB1F7AC7ED00E39B3E /* libc++.tbd */,
				63D7D7B91F7AC7E500E39B3E /* CoreLocation.framework */,
				63D7D7B71F7AC7D100E39B3E /* WhirlyGlobeMaplyComponent.framework */,
				635A138E1F47369100A86A62 /* libsqlite3.tbd */,
				63AF21491F47276900DD2973 /* ZipArchive.framework */,
				63FC6EB21F3E05CA000CB70D /* Yams */,
				63FC6EAF1F3E0394000CB70D /* Yams.framework */,
				63D1812D1F3C74B4004A2036 /* libz.tbd */,
				E6045C3165F919166DCC28EE /* Pods_HistoriaApp.framework */,
			);
			name = Frameworks;
			sourceTree = "<group>";
		};
		63F8C7191F41E8C600691559 /* data */ = {
			isa = PBXGroup;
			children = (
				636164C31F43418000B7DE28 /* Area.swift */,
				63F8C71A1F41E90400691559 /* Place.swift */,
				63F8C71D1F41EB9600691559 /* Tour.swift */,
				63F8C7251F41F7CB00691559 /* Mapstop.swift */,
				63F8C70D1F41E26300691559 /* Page.swift */,
				63F8C7151F41E56300691559 /* Mediaitem.swift */,
				6361DA5D1F699191003B2DC7 /* TourRecord.swift */,
				636AD42A1F753BD600513CFA /* PersistableGeopoint.swift */,
				636AD42C1F753BEA00513CFA /* LexiconEntry.swift */,
				63744A882127071500E9A5EE /* Lexicon.swift */,
				633526642191ACF40087AC89 /* Scene.swift */,
				63A23E0121B02EBE001C97C3 /* SceneCoordinate.swift */,
			);
			name = data;
			sourceTree = "<group>";
		};
		63F8C71C1F41EB6300691559 /* service */ = {
			isa = PBXGroup;
			children = (
				63D1812A1F3C6CF5004A2036 /* FileService.swift */,
				63F8C7211F41F23C00691559 /* ServerResponseReader.swift */,
				63DAB1431F4B2D50005C69B4 /* DatabaseHelper.swift */,
				6377AC5E1F5085F8003D729B /* MainDao.swift */,
				63344B9D1F7D5739007D1445 /* HtmlContentCompletion.swift */,
				63344B9B1F7D55AC007D1445 /* UrlSchemes.swift */,
			);
			name = service;
			sourceTree = "<group>";
		};
/* End PBXGroup section */

/* Begin PBXNativeTarget section */
		63D181061F3C5B29004A2036 /* HistoriaApp */ = {
			isa = PBXNativeTarget;
			buildConfigurationList = 63D181241F3C5B29004A2036 /* Build configuration list for PBXNativeTarget "HistoriaApp" */;
			buildPhases = (
				ACBA992E40B4481876200D0D /* [CP] Check Pods Manifest.lock */,
				63D181031F3C5B29004A2036 /* Sources */,
				63D181041F3C5B29004A2036 /* Frameworks */,
				63D181051F3C5B29004A2036 /* Resources */,
				4E08792D49FE12F2E38F9B78 /* [CP] Embed Pods Frameworks */,
			);
			buildRules = (
			);
			dependencies = (
			);
			name = HistoriaApp;
			productName = HistoriaApp;
			productReference = 63D181071F3C5B29004A2036 /* HistoriaApp.app */;
			productType = "com.apple.product-type.application";
		};
		63D1811A1F3C5B29004A2036 /* HistoriaAppTests */ = {
			isa = PBXNativeTarget;
			buildConfigurationList = 63D181271F3C5B29004A2036 /* Build configuration list for PBXNativeTarget "HistoriaAppTests" */;
			buildPhases = (
				63D181171F3C5B29004A2036 /* Sources */,
				63D181181F3C5B29004A2036 /* Frameworks */,
				63D181191F3C5B29004A2036 /* Resources */,
			);
			buildRules = (
			);
			dependencies = (
				63D1811D1F3C5B29004A2036 /* PBXTargetDependency */,
			);
			name = HistoriaAppTests;
			productName = HistoriaAppTests;
			productReference = 63D1811B1F3C5B29004A2036 /* HistoriaAppTests.xctest */;
			productType = "com.apple.product-type.bundle.unit-test";
		};
/* End PBXNativeTarget section */

/* Begin PBXProject section */
		63D180FF1F3C5B29004A2036 /* Project object */ = {
			isa = PBXProject;
			attributes = {
				LastSwiftUpdateCheck = 0820;
				LastUpgradeCheck = 0940;
				ORGANIZATIONNAME = "";
				TargetAttributes = {
					63D181061F3C5B29004A2036 = {
						CreatedOnToolsVersion = 8.2;
						DevelopmentTeam = 5469X45TCH;
						LastSwiftMigration = 0940;
						ProvisioningStyle = Manual;
					};
					63D1811A1F3C5B29004A2036 = {
						CreatedOnToolsVersion = 8.2;
						DevelopmentTeam = 9B7QDZ2A48;
						LastSwiftMigration = 0940;
						ProvisioningStyle = Automatic;
						TestTargetID = 63D181061F3C5B29004A2036;
					};
				};
			};
			buildConfigurationList = 63D181021F3C5B29004A2036 /* Build configuration list for PBXProject "HistoriaApp" */;
			compatibilityVersion = "Xcode 3.2";
			developmentRegion = English;
			hasScannedForEncodings = 0;
			knownRegions = (
				en,
				Base,
			);
			mainGroup = 63D180FE1F3C5B29004A2036;
			productRefGroup = 63D181081F3C5B29004A2036 /* Products */;
			projectDirPath = "";
			projectRoot = "";
			targets = (
				63D181061F3C5B29004A2036 /* HistoriaApp */,
				63D1811A1F3C5B29004A2036 /* HistoriaAppTests */,
			);
		};
/* End PBXProject section */

/* Begin PBXResourcesBuildPhase section */
		63D181051F3C5B29004A2036 /* Resources */ = {
			isa = PBXResourcesBuildPhase;
			buildActionMask = 2147483647;
			files = (
				63D181151F3C5B29004A2036 /* LaunchScreen.storyboard in Resources */,
				63D181121F3C5B29004A2036 /* Assets.xcassets in Resources */,
				630440DC2147C33700A6DAF4 /* MapstopOnMapCalloutDetailView.xib in Resources */,
				63D181101F3C5B29004A2036 /* Main.storyboard in Resources */,
				63D54A921F73FA6300EC7084 /* TourShortInfoView.xib in Resources */,
			);
			runOnlyForDeploymentPostprocessing = 0;
		};
		63D181191F3C5B29004A2036 /* Resources */ = {
			isa = PBXResourcesBuildPhase;
			buildActionMask = 2147483647;
			files = (
			);
			runOnlyForDeploymentPostprocessing = 0;
		};
/* End PBXResourcesBuildPhase section */

/* Begin PBXShellScriptBuildPhase section */
		4E08792D49FE12F2E38F9B78 /* [CP] Embed Pods Frameworks */ = {
			isa = PBXShellScriptBuildPhase;
			buildActionMask = 2147483647;
			files = (
			);
			inputPaths = (
				"${SRCROOT}/Pods/Target Support Files/Pods-HistoriaApp/Pods-HistoriaApp-frameworks.sh",
				"${BUILT_PRODUCTS_DIR}/GRDB.swift/GRDB.framework",
				"${BUILT_PRODUCTS_DIR}/MMDrawerController/MMDrawerController.framework",
				"${BUILT_PRODUCTS_DIR}/ObjcExceptionBridging/ObjcExceptionBridging.framework",
				"${BUILT_PRODUCTS_DIR}/SSZipArchive/SSZipArchive.framework",
				"${BUILT_PRODUCTS_DIR}/XCGLogger/XCGLogger.framework",
				"${BUILT_PRODUCTS_DIR}/Yams/Yams.framework",
			);
			name = "[CP] Embed Pods Frameworks";
			outputPaths = (
				"${TARGET_BUILD_DIR}/${FRAMEWORKS_FOLDER_PATH}/GRDB.framework",
				"${TARGET_BUILD_DIR}/${FRAMEWORKS_FOLDER_PATH}/MMDrawerController.framework",
				"${TARGET_BUILD_DIR}/${FRAMEWORKS_FOLDER_PATH}/ObjcExceptionBridging.framework",
				"${TARGET_BUILD_DIR}/${FRAMEWORKS_FOLDER_PATH}/SSZipArchive.framework",
				"${TARGET_BUILD_DIR}/${FRAMEWORKS_FOLDER_PATH}/XCGLogger.framework",
				"${TARGET_BUILD_DIR}/${FRAMEWORKS_FOLDER_PATH}/Yams.framework",
			);
			runOnlyForDeploymentPostprocessing = 0;
			shellPath = /bin/sh;
			shellScript = "\"${SRCROOT}/Pods/Target Support Files/Pods-HistoriaApp/Pods-HistoriaApp-frameworks.sh\"\n";
			showEnvVarsInLog = 0;
		};
		ACBA992E40B4481876200D0D /* [CP] Check Pods Manifest.lock */ = {
			isa = PBXShellScriptBuildPhase;
			buildActionMask = 2147483647;
			files = (
			);
			inputPaths = (
				"${PODS_PODFILE_DIR_PATH}/Podfile.lock",
				"${PODS_ROOT}/Manifest.lock",
			);
			name = "[CP] Check Pods Manifest.lock";
			outputPaths = (
				"$(DERIVED_FILE_DIR)/Pods-HistoriaApp-checkManifestLockResult.txt",
			);
			runOnlyForDeploymentPostprocessing = 0;
			shellPath = /bin/sh;
			shellScript = "diff \"${PODS_PODFILE_DIR_PATH}/Podfile.lock\" \"${PODS_ROOT}/Manifest.lock\" > /dev/null\nif [ $? != 0 ] ; then\n    # print error to STDERR\n    echo \"error: The sandbox is not in sync with the Podfile.lock. Run 'pod install' or update your CocoaPods installation.\" >&2\n    exit 1\nfi\n# This output is used by Xcode 'outputs' to avoid re-running this script phase.\necho \"SUCCESS\" > \"${SCRIPT_OUTPUT_FILE_0}\"\n";
			showEnvVarsInLog = 0;
		};
/* End PBXShellScriptBuildPhase section */

/* Begin PBXSourcesBuildPhase section */
		63D181031F3C5B29004A2036 /* Sources */ = {
			isa = PBXSourcesBuildPhase;
			buildActionMask = 2147483647;
			files = (
				63744A892127071500E9A5EE /* Lexicon.swift in Sources */,
				63F8C7161F41E56300691559 /* Mediaitem.swift in Sources */,
				63F8C70E1F41E26300691559 /* Page.swift in Sources */,
				63FFA2621F604E9F0090A32A /* MapPopupController.swift in Sources */,
				6361DA5E1F699191003B2DC7 /* TourRecord.swift in Sources */,
				6377AC5F1F5085F8003D729B /* MainDao.swift in Sources */,
				634805F41F71615D002200D6 /* TourSelectionTableViewCell.swift in Sources */,
				632A060F1F8BD8CC0092093E /* AssetHtmlWebViewController.swift in Sources */,
				6302A7B92121874B0025A637 /* ReadingModeMapstopListController.swift in Sources */,
				6361DA601F6996FE003B2DC7 /* TourDownloadTableViewCell.swift in Sources */,
				63F8C71E1F41EB9600691559 /* Tour.swift in Sources */,
				6302A7B7212181710025A637 /* ReadingModeToursNavigationController.swift in Sources */,
				634805F61F7186EA002200D6 /* ModelSelectionDelegate.swift in Sources */,
				63E2EB8D1F66DDC300D66F41 /* NavDrawerController.swift in Sources */,
				63DAB1441F4B2D50005C69B4 /* DatabaseHelper.swift in Sources */,
				63A23E0221B02EBE001C97C3 /* SceneCoordinate.swift in Sources */,
				634D5C1120FE53FA00BF1C47 /* PlaceOnMapAnnotation.swift in Sources */,
				63ABDDCE1F683BD6008AE47A /* ReadingModeTabBarController.swift in Sources */,
				63C8F0F01F56E8FD00F90F7C /* TourCollectionOnMap.swift in Sources */,
				63344B9A1F7D32DC007D1445 /* AreaSelectionTableViewCell.swift in Sources */,
				63991320211DF7F500AD2C74 /* AreaProvider.swift in Sources */,
				638A5F53210732D200B9B742 /* MapstopOnMapCalloutDetailView.swift in Sources */,
				63344B981F7D2F3E007D1445 /* AreaSelectionViewController.swift in Sources */,
				63D1810D1F3C5B29004A2036 /* MapViewController.swift in Sources */,
				63DAD2441F8E245D0024F749 /* LexiconArticleViewController.swift in Sources */,
				63D54A941F74045400EC7084 /* TourShortInfoView.swift in Sources */,
				63C77B6B211332450054C614 /* TourPreviewController.swift in Sources */,
				63C8F0EC1F56E8D100F90F7C /* MapstopOnMap.swift in Sources */,
				636AD42D1F753BEA00513CFA /* LexiconEntry.swift in Sources */,
				63344B9C1F7D55AC007D1445 /* UrlSchemes.swift in Sources */,
				631909832114A75600F0AF4F /* MapState.swift in Sources */,
				63F8C7261F41F7CB00691559 /* Mapstop.swift in Sources */,
				630440DE2147FEB900A6DAF4 /* PlaceOnMapAnnotationView.swift in Sources */,
				633526652191ACF40087AC89 /* Scene.swift in Sources */,
				63D80CBA2111F24D00729B8C /* ReadingModeLexiconViewController.swift in Sources */,
				63D1810B1F3C5B29004A2036 /* AppDelegate.swift in Sources */,
				634805F21F715DA6002200D6 /* TourSelectionViewController.swift in Sources */,
				63C8F0EE1F56E8EA00F90F7C /* PlaceOnMap.swift in Sources */,
				63D2792D21AD5D4A00F0CAF4 /* IndoorTourViewController.swift in Sources */,
				6361DA5C1F698DB4003B2DC7 /* TourDownloadViewController.swift in Sources */,
				63CFE62A1F5D87B100D6F5E0 /* MapstopPageContentViewController.swift in Sources */,
				637592F22126DDD8006266B0 /* ReadingModeBackButtonProtocols.swift in Sources */,
				63ABDDCC1F682D7A008AE47A /* NavDrawerTableViewCell.swift in Sources */,
				63F8C71B1F41E90400691559 /* Place.swift in Sources */,
				6302A7BF2121E10D0025A637 /* MapstopPageViewController.swift in Sources */,
				63344B9E1F7D5739007D1445 /* HtmlContentCompletion.swift in Sources */,
				636164C41F43418000B7DE28 /* Area.swift in Sources */,
				635307D42123266B00D51AA1 /* ReadingModeMapstopPageViewController.swift in Sources */,
				636AD42B1F753BD600513CFA /* PersistableGeopoint.swift in Sources */,
				63F8C7221F41F23C00691559 /* ServerResponseReader.swift in Sources */,
				63D1812B1F3C6CF5004A2036 /* FileService.swift in Sources */,
			);
			runOnlyForDeploymentPostprocessing = 0;
		};
		63D181171F3C5B29004A2036 /* Sources */ = {
			isa = PBXSourcesBuildPhase;
			buildActionMask = 2147483647;
			files = (
				63D181201F3C5B29004A2036 /* HistoriaAppTests.swift in Sources */,
			);
			runOnlyForDeploymentPostprocessing = 0;
		};
/* End PBXSourcesBuildPhase section */

/* Begin PBXTargetDependency section */
		63D1811D1F3C5B29004A2036 /* PBXTargetDependency */ = {
			isa = PBXTargetDependency;
			target = 63D181061F3C5B29004A2036 /* HistoriaApp */;
			targetProxy = 63D1811C1F3C5B29004A2036 /* PBXContainerItemProxy */;
		};
/* End PBXTargetDependency section */

/* Begin PBXVariantGroup section */
		63D1810E1F3C5B29004A2036 /* Main.storyboard */ = {
			isa = PBXVariantGroup;
			children = (
				63D1810F1F3C5B29004A2036 /* Base */,
			);
			name = Main.storyboard;
			sourceTree = "<group>";
		};
		63D181131F3C5B29004A2036 /* LaunchScreen.storyboard */ = {
			isa = PBXVariantGroup;
			children = (
				63D181141F3C5B29004A2036 /* Base */,
			);
			name = LaunchScreen.storyboard;
			sourceTree = "<group>";
		};
/* End PBXVariantGroup section */

/* Begin XCBuildConfiguration section */
		63D181221F3C5B29004A2036 /* Debug */ = {
			isa = XCBuildConfiguration;
			buildSettings = {
				ALWAYS_SEARCH_USER_PATHS = NO;
				CLANG_ANALYZER_NONNULL = YES;
				CLANG_CXX_LANGUAGE_STANDARD = "gnu++0x";
				CLANG_CXX_LIBRARY = "libc++";
				CLANG_ENABLE_MODULES = YES;
				CLANG_ENABLE_OBJC_ARC = YES;
				CLANG_WARN_BLOCK_CAPTURE_AUTORELEASING = YES;
				CLANG_WARN_BOOL_CONVERSION = YES;
				CLANG_WARN_COMMA = YES;
				CLANG_WARN_CONSTANT_CONVERSION = YES;
				CLANG_WARN_DEPRECATED_OBJC_IMPLEMENTATIONS = YES;
				CLANG_WARN_DIRECT_OBJC_ISA_USAGE = YES_ERROR;
				CLANG_WARN_DOCUMENTATION_COMMENTS = YES;
				CLANG_WARN_EMPTY_BODY = YES;
				CLANG_WARN_ENUM_CONVERSION = YES;
				CLANG_WARN_INFINITE_RECURSION = YES;
				CLANG_WARN_INT_CONVERSION = YES;
				CLANG_WARN_NON_LITERAL_NULL_CONVERSION = YES;
				CLANG_WARN_OBJC_IMPLICIT_RETAIN_SELF = YES;
				CLANG_WARN_OBJC_LITERAL_CONVERSION = YES;
				CLANG_WARN_OBJC_ROOT_CLASS = YES_ERROR;
				CLANG_WARN_RANGE_LOOP_ANALYSIS = YES;
				CLANG_WARN_STRICT_PROTOTYPES = YES;
				CLANG_WARN_SUSPICIOUS_MOVE = YES;
				CLANG_WARN_UNREACHABLE_CODE = YES;
				CLANG_WARN__DUPLICATE_METHOD_MATCH = YES;
				"CODE_SIGN_IDENTITY[sdk=iphoneos*]" = "iPhone Developer";
				COPY_PHASE_STRIP = NO;
				DEBUG_INFORMATION_FORMAT = dwarf;
				ENABLE_STRICT_OBJC_MSGSEND = YES;
				ENABLE_TESTABILITY = YES;
				FRAMEWORK_SEARCH_PATHS = "";
				GCC_C_LANGUAGE_STANDARD = gnu99;
				GCC_DYNAMIC_NO_PIC = NO;
				GCC_NO_COMMON_BLOCKS = YES;
				GCC_OPTIMIZATION_LEVEL = 0;
				GCC_PREPROCESSOR_DEFINITIONS = (
					"DEBUG=1",
					"$(inherited)",
				);
				GCC_WARN_64_TO_32_BIT_CONVERSION = YES;
				GCC_WARN_ABOUT_RETURN_TYPE = YES_ERROR;
				GCC_WARN_UNDECLARED_SELECTOR = YES;
				GCC_WARN_UNINITIALIZED_AUTOS = YES_AGGRESSIVE;
				GCC_WARN_UNUSED_FUNCTION = YES;
				GCC_WARN_UNUSED_VARIABLE = YES;
				HEADER_SEARCH_PATHS = "";
				IPHONEOS_DEPLOYMENT_TARGET = 10.2;
				MTL_ENABLE_DEBUG_INFO = YES;
				ONLY_ACTIVE_ARCH = YES;
				SDKROOT = iphoneos;
				SWIFT_ACTIVE_COMPILATION_CONDITIONS = DEBUG;
				SWIFT_OBJC_BRIDGING_HEADER = "";
				SWIFT_OPTIMIZATION_LEVEL = "-Onone";
				TARGETED_DEVICE_FAMILY = "1,2";
			};
			name = Debug;
		};
		63D181231F3C5B29004A2036 /* Release */ = {
			isa = XCBuildConfiguration;
			buildSettings = {
				ALWAYS_SEARCH_USER_PATHS = NO;
				CLANG_ANALYZER_NONNULL = YES;
				CLANG_CXX_LANGUAGE_STANDARD = "gnu++0x";
				CLANG_CXX_LIBRARY = "libc++";
				CLANG_ENABLE_MODULES = YES;
				CLANG_ENABLE_OBJC_ARC = YES;
				CLANG_WARN_BLOCK_CAPTURE_AUTORELEASING = YES;
				CLANG_WARN_BOOL_CONVERSION = YES;
				CLANG_WARN_COMMA = YES;
				CLANG_WARN_CONSTANT_CONVERSION = YES;
				CLANG_WARN_DEPRECATED_OBJC_IMPLEMENTATIONS = YES;
				CLANG_WARN_DIRECT_OBJC_ISA_USAGE = YES_ERROR;
				CLANG_WARN_DOCUMENTATION_COMMENTS = YES;
				CLANG_WARN_EMPTY_BODY = YES;
				CLANG_WARN_ENUM_CONVERSION = YES;
				CLANG_WARN_INFINITE_RECURSION = YES;
				CLANG_WARN_INT_CONVERSION = YES;
				CLANG_WARN_NON_LITERAL_NULL_CONVERSION = YES;
				CLANG_WARN_OBJC_IMPLICIT_RETAIN_SELF = YES;
				CLANG_WARN_OBJC_LITERAL_CONVERSION = YES;
				CLANG_WARN_OBJC_ROOT_CLASS = YES_ERROR;
				CLANG_WARN_RANGE_LOOP_ANALYSIS = YES;
				CLANG_WARN_STRICT_PROTOTYPES = YES;
				CLANG_WARN_SUSPICIOUS_MOVE = YES;
				CLANG_WARN_UNREACHABLE_CODE = YES;
				CLANG_WARN__DUPLICATE_METHOD_MATCH = YES;
				"CODE_SIGN_IDENTITY[sdk=iphoneos*]" = "iPhone Developer";
				COPY_PHASE_STRIP = NO;
				DEBUG_INFORMATION_FORMAT = "dwarf-with-dsym";
				ENABLE_NS_ASSERTIONS = NO;
				ENABLE_STRICT_OBJC_MSGSEND = YES;
				FRAMEWORK_SEARCH_PATHS = "";
				GCC_C_LANGUAGE_STANDARD = gnu99;
				GCC_NO_COMMON_BLOCKS = YES;
				GCC_WARN_64_TO_32_BIT_CONVERSION = YES;
				GCC_WARN_ABOUT_RETURN_TYPE = YES_ERROR;
				GCC_WARN_UNDECLARED_SELECTOR = YES;
				GCC_WARN_UNINITIALIZED_AUTOS = YES_AGGRESSIVE;
				GCC_WARN_UNUSED_FUNCTION = YES;
				GCC_WARN_UNUSED_VARIABLE = YES;
				HEADER_SEARCH_PATHS = "";
				IPHONEOS_DEPLOYMENT_TARGET = 10.2;
				MTL_ENABLE_DEBUG_INFO = NO;
				SDKROOT = iphoneos;
				SWIFT_OBJC_BRIDGING_HEADER = "";
				SWIFT_OPTIMIZATION_LEVEL = "-Owholemodule";
				TARGETED_DEVICE_FAMILY = "1,2";
				VALIDATE_PRODUCT = YES;
			};
			name = Release;
		};
		63D181251F3C5B29004A2036 /* Debug */ = {
			isa = XCBuildConfiguration;
			baseConfigurationReference = A8F85AB6FA43CF0ECA0E0C92 /* Pods-HistoriaApp.debug.xcconfig */;
			buildSettings = {
				ASSETCATALOG_COMPILER_APPICON_NAME = AppIcon;
				"CODE_SIGN_IDENTITY[sdk=iphoneos*]" = "iPhone Distribution";
				DEVELOPMENT_TEAM = 5469X45TCH;
				FRAMEWORK_SEARCH_PATHS = "$(inherited)";
				HEADER_SEARCH_PATHS = (
					"\"${PODS_ROOT}/boost\"",
					"\"${PODS_ROOT}/eigen\"",
					"\"${PODS_ROOT}/clipper\"",
					"\"$(SDKROOT)/usr/include/libxml2\"",
					"\"${PODS_ROOT}/boost\"",
					"\"${PODS_ROOT}/clipper/\"",
					"$(PODS_ROOT)/eigen",
					"$(inherited)",
					"\"${PODS_ROOT}/Headers/Public\"",
					"\"${PODS_ROOT}/Headers/Public/WhirlyGlobeResources\"",
					"\"${PODS_ROOT}/Headers/Public/boost\"",
					"\"${PODS_ROOT}/Headers/Public/eigen\"",
				);
				INFOPLIST_FILE = HistoriaApp/Info.plist;
				IPHONEOS_DEPLOYMENT_TARGET = 9.0;
				LD_RUNPATH_SEARCH_PATHS = "$(inherited) @executable_path/Frameworks";
				LIBRARY_SEARCH_PATHS = "$(inherited)";
				PRODUCT_BUNDLE_IDENTIFIER = "de.uni-koeln.historia";
				PRODUCT_NAME = "$(TARGET_NAME)";
				PROVISIONING_PROFILE = "0ce23f57-915f-41b2-b886-41c7113ddda8";
				PROVISIONING_PROFILE_SPECIFIER = "de.uni-koeln.historia.distribution";
				SWIFT_INCLUDE_PATHS = "";
				SWIFT_OBJC_BRIDGING_HEADER = "$(inherited)";
				"SWIFT_OBJC_BRIDGING_HEADER[arch=*]" = "";
				SWIFT_SWIFT3_OBJC_INFERENCE = Default;
				SWIFT_VERSION = 4.0;
			};
			name = Debug;
		};
		63D181261F3C5B29004A2036 /* Release */ = {
			isa = XCBuildConfiguration;
			baseConfigurationReference = 709A2B10CEDF963B2BDA67F6 /* Pods-HistoriaApp.release.xcconfig */;
			buildSettings = {
				ASSETCATALOG_COMPILER_APPICON_NAME = AppIcon;
				"CODE_SIGN_IDENTITY[sdk=iphoneos*]" = "iPhone Distribution";
				DEVELOPMENT_TEAM = 5469X45TCH;
				FRAMEWORK_SEARCH_PATHS = "$(inherited)";
				HEADER_SEARCH_PATHS = (
					"\"${PODS_ROOT}/boost\"",
					"\"${PODS_ROOT}/eigen\"",
					"\"${PODS_ROOT}/clipper\"",
					"\"$(SDKROOT)/usr/include/libxml2\"",
					"\"${PODS_ROOT}/boost\"",
					"\"${PODS_ROOT}/clipper/\"",
					"$(PODS_ROOT)/eigen",
					"$(inherited)",
					"\"${PODS_ROOT}/Headers/Public\"",
					"\"${PODS_ROOT}/Headers/Public/WhirlyGlobeResources\"",
					"\"${PODS_ROOT}/Headers/Public/boost\"",
					"\"${PODS_ROOT}/Headers/Public/eigen\"",
				);
				INFOPLIST_FILE = HistoriaApp/Info.plist;
				IPHONEOS_DEPLOYMENT_TARGET = 9.0;
				LD_RUNPATH_SEARCH_PATHS = "$(inherited) @executable_path/Frameworks";
				LIBRARY_SEARCH_PATHS = "$(inherited)";
				PRODUCT_BUNDLE_IDENTIFIER = "de.uni-koeln.historia";
				PRODUCT_NAME = "$(TARGET_NAME)";
				PROVISIONING_PROFILE = "c7dec34c-1535-4080-95fd-01a5afc7e801";
				PROVISIONING_PROFILE_SPECIFIER = "de.uni-koeln.historia.distribution";
				SWIFT_INCLUDE_PATHS = "";
				SWIFT_OBJC_BRIDGING_HEADER = "$(inherited)";
				SWIFT_SWIFT3_OBJC_INFERENCE = Default;
				SWIFT_VERSION = 4.0;
			};
			name = Release;
		};
		63D181281F3C5B29004A2036 /* Debug */ = {
			isa = XCBuildConfiguration;
			buildSettings = {
				ALWAYS_EMBED_SWIFT_STANDARD_LIBRARIES = YES;
				BUNDLE_LOADER = "$(TEST_HOST)";
				DEVELOPMENT_TEAM = 9B7QDZ2A48;
				INFOPLIST_FILE = HistoriaAppTests/Info.plist;
				LD_RUNPATH_SEARCH_PATHS = "$(inherited) @executable_path/Frameworks @loader_path/Frameworks";
				PRODUCT_BUNDLE_IDENTIFIER = "de.historia-app.HistoriaAppTests";
				PRODUCT_NAME = "$(TARGET_NAME)";
				SWIFT_SWIFT3_OBJC_INFERENCE = On;
				SWIFT_VERSION = 4.0;
				TEST_HOST = "$(BUILT_PRODUCTS_DIR)/HistoriaApp.app/HistoriaApp";
			};
			name = Debug;
		};
		63D181291F3C5B29004A2036 /* Release */ = {
			isa = XCBuildConfiguration;
			buildSettings = {
				ALWAYS_EMBED_SWIFT_STANDARD_LIBRARIES = YES;
				BUNDLE_LOADER = "$(TEST_HOST)";
				DEVELOPMENT_TEAM = 9B7QDZ2A48;
				INFOPLIST_FILE = HistoriaAppTests/Info.plist;
				LD_RUNPATH_SEARCH_PATHS = "$(inherited) @executable_path/Frameworks @loader_path/Frameworks";
				PRODUCT_BUNDLE_IDENTIFIER = "de.historia-app.HistoriaAppTests";
				PRODUCT_NAME = "$(TARGET_NAME)";
				SWIFT_SWIFT3_OBJC_INFERENCE = On;
				SWIFT_VERSION = 4.0;
				TEST_HOST = "$(BUILT_PRODUCTS_DIR)/HistoriaApp.app/HistoriaApp";
			};
			name = Release;
		};
/* End XCBuildConfiguration section */

/* Begin XCConfigurationList section */
		63D181021F3C5B29004A2036 /* Build configuration list for PBXProject "HistoriaApp" */ = {
			isa = XCConfigurationList;
			buildConfigurations = (
				63D181221F3C5B29004A2036 /* Debug */,
				63D181231F3C5B29004A2036 /* Release */,
			);
			defaultConfigurationIsVisible = 0;
			defaultConfigurationName = Release;
		};
		63D181241F3C5B29004A2036 /* Build configuration list for PBXNativeTarget "HistoriaApp" */ = {
			isa = XCConfigurationList;
			buildConfigurations = (
				63D181251F3C5B29004A2036 /* Debug */,
				63D181261F3C5B29004A2036 /* Release */,
			);
			defaultConfigurationIsVisible = 0;
			defaultConfigurationName = Release;
		};
		63D181271F3C5B29004A2036 /* Build configuration list for PBXNativeTarget "HistoriaAppTests" */ = {
			isa = XCConfigurationList;
			buildConfigurations = (
				63D181281F3C5B29004A2036 /* Debug */,
				63D181291F3C5B29004A2036 /* Release */,
			);
			defaultConfigurationIsVisible = 0;
			defaultConfigurationName = Release;
		};
/* End XCConfigurationList section */
	};
	rootObject = 63D180FF1F3C5B29004A2036 /* Project object */;
}
