// !$*UTF8*$!
{
	archiveVersion = 1;
	classes = {
	};
	objectVersion = 46;
	objects = {

/* Begin PBXBuildFile section */
		2339BA3C7FEEE8E52E3E861E /* Pods_HistoriaApp.framework in Frameworks */ = {isa = PBXBuildFile; fileRef = E6045C3165F919166DCC28EE /* Pods_HistoriaApp.framework */; };
		63344B981F7D2F3E007D1445 /* AreaSelectionViewController.swift in Sources */ = {isa = PBXBuildFile; fileRef = 63344B971F7D2F3E007D1445 /* AreaSelectionViewController.swift */; };
		63344B9A1F7D32DC007D1445 /* AreaSelectionTableViewCell.swift in Sources */ = {isa = PBXBuildFile; fileRef = 63344B991F7D32DC007D1445 /* AreaSelectionTableViewCell.swift */; };
		63344B9C1F7D55AC007D1445 /* UrlSchemes.swift in Sources */ = {isa = PBXBuildFile; fileRef = 63344B9B1F7D55AC007D1445 /* UrlSchemes.swift */; };
		63344B9E1F7D5739007D1445 /* HtmlContentCompletion.swift in Sources */ = {isa = PBXBuildFile; fileRef = 63344B9D1F7D5739007D1445 /* HtmlContentCompletion.swift */; };
		634805F21F715DA6002200D6 /* TourSelectionViewController.swift in Sources */ = {isa = PBXBuildFile; fileRef = 634805F11F715DA6002200D6 /* TourSelectionViewController.swift */; };
		634805F41F71615D002200D6 /* TourSelectionTableViewCell.swift in Sources */ = {isa = PBXBuildFile; fileRef = 634805F31F71615D002200D6 /* TourSelectionTableViewCell.swift */; };
		634805F61F7186EA002200D6 /* ModelSelectionDelegate.swift in Sources */ = {isa = PBXBuildFile; fileRef = 634805F51F7186EA002200D6 /* ModelSelectionDelegate.swift */; };
		636164C41F43418000B7DE28 /* Area.swift in Sources */ = {isa = PBXBuildFile; fileRef = 636164C31F43418000B7DE28 /* Area.swift */; };
		6361DA5C1F698DB4003B2DC7 /* TourDownloadViewController.swift in Sources */ = {isa = PBXBuildFile; fileRef = 6361DA5B1F698DB4003B2DC7 /* TourDownloadViewController.swift */; };
		6361DA5E1F699191003B2DC7 /* TourRecord.swift in Sources */ = {isa = PBXBuildFile; fileRef = 6361DA5D1F699191003B2DC7 /* TourRecord.swift */; };
		6361DA601F6996FE003B2DC7 /* TourDownloadTableViewCell.swift in Sources */ = {isa = PBXBuildFile; fileRef = 6361DA5F1F6996FE003B2DC7 /* TourDownloadTableViewCell.swift */; };
		636AD42B1F753BD600513CFA /* PersistableGeopoint.swift in Sources */ = {isa = PBXBuildFile; fileRef = 636AD42A1F753BD600513CFA /* PersistableGeopoint.swift */; };
		636AD42D1F753BEA00513CFA /* LexiconEntry.swift in Sources */ = {isa = PBXBuildFile; fileRef = 636AD42C1F753BEA00513CFA /* LexiconEntry.swift */; };
		6377AC5F1F5085F8003D729B /* MasterDao.swift in Sources */ = {isa = PBXBuildFile; fileRef = 6377AC5E1F5085F8003D729B /* MasterDao.swift */; };
		6377AC611F509387003D729B /* MapUtil.swift in Sources */ = {isa = PBXBuildFile; fileRef = 6377AC601F509387003D729B /* MapUtil.swift */; };
		63ABDDCC1F682D7A008AE47A /* NavDrawerTableViewCell.swift in Sources */ = {isa = PBXBuildFile; fileRef = 63ABDDCB1F682D7A008AE47A /* NavDrawerTableViewCell.swift */; };
		63ABDDCE1F683BD6008AE47A /* ReadingModeViewController.swift in Sources */ = {isa = PBXBuildFile; fileRef = 63ABDDCD1F683BD6008AE47A /* ReadingModeViewController.swift */; };
		63C8F0EC1F56E8D100F90F7C /* MapstopOnMap.swift in Sources */ = {isa = PBXBuildFile; fileRef = 63C8F0EB1F56E8D100F90F7C /* MapstopOnMap.swift */; };
		63C8F0EE1F56E8EA00F90F7C /* PlaceOnMap.swift in Sources */ = {isa = PBXBuildFile; fileRef = 63C8F0ED1F56E8EA00F90F7C /* PlaceOnMap.swift */; };
		63C8F0F01F56E8FD00F90F7C /* TourCollectionOnMap.swift in Sources */ = {isa = PBXBuildFile; fileRef = 63C8F0EF1F56E8FD00F90F7C /* TourCollectionOnMap.swift */; };
		63CFE62A1F5D87B100D6F5E0 /* MapstopPageContentViewController.swift in Sources */ = {isa = PBXBuildFile; fileRef = 63CFE6291F5D87B100D6F5E0 /* MapstopPageContentViewController.swift */; };
		63CFE62C1F5DA3DC00D6F5E0 /* MapstopAnnotation.swift in Sources */ = {isa = PBXBuildFile; fileRef = 63CFE62B1F5DA3DC00D6F5E0 /* MapstopAnnotation.swift */; };
		63D1810B1F3C5B29004A2036 /* AppDelegate.swift in Sources */ = {isa = PBXBuildFile; fileRef = 63D1810A1F3C5B29004A2036 /* AppDelegate.swift */; };
		63D1810D1F3C5B29004A2036 /* MapViewController.swift in Sources */ = {isa = PBXBuildFile; fileRef = 63D1810C1F3C5B29004A2036 /* MapViewController.swift */; };
		63D181101F3C5B29004A2036 /* Main.storyboard in Resources */ = {isa = PBXBuildFile; fileRef = 63D1810E1F3C5B29004A2036 /* Main.storyboard */; };
		63D181121F3C5B29004A2036 /* Assets.xcassets in Resources */ = {isa = PBXBuildFile; fileRef = 63D181111F3C5B29004A2036 /* Assets.xcassets */; };
		63D181151F3C5B29004A2036 /* LaunchScreen.storyboard in Resources */ = {isa = PBXBuildFile; fileRef = 63D181131F3C5B29004A2036 /* LaunchScreen.storyboard */; };
		63D181201F3C5B29004A2036 /* HistoriaAppTests.swift in Sources */ = {isa = PBXBuildFile; fileRef = 63D1811F1F3C5B29004A2036 /* HistoriaAppTests.swift */; };
		63D1812B1F3C6CF5004A2036 /* FileService.swift in Sources */ = {isa = PBXBuildFile; fileRef = 63D1812A1F3C6CF5004A2036 /* FileService.swift */; };
		63D54A921F73FA6300EC7084 /* TourShortInfoView.xib in Resources */ = {isa = PBXBuildFile; fileRef = 63D54A911F73FA6300EC7084 /* TourShortInfoView.xib */; };
		63D54A941F74045400EC7084 /* TourShortInfoView.swift in Sources */ = {isa = PBXBuildFile; fileRef = 63D54A931F74045400EC7084 /* TourShortInfoView.swift */; };
		63DAB1441F4B2D50005C69B4 /* DatabaseHelper.swift in Sources */ = {isa = PBXBuildFile; fileRef = 63DAB1431F4B2D50005C69B4 /* DatabaseHelper.swift */; };
		63E2EB8D1F66DDC300D66F41 /* NavDrawerController.swift in Sources */ = {isa = PBXBuildFile; fileRef = 63E2EB8C1F66DDC300D66F41 /* NavDrawerController.swift */; };
		63F8C70E1F41E26300691559 /* Page.swift in Sources */ = {isa = PBXBuildFile; fileRef = 63F8C70D1F41E26300691559 /* Page.swift */; };
		63F8C7161F41E56300691559 /* Mediaitem.swift in Sources */ = {isa = PBXBuildFile; fileRef = 63F8C7151F41E56300691559 /* Mediaitem.swift */; };
		63F8C71B1F41E90400691559 /* Place.swift in Sources */ = {isa = PBXBuildFile; fileRef = 63F8C71A1F41E90400691559 /* Place.swift */; };
		63F8C71E1F41EB9600691559 /* Tour.swift in Sources */ = {isa = PBXBuildFile; fileRef = 63F8C71D1F41EB9600691559 /* Tour.swift */; };
		63F8C7221F41F23C00691559 /* ServerResponseReader.swift in Sources */ = {isa = PBXBuildFile; fileRef = 63F8C7211F41F23C00691559 /* ServerResponseReader.swift */; };
		63F8C7261F41F7CB00691559 /* Mapstop.swift in Sources */ = {isa = PBXBuildFile; fileRef = 63F8C7251F41F7CB00691559 /* Mapstop.swift */; };
		63FFA2621F604E9F0090A32A /* MapPopupController.swift in Sources */ = {isa = PBXBuildFile; fileRef = 63FFA2611F604E9F0090A32A /* MapPopupController.swift */; };
/* End PBXBuildFile section */

/* Begin PBXContainerItemProxy section */
		63D1811C1F3C5B29004A2036 /* PBXContainerItemProxy */ = {
			isa = PBXContainerItemProxy;
			containerPortal = 63D180FF1F3C5B29004A2036 /* Project object */;
			proxyType = 1;
			remoteGlobalIDString = 63D181061F3C5B29004A2036;
			remoteInfo = HistoriaApp;
		};
/* End PBXContainerItemProxy section */

/* Begin PBXFileReference section */
		63344B971F7D2F3E007D1445 /* AreaSelectionViewController.swift */ = {isa = PBXFileReference; fileEncoding = 4; lastKnownFileType = sourcecode.swift; path = AreaSelectionViewController.swift; sourceTree = "<group>"; };
		63344B991F7D32DC007D1445 /* AreaSelectionTableViewCell.swift */ = {isa = PBXFileReference; fileEncoding = 4; lastKnownFileType = sourcecode.swift; path = AreaSelectionTableViewCell.swift; sourceTree = "<group>"; };
		63344B9B1F7D55AC007D1445 /* UrlSchemes.swift */ = {isa = PBXFileReference; fileEncoding = 4; lastKnownFileType = sourcecode.swift; path = UrlSchemes.swift; sourceTree = "<group>"; };
		63344B9D1F7D5739007D1445 /* HtmlContentCompletion.swift */ = {isa = PBXFileReference; fileEncoding = 4; lastKnownFileType = sourcecode.swift; path = HtmlContentCompletion.swift; sourceTree = "<group>"; };
		634805F11F715DA6002200D6 /* TourSelectionViewController.swift */ = {isa = PBXFileReference; fileEncoding = 4; lastKnownFileType = sourcecode.swift; path = TourSelectionViewController.swift; sourceTree = "<group>"; };
		634805F31F71615D002200D6 /* TourSelectionTableViewCell.swift */ = {isa = PBXFileReference; fileEncoding = 4; lastKnownFileType = sourcecode.swift; path = TourSelectionTableViewCell.swift; sourceTree = "<group>"; };
		634805F51F7186EA002200D6 /* ModelSelectionDelegate.swift */ = {isa = PBXFileReference; fileEncoding = 4; lastKnownFileType = sourcecode.swift; path = ModelSelectionDelegate.swift; sourceTree = "<group>"; };
		635A138E1F47369100A86A62 /* libsqlite3.tbd */ = {isa = PBXFileReference; lastKnownFileType = "sourcecode.text-based-dylib-definition"; name = libsqlite3.tbd; path = usr/lib/libsqlite3.tbd; sourceTree = SDKROOT; };
		636164C31F43418000B7DE28 /* Area.swift */ = {isa = PBXFileReference; fileEncoding = 4; lastKnownFileType = sourcecode.swift; path = Area.swift; sourceTree = "<group>"; };
		6361DA5B1F698DB4003B2DC7 /* TourDownloadViewController.swift */ = {isa = PBXFileReference; fileEncoding = 4; lastKnownFileType = sourcecode.swift; path = TourDownloadViewController.swift; sourceTree = "<group>"; };
		6361DA5D1F699191003B2DC7 /* TourRecord.swift */ = {isa = PBXFileReference; fileEncoding = 4; lastKnownFileType = sourcecode.swift; path = TourRecord.swift; sourceTree = "<group>"; };
		6361DA5F1F6996FE003B2DC7 /* TourDownloadTableViewCell.swift */ = {isa = PBXFileReference; fileEncoding = 4; lastKnownFileType = sourcecode.swift; path = TourDownloadTableViewCell.swift; sourceTree = "<group>"; };
		636AD42A1F753BD600513CFA /* PersistableGeopoint.swift */ = {isa = PBXFileReference; fileEncoding = 4; lastKnownFileType = sourcecode.swift; path = PersistableGeopoint.swift; sourceTree = "<group>"; };
		636AD42C1F753BEA00513CFA /* LexiconEntry.swift */ = {isa = PBXFileReference; fileEncoding = 4; lastKnownFileType = sourcecode.swift; path = LexiconEntry.swift; sourceTree = "<group>"; };
		6377AC5E1F5085F8003D729B /* MasterDao.swift */ = {isa = PBXFileReference; fileEncoding = 4; lastKnownFileType = sourcecode.swift; path = MasterDao.swift; sourceTree = "<group>"; };
		6377AC601F509387003D729B /* MapUtil.swift */ = {isa = PBXFileReference; fileEncoding = 4; lastKnownFileType = sourcecode.swift; path = MapUtil.swift; sourceTree = "<group>"; };
		63ABDDCB1F682D7A008AE47A /* NavDrawerTableViewCell.swift */ = {isa = PBXFileReference; fileEncoding = 4; lastKnownFileType = sourcecode.swift; name = NavDrawerTableViewCell.swift; path = ../NavDrawerTableViewCell.swift; sourceTree = "<group>"; };
		63ABDDCD1F683BD6008AE47A /* ReadingModeViewController.swift */ = {isa = PBXFileReference; fileEncoding = 4; lastKnownFileType = sourcecode.swift; path = ReadingModeViewController.swift; sourceTree = "<group>"; };
		63AF21491F47276900DD2973 /* ZipArchive.framework */ = {isa = PBXFileReference; lastKnownFileType = wrapper.framework; name = ZipArchive.framework; path = Carthage/Build/iOS/ZipArchive.framework; sourceTree = "<group>"; };
		63C8F0EB1F56E8D100F90F7C /* MapstopOnMap.swift */ = {isa = PBXFileReference; fileEncoding = 4; lastKnownFileType = sourcecode.swift; path = MapstopOnMap.swift; sourceTree = "<group>"; };
		63C8F0ED1F56E8EA00F90F7C /* PlaceOnMap.swift */ = {isa = PBXFileReference; fileEncoding = 4; lastKnownFileType = sourcecode.swift; path = PlaceOnMap.swift; sourceTree = "<group>"; };
		63C8F0EF1F56E8FD00F90F7C /* TourCollectionOnMap.swift */ = {isa = PBXFileReference; fileEncoding = 4; lastKnownFileType = sourcecode.swift; path = TourCollectionOnMap.swift; sourceTree = "<group>"; };
		63CFE6291F5D87B100D6F5E0 /* MapstopPageContentViewController.swift */ = {isa = PBXFileReference; fileEncoding = 4; lastKnownFileType = sourcecode.swift; path = MapstopPageContentViewController.swift; sourceTree = "<group>"; };
		63CFE62B1F5DA3DC00D6F5E0 /* MapstopAnnotation.swift */ = {isa = PBXFileReference; fileEncoding = 4; lastKnownFileType = sourcecode.swift; path = MapstopAnnotation.swift; sourceTree = "<group>"; };
		63D181071F3C5B29004A2036 /* HistoriaApp.app */ = {isa = PBXFileReference; explicitFileType = wrapper.application; includeInIndex = 0; path = HistoriaApp.app; sourceTree = BUILT_PRODUCTS_DIR; };
		63D1810A1F3C5B29004A2036 /* AppDelegate.swift */ = {isa = PBXFileReference; lastKnownFileType = sourcecode.swift; path = AppDelegate.swift; sourceTree = "<group>"; };
		63D1810C1F3C5B29004A2036 /* MapViewController.swift */ = {isa = PBXFileReference; lastKnownFileType = sourcecode.swift; path = MapViewController.swift; sourceTree = "<group>"; };
		63D1810F1F3C5B29004A2036 /* Base */ = {isa = PBXFileReference; lastKnownFileType = file.storyboard; name = Base; path = Base.lproj/Main.storyboard; sourceTree = "<group>"; };
		63D181111F3C5B29004A2036 /* Assets.xcassets */ = {isa = PBXFileReference; lastKnownFileType = folder.assetcatalog; path = Assets.xcassets; sourceTree = "<group>"; };
		63D181141F3C5B29004A2036 /* Base */ = {isa = PBXFileReference; lastKnownFileType = file.storyboard; name = Base; path = Base.lproj/LaunchScreen.storyboard; sourceTree = "<group>"; };
		63D181161F3C5B29004A2036 /* Info.plist */ = {isa = PBXFileReference; lastKnownFileType = text.plist.xml; path = Info.plist; sourceTree = "<group>"; };
		63D1811B1F3C5B29004A2036 /* HistoriaAppTests.xctest */ = {isa = PBXFileReference; explicitFileType = wrapper.cfbundle; includeInIndex = 0; path = HistoriaAppTests.xctest; sourceTree = BUILT_PRODUCTS_DIR; };
		63D1811F1F3C5B29004A2036 /* HistoriaAppTests.swift */ = {isa = PBXFileReference; lastKnownFileType = sourcecode.swift; path = HistoriaAppTests.swift; sourceTree = "<group>"; };
		63D181211F3C5B29004A2036 /* Info.plist */ = {isa = PBXFileReference; lastKnownFileType = text.plist.xml; path = Info.plist; sourceTree = "<group>"; };
		63D1812A1F3C6CF5004A2036 /* FileService.swift */ = {isa = PBXFileReference; fileEncoding = 4; lastKnownFileType = sourcecode.swift; path = FileService.swift; sourceTree = "<group>"; };
		63D1812D1F3C74B4004A2036 /* libz.tbd */ = {isa = PBXFileReference; lastKnownFileType = "sourcecode.text-based-dylib-definition"; name = libz.tbd; path = usr/lib/libz.tbd; sourceTree = SDKROOT; };
		63D54A911F73FA6300EC7084 /* TourShortInfoView.xib */ = {isa = PBXFileReference; fileEncoding = 4; lastKnownFileType = file.xib; path = TourShortInfoView.xib; sourceTree = "<group>"; };
		63D54A931F74045400EC7084 /* TourShortInfoView.swift */ = {isa = PBXFileReference; fileEncoding = 4; lastKnownFileType = sourcecode.swift; path = TourShortInfoView.swift; sourceTree = "<group>"; };
		63D7D7B71F7AC7D100E39B3E /* WhirlyGlobeMaplyComponent.framework */ = {isa = PBXFileReference; lastKnownFileType = wrapper.framework; name = WhirlyGlobeMaplyComponent.framework; path = Pods/WhirlyGlobe/WhirlyGlobeMaplyComponent.framework; sourceTree = "<group>"; };
		63D7D7B91F7AC7E500E39B3E /* CoreLocation.framework */ = {isa = PBXFileReference; lastKnownFileType = wrapper.framework; name = CoreLocation.framework; path = System/Library/Frameworks/CoreLocation.framework; sourceTree = SDKROOT; };
		63D7D7BB1F7AC7ED00E39B3E /* libc++.tbd */ = {isa = PBXFileReference; lastKnownFileType = "sourcecode.text-based-dylib-definition"; name = "libc++.tbd"; path = "usr/lib/libc++.tbd"; sourceTree = SDKROOT; };
		63D7D7BE1F7AC80600E39B3E /* libxml2.tbd */ = {isa = PBXFileReference; lastKnownFileType = "sourcecode.text-based-dylib-definition"; name = libxml2.tbd; path = usr/lib/libxml2.tbd; sourceTree = SDKROOT; };
		63DAB1431F4B2D50005C69B4 /* DatabaseHelper.swift */ = {isa = PBXFileReference; fileEncoding = 4; lastKnownFileType = sourcecode.swift; path = DatabaseHelper.swift; sourceTree = "<group>"; };
		63E2EB8C1F66DDC300D66F41 /* NavDrawerController.swift */ = {isa = PBXFileReference; fileEncoding = 4; lastKnownFileType = sourcecode.swift; path = NavDrawerController.swift; sourceTree = "<group>"; };
		63F8C70D1F41E26300691559 /* Page.swift */ = {isa = PBXFileReference; fileEncoding = 4; lastKnownFileType = sourcecode.swift; path = Page.swift; sourceTree = "<group>"; };
		63F8C7151F41E56300691559 /* Mediaitem.swift */ = {isa = PBXFileReference; fileEncoding = 4; lastKnownFileType = sourcecode.swift; path = Mediaitem.swift; sourceTree = "<group>"; };
		63F8C71A1F41E90400691559 /* Place.swift */ = {isa = PBXFileReference; fileEncoding = 4; lastKnownFileType = sourcecode.swift; path = Place.swift; sourceTree = "<group>"; };
		63F8C71D1F41EB9600691559 /* Tour.swift */ = {isa = PBXFileReference; fileEncoding = 4; lastKnownFileType = sourcecode.swift; path = Tour.swift; sourceTree = "<group>"; };
		63F8C7211F41F23C00691559 /* ServerResponseReader.swift */ = {isa = PBXFileReference; fileEncoding = 4; lastKnownFileType = sourcecode.swift; path = ServerResponseReader.swift; sourceTree = "<group>"; };
		63F8C7251F41F7CB00691559 /* Mapstop.swift */ = {isa = PBXFileReference; fileEncoding = 4; lastKnownFileType = sourcecode.swift; path = Mapstop.swift; sourceTree = "<group>"; };
		63FC6EAF1F3E0394000CB70D /* Yams.framework */ = {isa = PBXFileReference; lastKnownFileType = wrapper.framework; name = Yams.framework; path = Carthage/Build/iOS/Yams.framework; sourceTree = "<group>"; };
		63FC6EB21F3E05CA000CB70D /* Yams */ = {isa = PBXFileReference; lastKnownFileType = "compiled.mach-o.dylib"; name = Yams; path = Carthage/Build/iOS/Yams.framework/Yams; sourceTree = "<group>"; };
		63FFA2611F604E9F0090A32A /* MapPopupController.swift */ = {isa = PBXFileReference; fileEncoding = 4; lastKnownFileType = sourcecode.swift; path = MapPopupController.swift; sourceTree = "<group>"; };
		709A2B10CEDF963B2BDA67F6 /* Pods-HistoriaApp.release.xcconfig */ = {isa = PBXFileReference; includeInIndex = 1; lastKnownFileType = text.xcconfig; name = "Pods-HistoriaApp.release.xcconfig"; path = "Pods/Target Support Files/Pods-HistoriaApp/Pods-HistoriaApp.release.xcconfig"; sourceTree = "<group>"; };
		A8F85AB6FA43CF0ECA0E0C92 /* Pods-HistoriaApp.debug.xcconfig */ = {isa = PBXFileReference; includeInIndex = 1; lastKnownFileType = text.xcconfig; name = "Pods-HistoriaApp.debug.xcconfig"; path = "Pods/Target Support Files/Pods-HistoriaApp/Pods-HistoriaApp.debug.xcconfig"; sourceTree = "<group>"; };
		E6045C3165F919166DCC28EE /* Pods_HistoriaApp.framework */ = {isa = PBXFileReference; explicitFileType = wrapper.framework; includeInIndex = 0; path = Pods_HistoriaApp.framework; sourceTree = BUILT_PRODUCTS_DIR; };
/* End PBXFileReference section */

/* Begin PBXFrameworksBuildPhase section */
		63D181041F3C5B29004A2036 /* Frameworks */ = {
			isa = PBXFrameworksBuildPhase;
			buildActionMask = 2147483647;
			files = (
				2339BA3C7FEEE8E52E3E861E /* Pods_HistoriaApp.framework in Frameworks */,
			);
			runOnlyForDeploymentPostprocessing = 0;
		};
		63D181181F3C5B29004A2036 /* Frameworks */ = {
			isa = PBXFrameworksBuildPhase;
			buildActionMask = 2147483647;
			files = (
			);
			runOnlyForDeploymentPostprocessing = 0;
		};
/* End PBXFrameworksBuildPhase section */

/* Begin PBXGroup section */
		0439AD249E5FE9605C39FBB2 /* Pods */ = {
			isa = PBXGroup;
			children = (
				A8F85AB6FA43CF0ECA0E0C92 /* Pods-HistoriaApp.debug.xcconfig */,
				709A2B10CEDF963B2BDA67F6 /* Pods-HistoriaApp.release.xcconfig */,
			);
			name = Pods;
			sourceTree = "<group>";
		};
		63C8F0EA1F56E79B00F90F7C /* mappables */ = {
			isa = PBXGroup;
			children = (
				63C8F0EB1F56E8D100F90F7C /* MapstopOnMap.swift */,
				63C8F0ED1F56E8EA00F90F7C /* PlaceOnMap.swift */,
				63C8F0EF1F56E8FD00F90F7C /* TourCollectionOnMap.swift */,
			);
			name = mappables;
			sourceTree = "<group>";
		};
		63D180FE1F3C5B29004A2036 = {
			isa = PBXGroup;
			children = (
				63D181091F3C5B29004A2036 /* HistoriaApp */,
				63D1811E1F3C5B29004A2036 /* HistoriaAppTests */,
				63D181081F3C5B29004A2036 /* Products */,
				63D1812C1F3C74B4004A2036 /* Frameworks */,
				0439AD249E5FE9605C39FBB2 /* Pods */,
			);
			sourceTree = "<group>";
		};
		63D181081F3C5B29004A2036 /* Products */ = {
			isa = PBXGroup;
			children = (
				63D181071F3C5B29004A2036 /* HistoriaApp.app */,
				63D1811B1F3C5B29004A2036 /* HistoriaAppTests.xctest */,
			);
			name = Products;
			sourceTree = "<group>";
		};
		63D181091F3C5B29004A2036 /* HistoriaApp */ = {
			isa = PBXGroup;
			children = (
				63D1810A1F3C5B29004A2036 /* AppDelegate.swift */,
				63D1810C1F3C5B29004A2036 /* MapViewController.swift */,
				63E2EB8C1F66DDC300D66F41 /* NavDrawerController.swift */,
				63ABDDCB1F682D7A008AE47A /* NavDrawerTableViewCell.swift */,
				63CFE6291F5D87B100D6F5E0 /* MapstopPageContentViewController.swift */,
				63CFE62B1F5DA3DC00D6F5E0 /* MapstopAnnotation.swift */,
				63FFA2611F604E9F0090A32A /* MapPopupController.swift */,
				634805F51F7186EA002200D6 /* ModelSelectionDelegate.swift */,
				63ABDDCD1F683BD6008AE47A /* ReadingModeViewController.swift */,
				6361DA5B1F698DB4003B2DC7 /* TourDownloadViewController.swift */,
				6361DA5F1F6996FE003B2DC7 /* TourDownloadTableViewCell.swift */,
				634805F11F715DA6002200D6 /* TourSelectionViewController.swift */,
				634805F31F71615D002200D6 /* TourSelectionTableViewCell.swift */,
				63344B971F7D2F3E007D1445 /* AreaSelectionViewController.swift */,
				63344B991F7D32DC007D1445 /* AreaSelectionTableViewCell.swift */,
				63D181111F3C5B29004A2036 /* Assets.xcassets */,
				63D1810E1F3C5B29004A2036 /* Main.storyboard */,
				63D181131F3C5B29004A2036 /* LaunchScreen.storyboard */,
				63D54A911F73FA6300EC7084 /* TourShortInfoView.xib */,
				63D54A931F74045400EC7084 /* TourShortInfoView.swift */,
				63D181161F3C5B29004A2036 /* Info.plist */,
				63C8F0EA1F56E79B00F90F7C /* mappables */,
				63F8C71C1F41EB6300691559 /* service */,
				63F8C7191F41E8C600691559 /* data */,
			);
			path = HistoriaApp;
			sourceTree = "<group>";
		};
		63D1811E1F3C5B29004A2036 /* HistoriaAppTests */ = {
			isa = PBXGroup;
			children = (
				63D1811F1F3C5B29004A2036 /* HistoriaAppTests.swift */,
				63D181211F3C5B29004A2036 /* Info.plist */,
			);
			path = HistoriaAppTests;
			sourceTree = "<group>";
		};
		63D1812C1F3C74B4004A2036 /* Frameworks */ = {
			isa = PBXGroup;
			children = (
				63D7D7BE1F7AC80600E39B3E /* libxml2.tbd */,
				63D7D7BB1F7AC7ED00E39B3E /* libc++.tbd */,
				63D7D7B91F7AC7E500E39B3E /* CoreLocation.framework */,
				63D7D7B71F7AC7D100E39B3E /* WhirlyGlobeMaplyComponent.framework */,
				635A138E1F47369100A86A62 /* libsqlite3.tbd */,
				63AF21491F47276900DD2973 /* ZipArchive.framework */,
				63FC6EB21F3E05CA000CB70D /* Yams */,
				63FC6EAF1F3E0394000CB70D /* Yams.framework */,
				63D1812D1F3C74B4004A2036 /* libz.tbd */,
				E6045C3165F919166DCC28EE /* Pods_HistoriaApp.framework */,
			);
			name = Frameworks;
			sourceTree = "<group>";
		};
		63F8C7191F41E8C600691559 /* data */ = {
			isa = PBXGroup;
			children = (
				636164C31F43418000B7DE28 /* Area.swift */,
				63F8C71A1F41E90400691559 /* Place.swift */,
				63F8C71D1F41EB9600691559 /* Tour.swift */,
				63F8C7251F41F7CB00691559 /* Mapstop.swift */,
				63F8C70D1F41E26300691559 /* Page.swift */,
				63F8C7151F41E56300691559 /* Mediaitem.swift */,
				6361DA5D1F699191003B2DC7 /* TourRecord.swift */,
				636AD42A1F753BD600513CFA /* PersistableGeopoint.swift */,
				636AD42C1F753BEA00513CFA /* LexiconEntry.swift */,
			);
			name = data;
			sourceTree = "<group>";
		};
		63F8C71C1F41EB6300691559 /* service */ = {
			isa = PBXGroup;
			children = (
				6377AC601F509387003D729B /* MapUtil.swift */,
				63D1812A1F3C6CF5004A2036 /* FileService.swift */,
				63F8C7211F41F23C00691559 /* ServerResponseReader.swift */,
				63DAB1431F4B2D50005C69B4 /* DatabaseHelper.swift */,
				6377AC5E1F5085F8003D729B /* MasterDao.swift */,
				63344B9B1F7D55AC007D1445 /* UrlSchemes.swift */,
				63344B9D1F7D5739007D1445 /* HtmlContentCompletion.swift */,
			);
			name = service;
			sourceTree = "<group>";
		};
/* End PBXGroup section */

/* Begin PBXNativeTarget section */
		63D181061F3C5B29004A2036 /* HistoriaApp */ = {
			isa = PBXNativeTarget;
			buildConfigurationList = 63D181241F3C5B29004A2036 /* Build configuration list for PBXNativeTarget "HistoriaApp" */;
			buildPhases = (
				ACBA992E40B4481876200D0D /* [CP] Check Pods Manifest.lock */,
				63D181031F3C5B29004A2036 /* Sources */,
				63D181041F3C5B29004A2036 /* Frameworks */,
				63D181051F3C5B29004A2036 /* Resources */,
				4E08792D49FE12F2E38F9B78 /* [CP] Embed Pods Frameworks */,
				E35940BC56FF08B7692E4283 /* [CP] Copy Pods Resources */,
			);
			buildRules = (
			);
			dependencies = (
			);
			name = HistoriaApp;
			productName = HistoriaApp;
			productReference = 63D181071F3C5B29004A2036 /* HistoriaApp.app */;
			productType = "com.apple.product-type.application";
		};
		63D1811A1F3C5B29004A2036 /* HistoriaAppTests */ = {
			isa = PBXNativeTarget;
			buildConfigurationList = 63D181271F3C5B29004A2036 /* Build configuration list for PBXNativeTarget "HistoriaAppTests" */;
			buildPhases = (
				63D181171F3C5B29004A2036 /* Sources */,
				63D181181F3C5B29004A2036 /* Frameworks */,
				63D181191F3C5B29004A2036 /* Resources */,
			);
			buildRules = (
			);
			dependencies = (
				63D1811D1F3C5B29004A2036 /* PBXTargetDependency */,
			);
			name = HistoriaAppTests;
			productName = HistoriaAppTests;
			productReference = 63D1811B1F3C5B29004A2036 /* HistoriaAppTests.xctest */;
			productType = "com.apple.product-type.bundle.unit-test";
		};
/* End PBXNativeTarget section */

/* Begin PBXProject section */
		63D180FF1F3C5B29004A2036 /* Project object */ = {
			isa = PBXProject;
			attributes = {
				LastSwiftUpdateCheck = 0820;
				LastUpgradeCheck = 0820;
				ORGANIZATIONNAME = David;
				TargetAttributes = {
					63D181061F3C5B29004A2036 = {
						CreatedOnToolsVersion = 8.2;
						DevelopmentTeam = 5469X45TCH;
						ProvisioningStyle = Automatic;
					};
					63D1811A1F3C5B29004A2036 = {
						CreatedOnToolsVersion = 8.2;
						DevelopmentTeam = 9B7QDZ2A48;
						ProvisioningStyle = Automatic;
						TestTargetID = 63D181061F3C5B29004A2036;
					};
				};
			};
			buildConfigurationList = 63D181021F3C5B29004A2036 /* Build configuration list for PBXProject "HistoriaApp" */;
			compatibilityVersion = "Xcode 3.2";
			developmentRegion = English;
			hasScannedForEncodings = 0;
			knownRegions = (
				en,
				Base,
			);
			mainGroup = 63D180FE1F3C5B29004A2036;
			productRefGroup = 63D181081F3C5B29004A2036 /* Products */;
			projectDirPath = "";
			projectRoot = "";
			targets = (
				63D181061F3C5B29004A2036 /* HistoriaApp */,
				63D1811A1F3C5B29004A2036 /* HistoriaAppTests */,
			);
		};
/* End PBXProject section */

/* Begin PBXResourcesBuildPhase section */
		63D181051F3C5B29004A2036 /* Resources */ = {
			isa = PBXResourcesBuildPhase;
			buildActionMask = 2147483647;
			files = (
				63D181151F3C5B29004A2036 /* LaunchScreen.storyboard in Resources */,
				63D181121F3C5B29004A2036 /* Assets.xcassets in Resources */,
				63D181101F3C5B29004A2036 /* Main.storyboard in Resources */,
				63D54A921F73FA6300EC7084 /* TourShortInfoView.xib in Resources */,
			);
			runOnlyForDeploymentPostprocessing = 0;
		};
		63D181191F3C5B29004A2036 /* Resources */ = {
			isa = PBXResourcesBuildPhase;
			buildActionMask = 2147483647;
			files = (
			);
			runOnlyForDeploymentPostprocessing = 0;
		};
/* End PBXResourcesBuildPhase section */

/* Begin PBXShellScriptBuildPhase section */
		4E08792D49FE12F2E38F9B78 /* [CP] Embed Pods Frameworks */ = {
			isa = PBXShellScriptBuildPhase;
			buildActionMask = 2147483647;
			files = (
			);
			inputPaths = (
				"${SRCROOT}/Pods/Target Support Files/Pods-HistoriaApp/Pods-HistoriaApp-frameworks.sh",
				"${BUILT_PRODUCTS_DIR}/AFNetworking/AFNetworking.framework",
				"${BUILT_PRODUCTS_DIR}/FMDB/FMDB.framework",
				"${BUILT_PRODUCTS_DIR}/GRDB.swift/GRDB.framework",
				"${BUILT_PRODUCTS_DIR}/MMDrawerController/MMDrawerController.framework",
				"${BUILT_PRODUCTS_DIR}/SMCalloutView/SMCalloutView.framework",
				"${BUILT_PRODUCTS_DIR}/SSZipArchive/SSZipArchive.framework",
				"${BUILT_PRODUCTS_DIR}/SpeedLog/SpeedLog.framework",
				"${BUILT_PRODUCTS_DIR}/WhirlyGlobe/WhirlyGlobe.framework",
				"${BUILT_PRODUCTS_DIR}/Yams/Yams.framework",
				"${BUILT_PRODUCTS_DIR}/clipper/clipper.framework",
				"${BUILT_PRODUCTS_DIR}/libjson/libjson.framework",
				"${BUILT_PRODUCTS_DIR}/proj4/proj4.framework",
				"${BUILT_PRODUCTS_DIR}/tinyxml/tinyxml.framework",
			);
			name = "[CP] Embed Pods Frameworks";
			outputPaths = (
				"${TARGET_BUILD_DIR}/${FRAMEWORKS_FOLDER_PATH}/AFNetworking.framework",
				"${TARGET_BUILD_DIR}/${FRAMEWORKS_FOLDER_PATH}/FMDB.framework",
				"${TARGET_BUILD_DIR}/${FRAMEWORKS_FOLDER_PATH}/GRDB.framework",
				"${TARGET_BUILD_DIR}/${FRAMEWORKS_FOLDER_PATH}/MMDrawerController.framework",
				"${TARGET_BUILD_DIR}/${FRAMEWORKS_FOLDER_PATH}/SMCalloutView.framework",
				"${TARGET_BUILD_DIR}/${FRAMEWORKS_FOLDER_PATH}/SSZipArchive.framework",
				"${TARGET_BUILD_DIR}/${FRAMEWORKS_FOLDER_PATH}/SpeedLog.framework",
				"${TARGET_BUILD_DIR}/${FRAMEWORKS_FOLDER_PATH}/WhirlyGlobe.framework",
				"${TARGET_BUILD_DIR}/${FRAMEWORKS_FOLDER_PATH}/Yams.framework",
				"${TARGET_BUILD_DIR}/${FRAMEWORKS_FOLDER_PATH}/clipper.framework",
				"${TARGET_BUILD_DIR}/${FRAMEWORKS_FOLDER_PATH}/libjson.framework",
				"${TARGET_BUILD_DIR}/${FRAMEWORKS_FOLDER_PATH}/proj4.framework",
				"${TARGET_BUILD_DIR}/${FRAMEWORKS_FOLDER_PATH}/tinyxml.framework",
			);
			runOnlyForDeploymentPostprocessing = 0;
			shellPath = /bin/sh;
			shellScript = "\"${SRCROOT}/Pods/Target Support Files/Pods-HistoriaApp/Pods-HistoriaApp-frameworks.sh\"\n";
			showEnvVarsInLog = 0;
		};
		ACBA992E40B4481876200D0D /* [CP] Check Pods Manifest.lock */ = {
			isa = PBXShellScriptBuildPhase;
			buildActionMask = 2147483647;
			files = (
			);
			inputPaths = (
				"${PODS_PODFILE_DIR_PATH}/Podfile.lock",
				"${PODS_ROOT}/Manifest.lock",
			);
			name = "[CP] Check Pods Manifest.lock";
			outputPaths = (
				"$(DERIVED_FILE_DIR)/Pods-HistoriaApp-checkManifestLockResult.txt",
			);
			runOnlyForDeploymentPostprocessing = 0;
			shellPath = /bin/sh;
			shellScript = "diff \"${PODS_PODFILE_DIR_PATH}/Podfile.lock\" \"${PODS_ROOT}/Manifest.lock\" > /dev/null\nif [ $? != 0 ] ; then\n    # print error to STDERR\n    echo \"error: The sandbox is not in sync with the Podfile.lock. Run 'pod install' or update your CocoaPods installation.\" >&2\n    exit 1\nfi\n# This output is used by Xcode 'outputs' to avoid re-running this script phase.\necho \"SUCCESS\" > \"${SCRIPT_OUTPUT_FILE_0}\"\n";
			showEnvVarsInLog = 0;
		};
		E35940BC56FF08B7692E4283 /* [CP] Copy Pods Resources */ = {
			isa = PBXShellScriptBuildPhase;
			buildActionMask = 2147483647;
			files = (
			);
			inputPaths = (
				"${SRCROOT}/Pods/Target Support Files/Pods-HistoriaApp/Pods-HistoriaApp-resources.sh",
				"${PODS_ROOT}/WhirlyGlobeResources/base_maps/geography-class_medres.mbtiles",
				"${PODS_ROOT}/WhirlyGlobeResources/base_maps/lowres_wtb/lowres_wtb_0x0.pvrtc",
				"${PODS_ROOT}/WhirlyGlobeResources/base_maps/lowres_wtb/lowres_wtb_0x1.pvrtc",
				"${PODS_ROOT}/WhirlyGlobeResources/base_maps/lowres_wtb/lowres_wtb_1x0.pvrtc",
				"${PODS_ROOT}/WhirlyGlobeResources/base_maps/lowres_wtb/lowres_wtb_1x1.pvrtc",
				"${PODS_ROOT}/WhirlyGlobeResources/base_maps/lowres_wtb/lowres_wtb_2x0.pvrtc",
				"${PODS_ROOT}/WhirlyGlobeResources/base_maps/lowres_wtb/lowres_wtb_2x1.pvrtc",
				"${PODS_ROOT}/WhirlyGlobeResources/base_maps/lowres_wtb/lowres_wtb_3x0.pvrtc",
				"${PODS_ROOT}/WhirlyGlobeResources/base_maps/lowres_wtb/lowres_wtb_3x1.pvrtc",
				"${PODS_ROOT}/WhirlyGlobeResources/base_maps/lowres_wtb/lowres_wtb_4x0.pvrtc",
				"${PODS_ROOT}/WhirlyGlobeResources/base_maps/lowres_wtb/lowres_wtb_4x1.pvrtc",
				"${PODS_ROOT}/WhirlyGlobeResources/base_maps/lowres_wtb/lowres_wtb_info.plist",
				"${PODS_ROOT}/WhirlyGlobeResources/elevation/world_web_mercator.sqlite",
				"${PODS_ROOT}/WhirlyGlobeResources/LICENSE",
				"${PODS_ROOT}/WhirlyGlobeResources/maki icons/airfield-24@2x.png",
				"${PODS_ROOT}/WhirlyGlobeResources/maki icons/airport-24@2x.png",
				"${PODS_ROOT}/WhirlyGlobeResources/maki icons/alcohol-shop-24@2x.png",
				"${PODS_ROOT}/WhirlyGlobeResources/maki icons/america-football-24@2x.png",
				"${PODS_ROOT}/WhirlyGlobeResources/maki icons/art-gallery-24@2x.png",
				"${PODS_ROOT}/WhirlyGlobeResources/maki icons/bakery-24@2x.png",
				"${PODS_ROOT}/WhirlyGlobeResources/maki icons/bank-24@2x.png",
				"${PODS_ROOT}/WhirlyGlobeResources/maki icons/bar-24@2x.png",
				"${PODS_ROOT}/WhirlyGlobeResources/maki icons/baseball-24@2x.png",
				"${PODS_ROOT}/WhirlyGlobeResources/maki icons/basketball-24@2x.png",
				"${PODS_ROOT}/WhirlyGlobeResources/maki icons/beer-24@2x.png",
				"${PODS_ROOT}/WhirlyGlobeResources/maki icons/bicycle-24@2x.png",
				"${PODS_ROOT}/WhirlyGlobeResources/maki icons/building-24@2x.png",
				"${PODS_ROOT}/WhirlyGlobeResources/maki icons/bus-24@2x.png",
				"${PODS_ROOT}/WhirlyGlobeResources/maki icons/cafe-24@2x.png",
				"${PODS_ROOT}/WhirlyGlobeResources/maki icons/camera-24@2x.png",
				"${PODS_ROOT}/WhirlyGlobeResources/maki icons/campsite-24@2x.png",
				"${PODS_ROOT}/WhirlyGlobeResources/maki icons/car-24@2x.png",
				"${PODS_ROOT}/WhirlyGlobeResources/maki icons/cemetery-24@2x.png",
				"${PODS_ROOT}/WhirlyGlobeResources/maki icons/cinema-24@2x.png",
				"${PODS_ROOT}/WhirlyGlobeResources/maki icons/circle-24@2x.png",
				"${PODS_ROOT}/WhirlyGlobeResources/maki icons/circle-stroked-24@2x.png",
				"${PODS_ROOT}/WhirlyGlobeResources/maki icons/city-24@2x.png",
				"${PODS_ROOT}/WhirlyGlobeResources/maki icons/clothing-store-24@2x.png",
				"${PODS_ROOT}/WhirlyGlobeResources/maki icons/college-24@2x.png",
				"${PODS_ROOT}/WhirlyGlobeResources/maki icons/commercial-24@2x.png",
				"${PODS_ROOT}/WhirlyGlobeResources/maki icons/cricket-24@2x.png",
				"${PODS_ROOT}/WhirlyGlobeResources/maki icons/cross-24@2x.png",
				"${PODS_ROOT}/WhirlyGlobeResources/maki icons/dam-24@2x.png",
				"${PODS_ROOT}/WhirlyGlobeResources/maki icons/danger-24@2x.png",
				"${PODS_ROOT}/WhirlyGlobeResources/maki icons/disability-24@2x.png",
				"${PODS_ROOT}/WhirlyGlobeResources/maki icons/dog-park-24@2x.png",
				"${PODS_ROOT}/WhirlyGlobeResources/maki icons/embassy-24@2x.png",
				"${PODS_ROOT}/WhirlyGlobeResources/maki icons/emergency-telephone-24@2x.png",
				"${PODS_ROOT}/WhirlyGlobeResources/maki icons/farm-24@2x.png",
				"${PODS_ROOT}/WhirlyGlobeResources/maki icons/fast-food-24@2x.png",
				"${PODS_ROOT}/WhirlyGlobeResources/maki icons/ferry-24@2x.png",
				"${PODS_ROOT}/WhirlyGlobeResources/maki icons/fire-station-24@2x.png",
				"${PODS_ROOT}/WhirlyGlobeResources/maki icons/fuel-24@2x.png",
				"${PODS_ROOT}/WhirlyGlobeResources/maki icons/garden-24@2x.png",
				"${PODS_ROOT}/WhirlyGlobeResources/maki icons/golf-24@2x.png",
				"${PODS_ROOT}/WhirlyGlobeResources/maki icons/grocery-24@2x.png",
				"${PODS_ROOT}/WhirlyGlobeResources/maki icons/harbor-24@2x.png",
				"${PODS_ROOT}/WhirlyGlobeResources/maki icons/heliport-24@2x.png",
				"${PODS_ROOT}/WhirlyGlobeResources/maki icons/hospital-24@2x.png",
				"${PODS_ROOT}/WhirlyGlobeResources/maki icons/industrial-24@2x.png",
				"${PODS_ROOT}/WhirlyGlobeResources/maki icons/land-use-24@2x.png",
				"${PODS_ROOT}/WhirlyGlobeResources/maki icons/laundry-24@2x.png",
				"${PODS_ROOT}/WhirlyGlobeResources/maki icons/library-24@2x.png",
				"${PODS_ROOT}/WhirlyGlobeResources/maki icons/lighthouse-24@2x.png",
				"${PODS_ROOT}/WhirlyGlobeResources/maki icons/lodging-24@2x.png",
				"${PODS_ROOT}/WhirlyGlobeResources/maki icons/logging-24@2x.png",
				"${PODS_ROOT}/WhirlyGlobeResources/maki icons/london-underground-24@2x.png",
				"${PODS_ROOT}/WhirlyGlobeResources/maki icons/marker-24@2x.png",
				"${PODS_ROOT}/WhirlyGlobeResources/maki icons/marker-stroked-24@2x.png",
				"${PODS_ROOT}/WhirlyGlobeResources/maki icons/minefield-24@2x.png",
				"${PODS_ROOT}/WhirlyGlobeResources/maki icons/monument-24@2x.png",
				"${PODS_ROOT}/WhirlyGlobeResources/maki icons/museum-24@2x.png",
				"${PODS_ROOT}/WhirlyGlobeResources/maki icons/music-24@2x.png",
				"${PODS_ROOT}/WhirlyGlobeResources/maki icons/oil-well-24@2x.png",
				"${PODS_ROOT}/WhirlyGlobeResources/maki icons/park-24@2x.png",
				"${PODS_ROOT}/WhirlyGlobeResources/maki icons/park2-24@2x.png",
				"${PODS_ROOT}/WhirlyGlobeResources/maki icons/parking-24@2x.png",
				"${PODS_ROOT}/WhirlyGlobeResources/maki icons/parking-garage-24@2x.png",
				"${PODS_ROOT}/WhirlyGlobeResources/maki icons/pharmacy-24@2x.png",
				"${PODS_ROOT}/WhirlyGlobeResources/maki icons/pitch-24@2x.png",
				"${PODS_ROOT}/WhirlyGlobeResources/maki icons/place-of-worship-24@2x.png",
				"${PODS_ROOT}/WhirlyGlobeResources/maki icons/playground-24@2x.png",
				"${PODS_ROOT}/WhirlyGlobeResources/maki icons/police-24@2x.png",
				"${PODS_ROOT}/WhirlyGlobeResources/maki icons/polling-place-24@2x.png",
				"${PODS_ROOT}/WhirlyGlobeResources/maki icons/post-24@2x.png",
				"${PODS_ROOT}/WhirlyGlobeResources/maki icons/prison-24@2x.png",
				"${PODS_ROOT}/WhirlyGlobeResources/maki icons/rail-24@2x.png",
				"${PODS_ROOT}/WhirlyGlobeResources/maki icons/rail-above-24@2x.png",
				"${PODS_ROOT}/WhirlyGlobeResources/maki icons/rail-underground-24@2x.png",
				"${PODS_ROOT}/WhirlyGlobeResources/maki icons/religious-christian-24@2x.png",
				"${PODS_ROOT}/WhirlyGlobeResources/maki icons/religious-jewish-24@2x.png",
				"${PODS_ROOT}/WhirlyGlobeResources/maki icons/religious-muslim-24@2x.png",
				"${PODS_ROOT}/WhirlyGlobeResources/maki icons/restaurant-24@2x.png",
				"${PODS_ROOT}/WhirlyGlobeResources/maki icons/roadblock-24@2x.png",
				"${PODS_ROOT}/WhirlyGlobeResources/maki icons/rocket-24@2x.png",
				"${PODS_ROOT}/WhirlyGlobeResources/maki icons/school-24@2x.png",
				"${PODS_ROOT}/WhirlyGlobeResources/maki icons/shop-24@2x.png",
				"${PODS_ROOT}/WhirlyGlobeResources/maki icons/skiing-24@2x.png",
				"${PODS_ROOT}/WhirlyGlobeResources/maki icons/slaughterhouse-24@2x.png",
				"${PODS_ROOT}/WhirlyGlobeResources/maki icons/soccer-24@2x.png",
				"${PODS_ROOT}/WhirlyGlobeResources/maki icons/square-24@2x.png",
				"${PODS_ROOT}/WhirlyGlobeResources/maki icons/square-stroked-24@2x.png",
				"${PODS_ROOT}/WhirlyGlobeResources/maki icons/star-24@2x.png",
				"${PODS_ROOT}/WhirlyGlobeResources/maki icons/star-stroked-24@2x.png",
				"${PODS_ROOT}/WhirlyGlobeResources/maki icons/suitcase-24@2x.png",
				"${PODS_ROOT}/WhirlyGlobeResources/maki icons/swimming-24@2x.png",
				"${PODS_ROOT}/WhirlyGlobeResources/maki icons/telephone-24@2x.png",
				"${PODS_ROOT}/WhirlyGlobeResources/maki icons/tennis-24@2x.png",
				"${PODS_ROOT}/WhirlyGlobeResources/maki icons/theatre-24@2x.png",
				"${PODS_ROOT}/WhirlyGlobeResources/maki icons/toilets-24@2x.png",
				"${PODS_ROOT}/WhirlyGlobeResources/maki icons/town-24@2x.png",
				"${PODS_ROOT}/WhirlyGlobeResources/maki icons/town-hall-24@2x.png",
				"${PODS_ROOT}/WhirlyGlobeResources/maki icons/triangle-24@2x.png",
				"${PODS_ROOT}/WhirlyGlobeResources/maki icons/triangle-stroked-24@2x.png",
				"${PODS_ROOT}/WhirlyGlobeResources/maki icons/village-24@2x.png",
				"${PODS_ROOT}/WhirlyGlobeResources/maki icons/warehouse-24@2x.png",
				"${PODS_ROOT}/WhirlyGlobeResources/maki icons/waste-basket-24@2x.png",
				"${PODS_ROOT}/WhirlyGlobeResources/maki icons/water-24@2x.png",
				"${PODS_ROOT}/WhirlyGlobeResources/maki icons/wetland-24@2x.png",
				"${PODS_ROOT}/WhirlyGlobeResources/maki icons/zoo-24@2x.png",
				"${PODS_ROOT}/WhirlyGlobeResources/mapbox vectors/osm-bright.xml",
				"${PODS_ROOT}/WhirlyGlobeResources/mapzen vectors/MapzenStyles.json",
				"${PODS_ROOT}/WhirlyGlobeResources/README.md",
				"${PODS_ROOT}/WhirlyGlobeResources/vectors/country_json_50m/ABW.geojson",
				"${PODS_ROOT}/WhirlyGlobeResources/vectors/country_json_50m/AFG.geojson",
				"${PODS_ROOT}/WhirlyGlobeResources/vectors/country_json_50m/AGO.geojson",
				"${PODS_ROOT}/WhirlyGlobeResources/vectors/country_json_50m/AIA.geojson",
				"${PODS_ROOT}/WhirlyGlobeResources/vectors/country_json_50m/ALA.geojson",
				"${PODS_ROOT}/WhirlyGlobeResources/vectors/country_json_50m/ALB.geojson",
				"${PODS_ROOT}/WhirlyGlobeResources/vectors/country_json_50m/AND.geojson",
				"${PODS_ROOT}/WhirlyGlobeResources/vectors/country_json_50m/ARE.geojson",
				"${PODS_ROOT}/WhirlyGlobeResources/vectors/country_json_50m/ARG.geojson",
				"${PODS_ROOT}/WhirlyGlobeResources/vectors/country_json_50m/ARM.geojson",
				"${PODS_ROOT}/WhirlyGlobeResources/vectors/country_json_50m/ASM.geojson",
				"${PODS_ROOT}/WhirlyGlobeResources/vectors/country_json_50m/ATA.geojson",
				"${PODS_ROOT}/WhirlyGlobeResources/vectors/country_json_50m/ATF.geojson",
				"${PODS_ROOT}/WhirlyGlobeResources/vectors/country_json_50m/ATG.geojson",
				"${PODS_ROOT}/WhirlyGlobeResources/vectors/country_json_50m/AUS.geojson",
				"${PODS_ROOT}/WhirlyGlobeResources/vectors/country_json_50m/AUT.geojson",
				"${PODS_ROOT}/WhirlyGlobeResources/vectors/country_json_50m/AZE.geojson",
				"${PODS_ROOT}/WhirlyGlobeResources/vectors/country_json_50m/BDI.geojson",
				"${PODS_ROOT}/WhirlyGlobeResources/vectors/country_json_50m/BEL.geojson",
				"${PODS_ROOT}/WhirlyGlobeResources/vectors/country_json_50m/BEN.geojson",
				"${PODS_ROOT}/WhirlyGlobeResources/vectors/country_json_50m/BES.geojson",
				"${PODS_ROOT}/WhirlyGlobeResources/vectors/country_json_50m/BFA.geojson",
				"${PODS_ROOT}/WhirlyGlobeResources/vectors/country_json_50m/BGD.geojson",
				"${PODS_ROOT}/WhirlyGlobeResources/vectors/country_json_50m/BGR.geojson",
				"${PODS_ROOT}/WhirlyGlobeResources/vectors/country_json_50m/BHR.geojson",
				"${PODS_ROOT}/WhirlyGlobeResources/vectors/country_json_50m/BHS.geojson",
				"${PODS_ROOT}/WhirlyGlobeResources/vectors/country_json_50m/BIH.geojson",
				"${PODS_ROOT}/WhirlyGlobeResources/vectors/country_json_50m/BLM.geojson",
				"${PODS_ROOT}/WhirlyGlobeResources/vectors/country_json_50m/BLR.geojson",
				"${PODS_ROOT}/WhirlyGlobeResources/vectors/country_json_50m/BLZ.geojson",
				"${PODS_ROOT}/WhirlyGlobeResources/vectors/country_json_50m/BMU.geojson",
				"${PODS_ROOT}/WhirlyGlobeResources/vectors/country_json_50m/BOL.geojson",
				"${PODS_ROOT}/WhirlyGlobeResources/vectors/country_json_50m/BRA.geojson",
				"${PODS_ROOT}/WhirlyGlobeResources/vectors/country_json_50m/BRB.geojson",
				"${PODS_ROOT}/WhirlyGlobeResources/vectors/country_json_50m/BRN.geojson",
				"${PODS_ROOT}/WhirlyGlobeResources/vectors/country_json_50m/BTN.geojson",
				"${PODS_ROOT}/WhirlyGlobeResources/vectors/country_json_50m/BVT.geojson",
				"${PODS_ROOT}/WhirlyGlobeResources/vectors/country_json_50m/BWA.geojson",
				"${PODS_ROOT}/WhirlyGlobeResources/vectors/country_json_50m/CAF.geojson",
				"${PODS_ROOT}/WhirlyGlobeResources/vectors/country_json_50m/CAN.geojson",
				"${PODS_ROOT}/WhirlyGlobeResources/vectors/country_json_50m/CCK.geojson",
				"${PODS_ROOT}/WhirlyGlobeResources/vectors/country_json_50m/CHE.geojson",
				"${PODS_ROOT}/WhirlyGlobeResources/vectors/country_json_50m/CHL.geojson",
				"${PODS_ROOT}/WhirlyGlobeResources/vectors/country_json_50m/CHN.geojson",
				"${PODS_ROOT}/WhirlyGlobeResources/vectors/country_json_50m/CIV.geojson",
				"${PODS_ROOT}/WhirlyGlobeResources/vectors/country_json_50m/CMR.geojson",
				"${PODS_ROOT}/WhirlyGlobeResources/vectors/country_json_50m/COD.geojson",
				"${PODS_ROOT}/WhirlyGlobeResources/vectors/country_json_50m/COG.geojson",
				"${PODS_ROOT}/WhirlyGlobeResources/vectors/country_json_50m/COK.geojson",
				"${PODS_ROOT}/WhirlyGlobeResources/vectors/country_json_50m/COL.geojson",
				"${PODS_ROOT}/WhirlyGlobeResources/vectors/country_json_50m/COM.geojson",
				"${PODS_ROOT}/WhirlyGlobeResources/vectors/country_json_50m/CPV.geojson",
				"${PODS_ROOT}/WhirlyGlobeResources/vectors/country_json_50m/CRI.geojson",
				"${PODS_ROOT}/WhirlyGlobeResources/vectors/country_json_50m/CUB.geojson",
				"${PODS_ROOT}/WhirlyGlobeResources/vectors/country_json_50m/CUW.geojson",
				"${PODS_ROOT}/WhirlyGlobeResources/vectors/country_json_50m/CXR.geojson",
				"${PODS_ROOT}/WhirlyGlobeResources/vectors/country_json_50m/CYM.geojson",
				"${PODS_ROOT}/WhirlyGlobeResources/vectors/country_json_50m/CYP.geojson",
				"${PODS_ROOT}/WhirlyGlobeResources/vectors/country_json_50m/CZE.geojson",
				"${PODS_ROOT}/WhirlyGlobeResources/vectors/country_json_50m/DEU.geojson",
				"${PODS_ROOT}/WhirlyGlobeResources/vectors/country_json_50m/DJI.geojson",
				"${PODS_ROOT}/WhirlyGlobeResources/vectors/country_json_50m/DMA.geojson",
				"${PODS_ROOT}/WhirlyGlobeResources/vectors/country_json_50m/DNK.geojson",
				"${PODS_ROOT}/WhirlyGlobeResources/vectors/country_json_50m/DOM.geojson",
				"${PODS_ROOT}/WhirlyGlobeResources/vectors/country_json_50m/DZA.geojson",
				"${PODS_ROOT}/WhirlyGlobeResources/vectors/country_json_50m/ECU.geojson",
				"${PODS_ROOT}/WhirlyGlobeResources/vectors/country_json_50m/EGY.geojson",
				"${PODS_ROOT}/WhirlyGlobeResources/vectors/country_json_50m/ERI.geojson",
				"${PODS_ROOT}/WhirlyGlobeResources/vectors/country_json_50m/ESH.geojson",
				"${PODS_ROOT}/WhirlyGlobeResources/vectors/country_json_50m/ESP.geojson",
				"${PODS_ROOT}/WhirlyGlobeResources/vectors/country_json_50m/EST.geojson",
				"${PODS_ROOT}/WhirlyGlobeResources/vectors/country_json_50m/ETH.geojson",
				"${PODS_ROOT}/WhirlyGlobeResources/vectors/country_json_50m/FIN.geojson",
				"${PODS_ROOT}/WhirlyGlobeResources/vectors/country_json_50m/FJI.geojson",
				"${PODS_ROOT}/WhirlyGlobeResources/vectors/country_json_50m/FLK.geojson",
				"${PODS_ROOT}/WhirlyGlobeResources/vectors/country_json_50m/FRA.geojson",
				"${PODS_ROOT}/WhirlyGlobeResources/vectors/country_json_50m/FRO.geojson",
				"${PODS_ROOT}/WhirlyGlobeResources/vectors/country_json_50m/FSM.geojson",
				"${PODS_ROOT}/WhirlyGlobeResources/vectors/country_json_50m/GAB.geojson",
				"${PODS_ROOT}/WhirlyGlobeResources/vectors/country_json_50m/GBR.geojson",
				"${PODS_ROOT}/WhirlyGlobeResources/vectors/country_json_50m/GEO.geojson",
				"${PODS_ROOT}/WhirlyGlobeResources/vectors/country_json_50m/GGY.geojson",
				"${PODS_ROOT}/WhirlyGlobeResources/vectors/country_json_50m/GHA.geojson",
				"${PODS_ROOT}/WhirlyGlobeResources/vectors/country_json_50m/GIB.geojson",
				"${PODS_ROOT}/WhirlyGlobeResources/vectors/country_json_50m/GIN.geojson",
				"${PODS_ROOT}/WhirlyGlobeResources/vectors/country_json_50m/GLP.geojson",
				"${PODS_ROOT}/WhirlyGlobeResources/vectors/country_json_50m/GMB.geojson",
				"${PODS_ROOT}/WhirlyGlobeResources/vectors/country_json_50m/GNB.geojson",
				"${PODS_ROOT}/WhirlyGlobeResources/vectors/country_json_50m/GNQ.geojson",
				"${PODS_ROOT}/WhirlyGlobeResources/vectors/country_json_50m/GRC.geojson",
				"${PODS_ROOT}/WhirlyGlobeResources/vectors/country_json_50m/GRD.geojson",
				"${PODS_ROOT}/WhirlyGlobeResources/vectors/country_json_50m/GRL.geojson",
				"${PODS_ROOT}/WhirlyGlobeResources/vectors/country_json_50m/GTM.geojson",
				"${PODS_ROOT}/WhirlyGlobeResources/vectors/country_json_50m/GUF.geojson",
				"${PODS_ROOT}/WhirlyGlobeResources/vectors/country_json_50m/GUM.geojson",
				"${PODS_ROOT}/WhirlyGlobeResources/vectors/country_json_50m/GUY.geojson",
				"${PODS_ROOT}/WhirlyGlobeResources/vectors/country_json_50m/HKG.geojson",
				"${PODS_ROOT}/WhirlyGlobeResources/vectors/country_json_50m/HMD.geojson",
				"${PODS_ROOT}/WhirlyGlobeResources/vectors/country_json_50m/HND.geojson",
				"${PODS_ROOT}/WhirlyGlobeResources/vectors/country_json_50m/HRV.geojson",
				"${PODS_ROOT}/WhirlyGlobeResources/vectors/country_json_50m/HTI.geojson",
				"${PODS_ROOT}/WhirlyGlobeResources/vectors/country_json_50m/HUN.geojson",
				"${PODS_ROOT}/WhirlyGlobeResources/vectors/country_json_50m/IDN.geojson",
				"${PODS_ROOT}/WhirlyGlobeResources/vectors/country_json_50m/IMN.geojson",
				"${PODS_ROOT}/WhirlyGlobeResources/vectors/country_json_50m/IND.geojson",
				"${PODS_ROOT}/WhirlyGlobeResources/vectors/country_json_50m/IOT.geojson",
				"${PODS_ROOT}/WhirlyGlobeResources/vectors/country_json_50m/IRL.geojson",
				"${PODS_ROOT}/WhirlyGlobeResources/vectors/country_json_50m/IRN.geojson",
				"${PODS_ROOT}/WhirlyGlobeResources/vectors/country_json_50m/IRQ.geojson",
				"${PODS_ROOT}/WhirlyGlobeResources/vectors/country_json_50m/ISL.geojson",
				"${PODS_ROOT}/WhirlyGlobeResources/vectors/country_json_50m/ISR.geojson",
				"${PODS_ROOT}/WhirlyGlobeResources/vectors/country_json_50m/ITA.geojson",
				"${PODS_ROOT}/WhirlyGlobeResources/vectors/country_json_50m/JAM.geojson",
				"${PODS_ROOT}/WhirlyGlobeResources/vectors/country_json_50m/JEY.geojson",
				"${PODS_ROOT}/WhirlyGlobeResources/vectors/country_json_50m/JOR.geojson",
				"${PODS_ROOT}/WhirlyGlobeResources/vectors/country_json_50m/JPN.geojson",
				"${PODS_ROOT}/WhirlyGlobeResources/vectors/country_json_50m/KAZ.geojson",
				"${PODS_ROOT}/WhirlyGlobeResources/vectors/country_json_50m/KEN.geojson",
				"${PODS_ROOT}/WhirlyGlobeResources/vectors/country_json_50m/KGZ.geojson",
				"${PODS_ROOT}/WhirlyGlobeResources/vectors/country_json_50m/KHM.geojson",
				"${PODS_ROOT}/WhirlyGlobeResources/vectors/country_json_50m/KIR.geojson",
				"${PODS_ROOT}/WhirlyGlobeResources/vectors/country_json_50m/KNA.geojson",
				"${PODS_ROOT}/WhirlyGlobeResources/vectors/country_json_50m/KOR.geojson",
				"${PODS_ROOT}/WhirlyGlobeResources/vectors/country_json_50m/KWT.geojson",
				"${PODS_ROOT}/WhirlyGlobeResources/vectors/country_json_50m/LAO.geojson",
				"${PODS_ROOT}/WhirlyGlobeResources/vectors/country_json_50m/LBN.geojson",
				"${PODS_ROOT}/WhirlyGlobeResources/vectors/country_json_50m/LBR.geojson",
				"${PODS_ROOT}/WhirlyGlobeResources/vectors/country_json_50m/LBY.geojson",
				"${PODS_ROOT}/WhirlyGlobeResources/vectors/country_json_50m/LCA.geojson",
				"${PODS_ROOT}/WhirlyGlobeResources/vectors/country_json_50m/LIE.geojson",
				"${PODS_ROOT}/WhirlyGlobeResources/vectors/country_json_50m/LKA.geojson",
				"${PODS_ROOT}/WhirlyGlobeResources/vectors/country_json_50m/LSO.geojson",
				"${PODS_ROOT}/WhirlyGlobeResources/vectors/country_json_50m/LTU.geojson",
				"${PODS_ROOT}/WhirlyGlobeResources/vectors/country_json_50m/LUX.geojson",
				"${PODS_ROOT}/WhirlyGlobeResources/vectors/country_json_50m/LVA.geojson",
				"${PODS_ROOT}/WhirlyGlobeResources/vectors/country_json_50m/MAC.geojson",
				"${PODS_ROOT}/WhirlyGlobeResources/vectors/country_json_50m/MAF.geojson",
				"${PODS_ROOT}/WhirlyGlobeResources/vectors/country_json_50m/MAR.geojson",
				"${PODS_ROOT}/WhirlyGlobeResources/vectors/country_json_50m/MCO.geojson",
				"${PODS_ROOT}/WhirlyGlobeResources/vectors/country_json_50m/MDA.geojson",
				"${PODS_ROOT}/WhirlyGlobeResources/vectors/country_json_50m/MDG.geojson",
				"${PODS_ROOT}/WhirlyGlobeResources/vectors/country_json_50m/MDV.geojson",
				"${PODS_ROOT}/WhirlyGlobeResources/vectors/country_json_50m/MEX.geojson",
				"${PODS_ROOT}/WhirlyGlobeResources/vectors/country_json_50m/MHL.geojson",
				"${PODS_ROOT}/WhirlyGlobeResources/vectors/country_json_50m/MKD.geojson",
				"${PODS_ROOT}/WhirlyGlobeResources/vectors/country_json_50m/MLI.geojson",
				"${PODS_ROOT}/WhirlyGlobeResources/vectors/country_json_50m/MLT.geojson",
				"${PODS_ROOT}/WhirlyGlobeResources/vectors/country_json_50m/MMR.geojson",
				"${PODS_ROOT}/WhirlyGlobeResources/vectors/country_json_50m/MNE.geojson",
				"${PODS_ROOT}/WhirlyGlobeResources/vectors/country_json_50m/MNG.geojson",
				"${PODS_ROOT}/WhirlyGlobeResources/vectors/country_json_50m/MNP.geojson",
				"${PODS_ROOT}/WhirlyGlobeResources/vectors/country_json_50m/MOZ.geojson",
				"${PODS_ROOT}/WhirlyGlobeResources/vectors/country_json_50m/MRT.geojson",
				"${PODS_ROOT}/WhirlyGlobeResources/vectors/country_json_50m/MSR.geojson",
				"${PODS_ROOT}/WhirlyGlobeResources/vectors/country_json_50m/MTQ.geojson",
				"${PODS_ROOT}/WhirlyGlobeResources/vectors/country_json_50m/MUS.geojson",
				"${PODS_ROOT}/WhirlyGlobeResources/vectors/country_json_50m/MWI.geojson",
				"${PODS_ROOT}/WhirlyGlobeResources/vectors/country_json_50m/MYS.geojson",
				"${PODS_ROOT}/WhirlyGlobeResources/vectors/country_json_50m/MYT.geojson",
				"${PODS_ROOT}/WhirlyGlobeResources/vectors/country_json_50m/NAM.geojson",
				"${PODS_ROOT}/WhirlyGlobeResources/vectors/country_json_50m/NCL.geojson",
				"${PODS_ROOT}/WhirlyGlobeResources/vectors/country_json_50m/NER.geojson",
				"${PODS_ROOT}/WhirlyGlobeResources/vectors/country_json_50m/NFK.geojson",
				"${PODS_ROOT}/WhirlyGlobeResources/vectors/country_json_50m/NGA.geojson",
				"${PODS_ROOT}/WhirlyGlobeResources/vectors/country_json_50m/NIC.geojson",
				"${PODS_ROOT}/WhirlyGlobeResources/vectors/country_json_50m/NIU.geojson",
				"${PODS_ROOT}/WhirlyGlobeResources/vectors/country_json_50m/NLD.geojson",
				"${PODS_ROOT}/WhirlyGlobeResources/vectors/country_json_50m/NOR.geojson",
				"${PODS_ROOT}/WhirlyGlobeResources/vectors/country_json_50m/NPL.geojson",
				"${PODS_ROOT}/WhirlyGlobeResources/vectors/country_json_50m/NRU.geojson",
				"${PODS_ROOT}/WhirlyGlobeResources/vectors/country_json_50m/NZL.geojson",
				"${PODS_ROOT}/WhirlyGlobeResources/vectors/country_json_50m/OMN.geojson",
				"${PODS_ROOT}/WhirlyGlobeResources/vectors/country_json_50m/PAK.geojson",
				"${PODS_ROOT}/WhirlyGlobeResources/vectors/country_json_50m/PAN.geojson",
				"${PODS_ROOT}/WhirlyGlobeResources/vectors/country_json_50m/PCN.geojson",
				"${PODS_ROOT}/WhirlyGlobeResources/vectors/country_json_50m/PER.geojson",
				"${PODS_ROOT}/WhirlyGlobeResources/vectors/country_json_50m/PHL.geojson",
				"${PODS_ROOT}/WhirlyGlobeResources/vectors/country_json_50m/PLW.geojson",
				"${PODS_ROOT}/WhirlyGlobeResources/vectors/country_json_50m/PNG.geojson",
				"${PODS_ROOT}/WhirlyGlobeResources/vectors/country_json_50m/POL.geojson",
				"${PODS_ROOT}/WhirlyGlobeResources/vectors/country_json_50m/PRI.geojson",
				"${PODS_ROOT}/WhirlyGlobeResources/vectors/country_json_50m/PRK.geojson",
				"${PODS_ROOT}/WhirlyGlobeResources/vectors/country_json_50m/PRT.geojson",
				"${PODS_ROOT}/WhirlyGlobeResources/vectors/country_json_50m/PRY.geojson",
				"${PODS_ROOT}/WhirlyGlobeResources/vectors/country_json_50m/PSE.geojson",
				"${PODS_ROOT}/WhirlyGlobeResources/vectors/country_json_50m/PYF.geojson",
				"${PODS_ROOT}/WhirlyGlobeResources/vectors/country_json_50m/QAT.geojson",
				"${PODS_ROOT}/WhirlyGlobeResources/vectors/country_json_50m/REU.geojson",
				"${PODS_ROOT}/WhirlyGlobeResources/vectors/country_json_50m/ROU.geojson",
				"${PODS_ROOT}/WhirlyGlobeResources/vectors/country_json_50m/RUS.geojson",
				"${PODS_ROOT}/WhirlyGlobeResources/vectors/country_json_50m/RWA.geojson",
				"${PODS_ROOT}/WhirlyGlobeResources/vectors/country_json_50m/SAU.geojson",
				"${PODS_ROOT}/WhirlyGlobeResources/vectors/country_json_50m/SDN.geojson",
				"${PODS_ROOT}/WhirlyGlobeResources/vectors/country_json_50m/SEN.geojson",
				"${PODS_ROOT}/WhirlyGlobeResources/vectors/country_json_50m/SGP.geojson",
				"${PODS_ROOT}/WhirlyGlobeResources/vectors/country_json_50m/SGS.geojson",
				"${PODS_ROOT}/WhirlyGlobeResources/vectors/country_json_50m/SHN.geojson",
				"${PODS_ROOT}/WhirlyGlobeResources/vectors/country_json_50m/SJM.geojson",
				"${PODS_ROOT}/WhirlyGlobeResources/vectors/country_json_50m/SLB.geojson",
				"${PODS_ROOT}/WhirlyGlobeResources/vectors/country_json_50m/SLE.geojson",
				"${PODS_ROOT}/WhirlyGlobeResources/vectors/country_json_50m/SLV.geojson",
				"${PODS_ROOT}/WhirlyGlobeResources/vectors/country_json_50m/SMR.geojson",
				"${PODS_ROOT}/WhirlyGlobeResources/vectors/country_json_50m/SOM.geojson",
				"${PODS_ROOT}/WhirlyGlobeResources/vectors/country_json_50m/SPM.geojson",
				"${PODS_ROOT}/WhirlyGlobeResources/vectors/country_json_50m/SRB.geojson",
				"${PODS_ROOT}/WhirlyGlobeResources/vectors/country_json_50m/SSD.geojson",
				"${PODS_ROOT}/WhirlyGlobeResources/vectors/country_json_50m/STP.geojson",
				"${PODS_ROOT}/WhirlyGlobeResources/vectors/country_json_50m/SUR.geojson",
				"${PODS_ROOT}/WhirlyGlobeResources/vectors/country_json_50m/SVK.geojson",
				"${PODS_ROOT}/WhirlyGlobeResources/vectors/country_json_50m/SVN.geojson",
				"${PODS_ROOT}/WhirlyGlobeResources/vectors/country_json_50m/SWE.geojson",
				"${PODS_ROOT}/WhirlyGlobeResources/vectors/country_json_50m/SWZ.geojson",
				"${PODS_ROOT}/WhirlyGlobeResources/vectors/country_json_50m/SXM.geojson",
				"${PODS_ROOT}/WhirlyGlobeResources/vectors/country_json_50m/SYC.geojson",
				"${PODS_ROOT}/WhirlyGlobeResources/vectors/country_json_50m/SYR.geojson",
				"${PODS_ROOT}/WhirlyGlobeResources/vectors/country_json_50m/TCA.geojson",
				"${PODS_ROOT}/WhirlyGlobeResources/vectors/country_json_50m/TCD.geojson",
				"${PODS_ROOT}/WhirlyGlobeResources/vectors/country_json_50m/TGO.geojson",
				"${PODS_ROOT}/WhirlyGlobeResources/vectors/country_json_50m/THA.geojson",
				"${PODS_ROOT}/WhirlyGlobeResources/vectors/country_json_50m/TJK.geojson",
				"${PODS_ROOT}/WhirlyGlobeResources/vectors/country_json_50m/TKL.geojson",
				"${PODS_ROOT}/WhirlyGlobeResources/vectors/country_json_50m/TKM.geojson",
				"${PODS_ROOT}/WhirlyGlobeResources/vectors/country_json_50m/TLS.geojson",
				"${PODS_ROOT}/WhirlyGlobeResources/vectors/country_json_50m/TON.geojson",
				"${PODS_ROOT}/WhirlyGlobeResources/vectors/country_json_50m/TTO.geojson",
				"${PODS_ROOT}/WhirlyGlobeResources/vectors/country_json_50m/TUN.geojson",
				"${PODS_ROOT}/WhirlyGlobeResources/vectors/country_json_50m/TUR.geojson",
				"${PODS_ROOT}/WhirlyGlobeResources/vectors/country_json_50m/TUV.geojson",
				"${PODS_ROOT}/WhirlyGlobeResources/vectors/country_json_50m/TWN.geojson",
				"${PODS_ROOT}/WhirlyGlobeResources/vectors/country_json_50m/TZA.geojson",
				"${PODS_ROOT}/WhirlyGlobeResources/vectors/country_json_50m/UGA.geojson",
				"${PODS_ROOT}/WhirlyGlobeResources/vectors/country_json_50m/UKR.geojson",
				"${PODS_ROOT}/WhirlyGlobeResources/vectors/country_json_50m/UMI.geojson",
				"${PODS_ROOT}/WhirlyGlobeResources/vectors/country_json_50m/URY.geojson",
				"${PODS_ROOT}/WhirlyGlobeResources/vectors/country_json_50m/USA.geojson",
				"${PODS_ROOT}/WhirlyGlobeResources/vectors/country_json_50m/UZB.geojson",
				"${PODS_ROOT}/WhirlyGlobeResources/vectors/country_json_50m/VAT.geojson",
				"${PODS_ROOT}/WhirlyGlobeResources/vectors/country_json_50m/VCT.geojson",
				"${PODS_ROOT}/WhirlyGlobeResources/vectors/country_json_50m/VEN.geojson",
				"${PODS_ROOT}/WhirlyGlobeResources/vectors/country_json_50m/VGB.geojson",
				"${PODS_ROOT}/WhirlyGlobeResources/vectors/country_json_50m/VIR.geojson",
				"${PODS_ROOT}/WhirlyGlobeResources/vectors/country_json_50m/VNM.geojson",
				"${PODS_ROOT}/WhirlyGlobeResources/vectors/country_json_50m/VUT.geojson",
				"${PODS_ROOT}/WhirlyGlobeResources/vectors/country_json_50m/WLF.geojson",
				"${PODS_ROOT}/WhirlyGlobeResources/vectors/country_json_50m/WSM.geojson",
				"${PODS_ROOT}/WhirlyGlobeResources/vectors/country_json_50m/YEM.geojson",
				"${PODS_ROOT}/WhirlyGlobeResources/vectors/country_json_50m/ZAF.geojson",
				"${PODS_ROOT}/WhirlyGlobeResources/vectors/country_json_50m/ZMB.geojson",
				"${PODS_ROOT}/WhirlyGlobeResources/vectors/country_json_50m/ZWE.geojson",
				"${PODS_ROOT}/WhirlyGlobeResources/vectors/sf_roads/tl_2013_06075_roads.dbf",
				"${PODS_ROOT}/WhirlyGlobeResources/vectors/sf_roads/tl_2013_06075_roads.mbr",
				"${PODS_ROOT}/WhirlyGlobeResources/vectors/sf_roads/tl_2013_06075_roads.prj",
				"${PODS_ROOT}/WhirlyGlobeResources/vectors/sf_roads/tl_2013_06075_roads.shp",
				"${PODS_ROOT}/WhirlyGlobeResources/vectors/sf_roads/tl_2013_06075_roads.shx",
				"${PODS_ROOT}/WhirlyGlobeResources/vectors/sf_roads/tl_2013_06075_roads.sqlite",
				"${PODS_ROOT}/WhirlyGlobeResources/base_maps",
				"${PODS_ROOT}/WhirlyGlobeResources/base_maps/lowres_wtb",
				"${PODS_ROOT}/WhirlyGlobeResources/elevation",
				"${PODS_ROOT}/WhirlyGlobeResources/maki icons",
				"${PODS_ROOT}/WhirlyGlobeResources/mapbox vectors",
				"${PODS_ROOT}/WhirlyGlobeResources/mapzen vectors",
				"${PODS_ROOT}/WhirlyGlobeResources/vectors",
				"${PODS_ROOT}/WhirlyGlobeResources/vectors/country_json_50m",
				"${PODS_ROOT}/WhirlyGlobeResources/vectors/sf_roads",
			);
			name = "[CP] Copy Pods Resources";
			outputPaths = (
				"${TARGET_BUILD_DIR}/${UNLOCALIZED_RESOURCES_FOLDER_PATH}",
			);
			runOnlyForDeploymentPostprocessing = 0;
			shellPath = /bin/sh;
			shellScript = "\"${SRCROOT}/Pods/Target Support Files/Pods-HistoriaApp/Pods-HistoriaApp-resources.sh\"\n";
			showEnvVarsInLog = 0;
		};
/* End PBXShellScriptBuildPhase section */

/* Begin PBXSourcesBuildPhase section */
		63D181031F3C5B29004A2036 /* Sources */ = {
			isa = PBXSourcesBuildPhase;
			buildActionMask = 2147483647;
			files = (
				63F8C7161F41E56300691559 /* Mediaitem.swift in Sources */,
				63CFE62C1F5DA3DC00D6F5E0 /* MapstopAnnotation.swift in Sources */,
				63F8C70E1F41E26300691559 /* Page.swift in Sources */,
				63FFA2621F604E9F0090A32A /* MapPopupController.swift in Sources */,
				6361DA5E1F699191003B2DC7 /* TourRecord.swift in Sources */,
				6377AC5F1F5085F8003D729B /* MasterDao.swift in Sources */,
				634805F41F71615D002200D6 /* TourSelectionTableViewCell.swift in Sources */,
				6361DA601F6996FE003B2DC7 /* TourDownloadTableViewCell.swift in Sources */,
				63F8C71E1F41EB9600691559 /* Tour.swift in Sources */,
				634805F61F7186EA002200D6 /* ModelSelectionDelegate.swift in Sources */,
				63E2EB8D1F66DDC300D66F41 /* NavDrawerController.swift in Sources */,
				63DAB1441F4B2D50005C69B4 /* DatabaseHelper.swift in Sources */,
				63ABDDCE1F683BD6008AE47A /* ReadingModeViewController.swift in Sources */,
				63C8F0F01F56E8FD00F90F7C /* TourCollectionOnMap.swift in Sources */,
				63344B9A1F7D32DC007D1445 /* AreaSelectionTableViewCell.swift in Sources */,
				63344B981F7D2F3E007D1445 /* AreaSelectionViewController.swift in Sources */,
				63D1810D1F3C5B29004A2036 /* MapViewController.swift in Sources */,
				63D54A941F74045400EC7084 /* TourShortInfoView.swift in Sources */,
				63C8F0EC1F56E8D100F90F7C /* MapstopOnMap.swift in Sources */,
				636AD42D1F753BEA00513CFA /* LexiconEntry.swift in Sources */,
				63344B9C1F7D55AC007D1445 /* UrlSchemes.swift in Sources */,
				63F8C7261F41F7CB00691559 /* Mapstop.swift in Sources */,
				63D1810B1F3C5B29004A2036 /* AppDelegate.swift in Sources */,
				6377AC611F509387003D729B /* MapUtil.swift in Sources */,
				634805F21F715DA6002200D6 /* TourSelectionViewController.swift in Sources */,
				63C8F0EE1F56E8EA00F90F7C /* PlaceOnMap.swift in Sources */,
				6361DA5C1F698DB4003B2DC7 /* TourDownloadViewController.swift in Sources */,
				63CFE62A1F5D87B100D6F5E0 /* MapstopPageContentViewController.swift in Sources */,
				63ABDDCC1F682D7A008AE47A /* NavDrawerTableViewCell.swift in Sources */,
				63F8C71B1F41E90400691559 /* Place.swift in Sources */,
				63344B9E1F7D5739007D1445 /* HtmlContentCompletion.swift in Sources */,
				636164C41F43418000B7DE28 /* Area.swift in Sources */,
				636AD42B1F753BD600513CFA /* PersistableGeopoint.swift in Sources */,
				63F8C7221F41F23C00691559 /* ServerResponseReader.swift in Sources */,
				63D1812B1F3C6CF5004A2036 /* FileService.swift in Sources */,
			);
			runOnlyForDeploymentPostprocessing = 0;
		};
		63D181171F3C5B29004A2036 /* Sources */ = {
			isa = PBXSourcesBuildPhase;
			buildActionMask = 2147483647;
			files = (
				63D181201F3C5B29004A2036 /* HistoriaAppTests.swift in Sources */,
			);
			runOnlyForDeploymentPostprocessing = 0;
		};
/* End PBXSourcesBuildPhase section */

/* Begin PBXTargetDependency section */
		63D1811D1F3C5B29004A2036 /* PBXTargetDependency */ = {
			isa = PBXTargetDependency;
			target = 63D181061F3C5B29004A2036 /* HistoriaApp */;
			targetProxy = 63D1811C1F3C5B29004A2036 /* PBXContainerItemProxy */;
		};
/* End PBXTargetDependency section */

/* Begin PBXVariantGroup section */
		63D1810E1F3C5B29004A2036 /* Main.storyboard */ = {
			isa = PBXVariantGroup;
			children = (
				63D1810F1F3C5B29004A2036 /* Base */,
			);
			name = Main.storyboard;
			sourceTree = "<group>";
		};
		63D181131F3C5B29004A2036 /* LaunchScreen.storyboard */ = {
			isa = PBXVariantGroup;
			children = (
				63D181141F3C5B29004A2036 /* Base */,
			);
			name = LaunchScreen.storyboard;
			sourceTree = "<group>";
		};
/* End PBXVariantGroup section */

/* Begin XCBuildConfiguration section */
		63D181221F3C5B29004A2036 /* Debug */ = {
			isa = XCBuildConfiguration;
			buildSettings = {
				ALWAYS_SEARCH_USER_PATHS = NO;
				CLANG_ANALYZER_NONNULL = YES;
				CLANG_CXX_LANGUAGE_STANDARD = "gnu++0x";
				CLANG_CXX_LIBRARY = "libc++";
				CLANG_ENABLE_MODULES = YES;
				CLANG_ENABLE_OBJC_ARC = YES;
				CLANG_WARN_BOOL_CONVERSION = YES;
				CLANG_WARN_CONSTANT_CONVERSION = YES;
				CLANG_WARN_DIRECT_OBJC_ISA_USAGE = YES_ERROR;
				CLANG_WARN_DOCUMENTATION_COMMENTS = YES;
				CLANG_WARN_EMPTY_BODY = YES;
				CLANG_WARN_ENUM_CONVERSION = YES;
				CLANG_WARN_INFINITE_RECURSION = YES;
				CLANG_WARN_INT_CONVERSION = YES;
				CLANG_WARN_OBJC_ROOT_CLASS = YES_ERROR;
				CLANG_WARN_SUSPICIOUS_MOVE = YES;
				CLANG_WARN_UNREACHABLE_CODE = YES;
				CLANG_WARN__DUPLICATE_METHOD_MATCH = YES;
				"CODE_SIGN_IDENTITY[sdk=iphoneos*]" = "iPhone Developer";
				COPY_PHASE_STRIP = NO;
				DEBUG_INFORMATION_FORMAT = dwarf;
				ENABLE_STRICT_OBJC_MSGSEND = YES;
				ENABLE_TESTABILITY = YES;
				FRAMEWORK_SEARCH_PATHS = "";
				GCC_C_LANGUAGE_STANDARD = gnu99;
				GCC_DYNAMIC_NO_PIC = NO;
				GCC_NO_COMMON_BLOCKS = YES;
				GCC_OPTIMIZATION_LEVEL = 0;
				GCC_PREPROCESSOR_DEFINITIONS = (
					"DEBUG=1",
					"$(inherited)",
				);
				GCC_WARN_64_TO_32_BIT_CONVERSION = YES;
				GCC_WARN_ABOUT_RETURN_TYPE = YES_ERROR;
				GCC_WARN_UNDECLARED_SELECTOR = YES;
				GCC_WARN_UNINITIALIZED_AUTOS = YES_AGGRESSIVE;
				GCC_WARN_UNUSED_FUNCTION = YES;
				GCC_WARN_UNUSED_VARIABLE = YES;
				HEADER_SEARCH_PATHS = "";
				IPHONEOS_DEPLOYMENT_TARGET = 10.2;
				MTL_ENABLE_DEBUG_INFO = YES;
				ONLY_ACTIVE_ARCH = YES;
				SDKROOT = iphoneos;
				SWIFT_ACTIVE_COMPILATION_CONDITIONS = DEBUG;
				SWIFT_OBJC_BRIDGING_HEADER = "";
				SWIFT_OPTIMIZATION_LEVEL = "-Onone";
				TARGETED_DEVICE_FAMILY = "1,2";
			};
			name = Debug;
		};
		63D181231F3C5B29004A2036 /* Release */ = {
			isa = XCBuildConfiguration;
			buildSettings = {
				ALWAYS_SEARCH_USER_PATHS = NO;
				CLANG_ANALYZER_NONNULL = YES;
				CLANG_CXX_LANGUAGE_STANDARD = "gnu++0x";
				CLANG_CXX_LIBRARY = "libc++";
				CLANG_ENABLE_MODULES = YES;
				CLANG_ENABLE_OBJC_ARC = YES;
				CLANG_WARN_BOOL_CONVERSION = YES;
				CLANG_WARN_CONSTANT_CONVERSION = YES;
				CLANG_WARN_DIRECT_OBJC_ISA_USAGE = YES_ERROR;
				CLANG_WARN_DOCUMENTATION_COMMENTS = YES;
				CLANG_WARN_EMPTY_BODY = YES;
				CLANG_WARN_ENUM_CONVERSION = YES;
				CLANG_WARN_INFINITE_RECURSION = YES;
				CLANG_WARN_INT_CONVERSION = YES;
				CLANG_WARN_OBJC_ROOT_CLASS = YES_ERROR;
				CLANG_WARN_SUSPICIOUS_MOVE = YES;
				CLANG_WARN_UNREACHABLE_CODE = YES;
				CLANG_WARN__DUPLICATE_METHOD_MATCH = YES;
				"CODE_SIGN_IDENTITY[sdk=iphoneos*]" = "iPhone Developer";
				COPY_PHASE_STRIP = NO;
				DEBUG_INFORMATION_FORMAT = "dwarf-with-dsym";
				ENABLE_NS_ASSERTIONS = NO;
				ENABLE_STRICT_OBJC_MSGSEND = YES;
				FRAMEWORK_SEARCH_PATHS = "";
				GCC_C_LANGUAGE_STANDARD = gnu99;
				GCC_NO_COMMON_BLOCKS = YES;
				GCC_WARN_64_TO_32_BIT_CONVERSION = YES;
				GCC_WARN_ABOUT_RETURN_TYPE = YES_ERROR;
				GCC_WARN_UNDECLARED_SELECTOR = YES;
				GCC_WARN_UNINITIALIZED_AUTOS = YES_AGGRESSIVE;
				GCC_WARN_UNUSED_FUNCTION = YES;
				GCC_WARN_UNUSED_VARIABLE = YES;
				HEADER_SEARCH_PATHS = "";
				IPHONEOS_DEPLOYMENT_TARGET = 10.2;
				MTL_ENABLE_DEBUG_INFO = NO;
				SDKROOT = iphoneos;
				SWIFT_OBJC_BRIDGING_HEADER = "";
				SWIFT_OPTIMIZATION_LEVEL = "-Owholemodule";
				TARGETED_DEVICE_FAMILY = "1,2";
				VALIDATE_PRODUCT = YES;
			};
			name = Release;
		};
		63D181251F3C5B29004A2036 /* Debug */ = {
			isa = XCBuildConfiguration;
			baseConfigurationReference = A8F85AB6FA43CF0ECA0E0C92 /* Pods-HistoriaApp.debug.xcconfig */;
			buildSettings = {
				ASSETCATALOG_COMPILER_APPICON_NAME = AppIcon;
				DEVELOPMENT_TEAM = 5469X45TCH;
				FRAMEWORK_SEARCH_PATHS = "$(inherited)";
				HEADER_SEARCH_PATHS = (
					"\"${PODS_ROOT}/boost\"",
					"\"${PODS_ROOT}/eigen\"",
					"\"${PODS_ROOT}/clipper\"",
					"\"$(SDKROOT)/usr/include/libxml2\"",
					"\"${PODS_ROOT}/boost\"",
					"\"${PODS_ROOT}/clipper/\"",
					"$(PODS_ROOT)/eigen",
					"$(inherited)",
					"\"${PODS_ROOT}/Headers/Public\"",
					"\"${PODS_ROOT}/Headers/Public/WhirlyGlobeResources\"",
					"\"${PODS_ROOT}/Headers/Public/boost\"",
					"\"${PODS_ROOT}/Headers/Public/eigen\"",
				);
				INFOPLIST_FILE = HistoriaApp/Info.plist;
				LD_RUNPATH_SEARCH_PATHS = "$(inherited) @executable_path/Frameworks";
				LIBRARY_SEARCH_PATHS = "$(inherited)";
				PRODUCT_BUNDLE_IDENTIFIER = "de.historia-app.HistoriaApp";
				PRODUCT_NAME = "$(TARGET_NAME)";
				SWIFT_INCLUDE_PATHS = "";
				SWIFT_OBJC_BRIDGING_HEADER = "$(inherited)";
				"SWIFT_OBJC_BRIDGING_HEADER[arch=*]" = "";
				SWIFT_VERSION = 3.0;
			};
			name = Debug;
		};
		63D181261F3C5B29004A2036 /* Release */ = {
			isa = XCBuildConfiguration;
			baseConfigurationReference = 709A2B10CEDF963B2BDA67F6 /* Pods-HistoriaApp.release.xcconfig */;
			buildSettings = {
				ASSETCATALOG_COMPILER_APPICON_NAME = AppIcon;
				DEVELOPMENT_TEAM = 5469X45TCH;
				FRAMEWORK_SEARCH_PATHS = "$(inherited)";
				HEADER_SEARCH_PATHS = (
					"\"${PODS_ROOT}/boost\"",
					"\"${PODS_ROOT}/eigen\"",
					"\"${PODS_ROOT}/clipper\"",
					"\"$(SDKROOT)/usr/include/libxml2\"",
					"\"${PODS_ROOT}/boost\"",
					"\"${PODS_ROOT}/clipper/\"",
					"$(PODS_ROOT)/eigen",
					"$(inherited)",
					"\"${PODS_ROOT}/Headers/Public\"",
					"\"${PODS_ROOT}/Headers/Public/WhirlyGlobeResources\"",
					"\"${PODS_ROOT}/Headers/Public/boost\"",
					"\"${PODS_ROOT}/Headers/Public/eigen\"",
				);
				INFOPLIST_FILE = HistoriaApp/Info.plist;
				LD_RUNPATH_SEARCH_PATHS = "$(inherited) @executable_path/Frameworks";
				LIBRARY_SEARCH_PATHS = "$(inherited)";
				PRODUCT_BUNDLE_IDENTIFIER = "de.historia-app.HistoriaApp";
				PRODUCT_NAME = "$(TARGET_NAME)";
				SWIFT_INCLUDE_PATHS = "";
				SWIFT_OBJC_BRIDGING_HEADER = "$(inherited)";
				SWIFT_VERSION = 3.0;
			};
			name = Release;
		};
		63D181281F3C5B29004A2036 /* Debug */ = {
			isa = XCBuildConfiguration;
			buildSettings = {
				ALWAYS_EMBED_SWIFT_STANDARD_LIBRARIES = YES;
				BUNDLE_LOADER = "$(TEST_HOST)";
				DEVELOPMENT_TEAM = 9B7QDZ2A48;
				INFOPLIST_FILE = HistoriaAppTests/Info.plist;
				LD_RUNPATH_SEARCH_PATHS = "$(inherited) @executable_path/Frameworks @loader_path/Frameworks";
				PRODUCT_BUNDLE_IDENTIFIER = "de.historia-app.HistoriaAppTests";
				PRODUCT_NAME = "$(TARGET_NAME)";
				SWIFT_VERSION = 3.0;
				TEST_HOST = "$(BUILT_PRODUCTS_DIR)/HistoriaApp.app/HistoriaApp";
			};
			name = Debug;
		};
		63D181291F3C5B29004A2036 /* Release */ = {
			isa = XCBuildConfiguration;
			buildSettings = {
				ALWAYS_EMBED_SWIFT_STANDARD_LIBRARIES = YES;
				BUNDLE_LOADER = "$(TEST_HOST)";
				DEVELOPMENT_TEAM = 9B7QDZ2A48;
				INFOPLIST_FILE = HistoriaAppTests/Info.plist;
				LD_RUNPATH_SEARCH_PATHS = "$(inherited) @executable_path/Frameworks @loader_path/Frameworks";
				PRODUCT_BUNDLE_IDENTIFIER = "de.historia-app.HistoriaAppTests";
				PRODUCT_NAME = "$(TARGET_NAME)";
				SWIFT_VERSION = 3.0;
				TEST_HOST = "$(BUILT_PRODUCTS_DIR)/HistoriaApp.app/HistoriaApp";
			};
			name = Release;
		};
/* End XCBuildConfiguration section */

/* Begin XCConfigurationList section */
		63D181021F3C5B29004A2036 /* Build configuration list for PBXProject "HistoriaApp" */ = {
			isa = XCConfigurationList;
			buildConfigurations = (
				63D181221F3C5B29004A2036 /* Debug */,
				63D181231F3C5B29004A2036 /* Release */,
			);
			defaultConfigurationIsVisible = 0;
			defaultConfigurationName = Release;
		};
		63D181241F3C5B29004A2036 /* Build configuration list for PBXNativeTarget "HistoriaApp" */ = {
			isa = XCConfigurationList;
			buildConfigurations = (
				63D181251F3C5B29004A2036 /* Debug */,
				63D181261F3C5B29004A2036 /* Release */,
			);
			defaultConfigurationIsVisible = 0;
			defaultConfigurationName = Release;
		};
		63D181271F3C5B29004A2036 /* Build configuration list for PBXNativeTarget "HistoriaAppTests" */ = {
			isa = XCConfigurationList;
			buildConfigurations = (
				63D181281F3C5B29004A2036 /* Debug */,
				63D181291F3C5B29004A2036 /* Release */,
			);
			defaultConfigurationIsVisible = 0;
			defaultConfigurationName = Release;
		};
/* End XCConfigurationList section */
	};
	rootObject = 63D180FF1F3C5B29004A2036 /* Project object */;
}
